
Microsoft Visual Studio Solution File, Format Version 12.00
# Visual Studio Version 17
VisualStudioVersion = 17.0.31903.59
MinimumVisualStudioVersion = 10.0.40219.1
Project("{9A19103F-16F7-4668-BE54-9A1E7A4F7556}") = "MvpApi.Common", "MvpApi.Common\MvpApi.Common.csproj", "{3159AE84-B479-420C-BA42-E328D4159144}"
EndProject
Project("{9A19103F-16F7-4668-BE54-9A1E7A4F7556}") = "MvpApi.Services", "MvpApi.Services\MvpApi.Services.csproj", "{EDC2D11B-FE53-454B-A7E5-6C74E89FA479}"
EndProject
Project("{9A19103F-16F7-4668-BE54-9A1E7A4F7556}") = "MvpApi.Tests", "MvpApi.Tests\MvpApi.Tests.csproj", "{468F41A8-B885-48C3-B369-49A704148311}"
EndProject
Project("{9A19103F-16F7-4668-BE54-9A1E7A4F7556}") = "MvpCompanion.UI.WinUI", "MvpCompanion.UI.WinUI\MvpCompanion.UI.WinUI.csproj", "{028A5979-8814-495D-BC65-E1EA13415CC8}"
EndProject
Global
	GlobalSection(SolutionConfigurationPlatforms) = preSolution
		Debug|Any CPU = Debug|Any CPU
		Debug|ARM = Debug|ARM
		Debug|ARM64 = Debug|ARM64
		Debug|x64 = Debug|x64
		Debug|x86 = Debug|x86
		Release|Any CPU = Release|Any CPU
		Release|ARM = Release|ARM
		Release|ARM64 = Release|ARM64
		Release|x64 = Release|x64
		Release|x86 = Release|x86
	EndGlobalSection
	GlobalSection(ProjectConfigurationPlatforms) = postSolution
		{3159AE84-B479-420C-BA42-E328D4159144}.Debug|Any CPU.ActiveCfg = Debug|Any CPU
		{3159AE84-B479-420C-BA42-E328D4159144}.Debug|Any CPU.Build.0 = Debug|Any CPU
		{3159AE84-B479-420C-BA42-E328D4159144}.Debug|ARM.ActiveCfg = Debug|Any CPU
		{3159AE84-B479-420C-BA42-E328D4159144}.Debug|ARM.Build.0 = Debug|Any CPU
		{3159AE84-B479-420C-BA42-E328D4159144}.Debug|ARM64.ActiveCfg = Debug|Any CPU
		{3159AE84-B479-420C-BA42-E328D4159144}.Debug|ARM64.Build.0 = Debug|Any CPU
		{3159AE84-B479-420C-BA42-E328D4159144}.Debug|x64.ActiveCfg = Debug|Any CPU
		{3159AE84-B479-420C-BA42-E328D4159144}.Debug|x64.Build.0 = Debug|Any CPU
		{3159AE84-B479-420C-BA42-E328D4159144}.Debug|x86.ActiveCfg = Debug|Any CPU
		{3159AE84-B479-420C-BA42-E328D4159144}.Debug|x86.Build.0 = Debug|Any CPU
		{3159AE84-B479-420C-BA42-E328D4159144}.Release|Any CPU.ActiveCfg = Release|Any CPU
		{3159AE84-B479-420C-BA42-E328D4159144}.Release|Any CPU.Build.0 = Release|Any CPU
		{3159AE84-B479-420C-BA42-E328D4159144}.Release|ARM.ActiveCfg = Release|Any CPU
		{3159AE84-B479-420C-BA42-E328D4159144}.Release|ARM.Build.0 = Release|Any CPU
		{3159AE84-B479-420C-BA42-E328D4159144}.Release|ARM64.ActiveCfg = Release|Any CPU
		{3159AE84-B479-420C-BA42-E328D4159144}.Release|ARM64.Build.0 = Release|Any CPU
		{3159AE84-B479-420C-BA42-E328D4159144}.Release|x64.ActiveCfg = Release|Any CPU
		{3159AE84-B479-420C-BA42-E328D4159144}.Release|x64.Build.0 = Release|Any CPU
		{3159AE84-B479-420C-BA42-E328D4159144}.Release|x86.ActiveCfg = Release|Any CPU
		{3159AE84-B479-420C-BA42-E328D4159144}.Release|x86.Build.0 = Release|Any CPU
		{EDC2D11B-FE53-454B-A7E5-6C74E89FA479}.Debug|Any CPU.ActiveCfg = Debug|Any CPU
		{EDC2D11B-FE53-454B-A7E5-6C74E89FA479}.Debug|Any CPU.Build.0 = Debug|Any CPU
		{EDC2D11B-FE53-454B-A7E5-6C74E89FA479}.Debug|ARM.ActiveCfg = Debug|Any CPU
		{EDC2D11B-FE53-454B-A7E5-6C74E89FA479}.Debug|ARM.Build.0 = Debug|Any CPU
		{EDC2D11B-FE53-454B-A7E5-6C74E89FA479}.Debug|ARM64.ActiveCfg = Debug|Any CPU
		{EDC2D11B-FE53-454B-A7E5-6C74E89FA479}.Debug|ARM64.Build.0 = Debug|Any CPU
		{EDC2D11B-FE53-454B-A7E5-6C74E89FA479}.Debug|x64.ActiveCfg = Debug|Any CPU
		{EDC2D11B-FE53-454B-A7E5-6C74E89FA479}.Debug|x64.Build.0 = Debug|Any CPU
		{EDC2D11B-FE53-454B-A7E5-6C74E89FA479}.Debug|x86.ActiveCfg = Debug|Any CPU
		{EDC2D11B-FE53-454B-A7E5-6C74E89FA479}.Debug|x86.Build.0 = Debug|Any CPU
		{EDC2D11B-FE53-454B-A7E5-6C74E89FA479}.Release|Any CPU.ActiveCfg = Release|Any CPU
		{EDC2D11B-FE53-454B-A7E5-6C74E89FA479}.Release|Any CPU.Build.0 = Release|Any CPU
		{EDC2D11B-FE53-454B-A7E5-6C74E89FA479}.Release|ARM.ActiveCfg = Release|Any CPU
		{EDC2D11B-FE53-454B-A7E5-6C74E89FA479}.Release|ARM.Build.0 = Release|Any CPU
		{EDC2D11B-FE53-454B-A7E5-6C74E89FA479}.Release|ARM64.ActiveCfg = Release|Any CPU
		{EDC2D11B-FE53-454B-A7E5-6C74E89FA479}.Release|ARM64.Build.0 = Release|Any CPU
		{EDC2D11B-FE53-454B-A7E5-6C74E89FA479}.Release|x64.ActiveCfg = Release|Any CPU
		{EDC2D11B-FE53-454B-A7E5-6C74E89FA479}.Release|x64.Build.0 = Release|Any CPU
		{EDC2D11B-FE53-454B-A7E5-6C74E89FA479}.Release|x86.ActiveCfg = Release|Any CPU
		{EDC2D11B-FE53-454B-A7E5-6C74E89FA479}.Release|x86.Build.0 = Release|Any CPU
		{468F41A8-B885-48C3-B369-49A704148311}.Debug|Any CPU.ActiveCfg = Debug|Any CPU
		{468F41A8-B885-48C3-B369-49A704148311}.Debug|Any CPU.Build.0 = Debug|Any CPU
		{468F41A8-B885-48C3-B369-49A704148311}.Debug|ARM.ActiveCfg = Debug|Any CPU
		{468F41A8-B885-48C3-B369-49A704148311}.Debug|ARM.Build.0 = Debug|Any CPU
		{468F41A8-B885-48C3-B369-49A704148311}.Debug|ARM64.ActiveCfg = Debug|Any CPU
		{468F41A8-B885-48C3-B369-49A704148311}.Debug|ARM64.Build.0 = Debug|Any CPU
		{468F41A8-B885-48C3-B369-49A704148311}.Debug|x64.ActiveCfg = Debug|Any CPU
		{468F41A8-B885-48C3-B369-49A704148311}.Debug|x64.Build.0 = Debug|Any CPU
		{468F41A8-B885-48C3-B369-49A704148311}.Debug|x86.ActiveCfg = Debug|Any CPU
		{468F41A8-B885-48C3-B369-49A704148311}.Debug|x86.Build.0 = Debug|Any CPU
		{468F41A8-B885-48C3-B369-49A704148311}.Release|Any CPU.ActiveCfg = Release|Any CPU
		{468F41A8-B885-48C3-B369-49A704148311}.Release|Any CPU.Build.0 = Release|Any CPU
		{468F41A8-B885-48C3-B369-49A704148311}.Release|ARM.ActiveCfg = Release|Any CPU
		{468F41A8-B885-48C3-B369-49A704148311}.Release|ARM.Build.0 = Release|Any CPU
		{468F41A8-B885-48C3-B369-49A704148311}.Release|ARM64.ActiveCfg = Release|Any CPU
		{468F41A8-B885-48C3-B369-49A704148311}.Release|ARM64.Build.0 = Release|Any CPU
		{468F41A8-B885-48C3-B369-49A704148311}.Release|x64.ActiveCfg = Release|Any CPU
		{468F41A8-B885-48C3-B369-49A704148311}.Release|x64.Build.0 = Release|Any CPU
		{468F41A8-B885-48C3-B369-49A704148311}.Release|x86.ActiveCfg = Release|Any CPU
		{468F41A8-B885-48C3-B369-49A704148311}.Release|x86.Build.0 = Release|Any CPU
		{028A5979-8814-495D-BC65-E1EA13415CC8}.Debug|Any CPU.ActiveCfg = Debug|x64
		{028A5979-8814-495D-BC65-E1EA13415CC8}.Debug|Any CPU.Build.0 = Debug|x64
		{028A5979-8814-495D-BC65-E1EA13415CC8}.Debug|ARM.ActiveCfg = Debug|x86
		{028A5979-8814-495D-BC65-E1EA13415CC8}.Debug|ARM.Build.0 = Debug|x86
		{028A5979-8814-495D-BC65-E1EA13415CC8}.Debug|ARM.Deploy.0 = Debug|x86
		{028A5979-8814-495D-BC65-E1EA13415CC8}.Debug|ARM64.ActiveCfg = Debug|arm64
		{028A5979-8814-495D-BC65-E1EA13415CC8}.Debug|ARM64.Build.0 = Debug|arm64
		{028A5979-8814-495D-BC65-E1EA13415CC8}.Debug|ARM64.Deploy.0 = Debug|arm64
		{028A5979-8814-495D-BC65-E1EA13415CC8}.Debug|x64.ActiveCfg = Debug|x64
		{028A5979-8814-495D-BC65-E1EA13415CC8}.Debug|x64.Build.0 = Debug|x64
		{028A5979-8814-495D-BC65-E1EA13415CC8}.Debug|x64.Deploy.0 = Debug|x64
		{028A5979-8814-495D-BC65-E1EA13415CC8}.Debug|x86.ActiveCfg = Debug|x86
		{028A5979-8814-495D-BC65-E1EA13415CC8}.Debug|x86.Build.0 = Debug|x86
		{028A5979-8814-495D-BC65-E1EA13415CC8}.Debug|x86.Deploy.0 = Debug|x86
		{028A5979-8814-495D-BC65-E1EA13415CC8}.Release|Any CPU.ActiveCfg = Release|x64
		{028A5979-8814-495D-BC65-E1EA13415CC8}.Release|Any CPU.Build.0 = Release|x64
		{028A5979-8814-495D-BC65-E1EA13415CC8}.Release|ARM.ActiveCfg = Release|x86
		{028A5979-8814-495D-BC65-E1EA13415CC8}.Release|ARM.Build.0 = Release|x86
		{028A5979-8814-495D-BC65-E1EA13415CC8}.Release|ARM.Deploy.0 = Release|x86
		{028A5979-8814-495D-BC65-E1EA13415CC8}.Release|ARM64.ActiveCfg = Release|arm64
		{028A5979-8814-495D-BC65-E1EA13415CC8}.Release|ARM64.Build.0 = Release|arm64
		{028A5979-8814-495D-BC65-E1EA13415CC8}.Release|ARM64.Deploy.0 = Release|arm64
		{028A5979-8814-495D-BC65-E1EA13415CC8}.Release|x64.ActiveCfg = Release|x64
		{028A5979-8814-495D-BC65-E1EA13415CC8}.Release|x64.Build.0 = Release|x64
		{028A5979-8814-495D-BC65-E1EA13415CC8}.Release|x64.Deploy.0 = Release|x64
		{028A5979-8814-495D-BC65-E1EA13415CC8}.Release|x86.ActiveCfg = Release|x86
		{028A5979-8814-495D-BC65-E1EA13415CC8}.Release|x86.Build.0 = Release|x86
		{028A5979-8814-495D-BC65-E1EA13415CC8}.Release|x86.Deploy.0 = Release|x86
	EndGlobalSection
	GlobalSection(SolutionProperties) = preSolution
		HideSolutionNode = FALSE
	EndGlobalSection
	GlobalSection(ExtensibilityGlobals) = postSolution
		SolutionGuid = {AED38DAD-C662-4F06-A6A7-08DB70FBFC85}
	EndGlobalSection
EndGlobal
