
Microsoft Visual Studio Solution File, Format Version 12.00
# Visual Studio Version 16
VisualStudioVersion = 16.0.29001.49
MinimumVisualStudioVersion = 10.0.40219.1
Project("{FAE04EC0-301F-11D3-BF4B-00C04F79EFBC}") = "MvpApi.Uwp", "MvpApi.Uwp\MvpApi.Uwp.csproj", "{FA6C2B8C-C185-4152-ACE1-A65A815A518E}"
EndProject
Project("{9A19103F-16F7-4668-BE54-9A1E7A4F7556}") = "MvpApi.Common", "MvpApi.Common\MvpApi.Common.csproj", "{3159AE84-B479-420C-BA42-E328D4159144}"
EndProject
Project("{FAE04EC0-301F-11D3-BF4B-00C04F79EFBC}") = "MvpApi.UwpBackgroundTasks", "MvpApi.UwpBackgroundTasks\MvpApi.UwpBackgroundTasks.csproj", "{9D7FF5EA-20D9-40E3-9704-E3E7B5E2DC25}"
EndProject
Project("{9A19103F-16F7-4668-BE54-9A1E7A4F7556}") = "MvpApi.Services", "MvpApi.Services\MvpApi.Services.csproj", "{EDC2D11B-FE53-454B-A7E5-6C74E89FA479}"
EndProject
Project("{9A19103F-16F7-4668-BE54-9A1E7A4F7556}") = "MvpApi.Tests", "MvpApi.Tests\MvpApi.Tests.csproj", "{468F41A8-B885-48C3-B369-49A704148311}"
EndProject
Project("{FAE04EC0-301F-11D3-BF4B-00C04F79EFBC}") = "MvpCompanion.UI.Common", "MvpCompanion.UI.Common\MvpCompanion.UI.Common.csproj", "{89ABF6D8-E6B8-4F86-AAA3-10A23DD0DC19}"
EndProject
Project("{FAE04EC0-301F-11D3-BF4B-00C04F79EFBC}") = "MvpCompanion.UI.WinUI", "MvpCompanion.UI.WinUI\MvpCompanion.UI.WinUI.csproj", "{F74D7EEB-46FF-424B-A9D7-676979B91BB3}"
EndProject
Global
	GlobalSection(SolutionConfigurationPlatforms) = preSolution
		Ad-Hoc|Any CPU = Ad-Hoc|Any CPU
		Ad-Hoc|ARM = Ad-Hoc|ARM
		Ad-Hoc|ARM64 = Ad-Hoc|ARM64
		Ad-Hoc|iPhone = Ad-Hoc|iPhone
		Ad-Hoc|iPhoneSimulator = Ad-Hoc|iPhoneSimulator
		Ad-Hoc|x64 = Ad-Hoc|x64
		Ad-Hoc|x86 = Ad-Hoc|x86
		AppStore|Any CPU = AppStore|Any CPU
		AppStore|ARM = AppStore|ARM
		AppStore|ARM64 = AppStore|ARM64
		AppStore|iPhone = AppStore|iPhone
		AppStore|iPhoneSimulator = AppStore|iPhoneSimulator
		AppStore|x64 = AppStore|x64
		AppStore|x86 = AppStore|x86
		Debug|Any CPU = Debug|Any CPU
		Debug|ARM = Debug|ARM
		Debug|ARM64 = Debug|ARM64
		Debug|iPhone = Debug|iPhone
		Debug|iPhoneSimulator = Debug|iPhoneSimulator
		Debug|x64 = Debug|x64
		Debug|x86 = Debug|x86
		Release|Any CPU = Release|Any CPU
		Release|ARM = Release|ARM
		Release|ARM64 = Release|ARM64
		Release|iPhone = Release|iPhone
		Release|iPhoneSimulator = Release|iPhoneSimulator
		Release|x64 = Release|x64
		Release|x86 = Release|x86
	EndGlobalSection
	GlobalSection(ProjectConfigurationPlatforms) = postSolution
		{FA6C2B8C-C185-4152-ACE1-A65A815A518E}.Ad-Hoc|Any CPU.ActiveCfg = Release|x64
		{FA6C2B8C-C185-4152-ACE1-A65A815A518E}.Ad-Hoc|Any CPU.Build.0 = Release|x64
		{FA6C2B8C-C185-4152-ACE1-A65A815A518E}.Ad-Hoc|Any CPU.Deploy.0 = Release|x64
		{FA6C2B8C-C185-4152-ACE1-A65A815A518E}.Ad-Hoc|ARM.ActiveCfg = Release|ARM
		{FA6C2B8C-C185-4152-ACE1-A65A815A518E}.Ad-Hoc|ARM.Build.0 = Release|ARM
		{FA6C2B8C-C185-4152-ACE1-A65A815A518E}.Ad-Hoc|ARM.Deploy.0 = Release|ARM
		{FA6C2B8C-C185-4152-ACE1-A65A815A518E}.Ad-Hoc|ARM64.ActiveCfg = Release|ARM64
		{FA6C2B8C-C185-4152-ACE1-A65A815A518E}.Ad-Hoc|ARM64.Build.0 = Release|ARM64
		{FA6C2B8C-C185-4152-ACE1-A65A815A518E}.Ad-Hoc|ARM64.Deploy.0 = Release|ARM64
		{FA6C2B8C-C185-4152-ACE1-A65A815A518E}.Ad-Hoc|iPhone.ActiveCfg = Release|x64
		{FA6C2B8C-C185-4152-ACE1-A65A815A518E}.Ad-Hoc|iPhone.Build.0 = Release|x64
		{FA6C2B8C-C185-4152-ACE1-A65A815A518E}.Ad-Hoc|iPhone.Deploy.0 = Release|x64
		{FA6C2B8C-C185-4152-ACE1-A65A815A518E}.Ad-Hoc|iPhoneSimulator.ActiveCfg = Release|x64
		{FA6C2B8C-C185-4152-ACE1-A65A815A518E}.Ad-Hoc|iPhoneSimulator.Build.0 = Release|x64
		{FA6C2B8C-C185-4152-ACE1-A65A815A518E}.Ad-Hoc|iPhoneSimulator.Deploy.0 = Release|x64
		{FA6C2B8C-C185-4152-ACE1-A65A815A518E}.Ad-Hoc|x64.ActiveCfg = Release|x64
		{FA6C2B8C-C185-4152-ACE1-A65A815A518E}.Ad-Hoc|x64.Build.0 = Release|x64
		{FA6C2B8C-C185-4152-ACE1-A65A815A518E}.Ad-Hoc|x64.Deploy.0 = Release|x64
		{FA6C2B8C-C185-4152-ACE1-A65A815A518E}.Ad-Hoc|x86.ActiveCfg = Release|x86
		{FA6C2B8C-C185-4152-ACE1-A65A815A518E}.Ad-Hoc|x86.Build.0 = Release|x86
		{FA6C2B8C-C185-4152-ACE1-A65A815A518E}.Ad-Hoc|x86.Deploy.0 = Release|x86
		{FA6C2B8C-C185-4152-ACE1-A65A815A518E}.AppStore|Any CPU.ActiveCfg = Release|x64
		{FA6C2B8C-C185-4152-ACE1-A65A815A518E}.AppStore|Any CPU.Build.0 = Release|x64
		{FA6C2B8C-C185-4152-ACE1-A65A815A518E}.AppStore|Any CPU.Deploy.0 = Release|x64
		{FA6C2B8C-C185-4152-ACE1-A65A815A518E}.AppStore|ARM.ActiveCfg = Release|ARM
		{FA6C2B8C-C185-4152-ACE1-A65A815A518E}.AppStore|ARM.Build.0 = Release|ARM
		{FA6C2B8C-C185-4152-ACE1-A65A815A518E}.AppStore|ARM.Deploy.0 = Release|ARM
		{FA6C2B8C-C185-4152-ACE1-A65A815A518E}.AppStore|ARM64.ActiveCfg = Release|ARM64
		{FA6C2B8C-C185-4152-ACE1-A65A815A518E}.AppStore|ARM64.Build.0 = Release|ARM64
		{FA6C2B8C-C185-4152-ACE1-A65A815A518E}.AppStore|ARM64.Deploy.0 = Release|ARM64
		{FA6C2B8C-C185-4152-ACE1-A65A815A518E}.AppStore|iPhone.ActiveCfg = Release|x64
		{FA6C2B8C-C185-4152-ACE1-A65A815A518E}.AppStore|iPhone.Build.0 = Release|x64
		{FA6C2B8C-C185-4152-ACE1-A65A815A518E}.AppStore|iPhone.Deploy.0 = Release|x64
		{FA6C2B8C-C185-4152-ACE1-A65A815A518E}.AppStore|iPhoneSimulator.ActiveCfg = Release|x64
		{FA6C2B8C-C185-4152-ACE1-A65A815A518E}.AppStore|iPhoneSimulator.Build.0 = Release|x64
		{FA6C2B8C-C185-4152-ACE1-A65A815A518E}.AppStore|iPhoneSimulator.Deploy.0 = Release|x64
		{FA6C2B8C-C185-4152-ACE1-A65A815A518E}.AppStore|x64.ActiveCfg = Release|x64
		{FA6C2B8C-C185-4152-ACE1-A65A815A518E}.AppStore|x64.Build.0 = Release|x64
		{FA6C2B8C-C185-4152-ACE1-A65A815A518E}.AppStore|x64.Deploy.0 = Release|x64
		{FA6C2B8C-C185-4152-ACE1-A65A815A518E}.AppStore|x86.ActiveCfg = Release|x86
		{FA6C2B8C-C185-4152-ACE1-A65A815A518E}.AppStore|x86.Build.0 = Release|x86
		{FA6C2B8C-C185-4152-ACE1-A65A815A518E}.AppStore|x86.Deploy.0 = Release|x86
		{FA6C2B8C-C185-4152-ACE1-A65A815A518E}.Debug|Any CPU.ActiveCfg = Debug|x86
		{FA6C2B8C-C185-4152-ACE1-A65A815A518E}.Debug|Any CPU.Build.0 = Debug|x86
		{FA6C2B8C-C185-4152-ACE1-A65A815A518E}.Debug|Any CPU.Deploy.0 = Debug|x86
		{FA6C2B8C-C185-4152-ACE1-A65A815A518E}.Debug|ARM.ActiveCfg = Debug|ARM
		{FA6C2B8C-C185-4152-ACE1-A65A815A518E}.Debug|ARM.Build.0 = Debug|ARM
		{FA6C2B8C-C185-4152-ACE1-A65A815A518E}.Debug|ARM.Deploy.0 = Debug|ARM
		{FA6C2B8C-C185-4152-ACE1-A65A815A518E}.Debug|ARM64.ActiveCfg = Debug|ARM64
		{FA6C2B8C-C185-4152-ACE1-A65A815A518E}.Debug|ARM64.Build.0 = Debug|ARM64
		{FA6C2B8C-C185-4152-ACE1-A65A815A518E}.Debug|ARM64.Deploy.0 = Debug|ARM64
		{FA6C2B8C-C185-4152-ACE1-A65A815A518E}.Debug|iPhone.ActiveCfg = Debug|x86
		{FA6C2B8C-C185-4152-ACE1-A65A815A518E}.Debug|iPhoneSimulator.ActiveCfg = Debug|x86
		{FA6C2B8C-C185-4152-ACE1-A65A815A518E}.Debug|x64.ActiveCfg = Debug|x64
		{FA6C2B8C-C185-4152-ACE1-A65A815A518E}.Debug|x64.Build.0 = Debug|x64
		{FA6C2B8C-C185-4152-ACE1-A65A815A518E}.Debug|x64.Deploy.0 = Debug|x64
		{FA6C2B8C-C185-4152-ACE1-A65A815A518E}.Debug|x86.ActiveCfg = Debug|x86
		{FA6C2B8C-C185-4152-ACE1-A65A815A518E}.Debug|x86.Build.0 = Debug|x86
		{FA6C2B8C-C185-4152-ACE1-A65A815A518E}.Debug|x86.Deploy.0 = Debug|x86
		{FA6C2B8C-C185-4152-ACE1-A65A815A518E}.Release|Any CPU.ActiveCfg = Release|x86
		{FA6C2B8C-C185-4152-ACE1-A65A815A518E}.Release|Any CPU.Build.0 = Release|x86
		{FA6C2B8C-C185-4152-ACE1-A65A815A518E}.Release|Any CPU.Deploy.0 = Release|x86
		{FA6C2B8C-C185-4152-ACE1-A65A815A518E}.Release|ARM.ActiveCfg = Release|ARM
		{FA6C2B8C-C185-4152-ACE1-A65A815A518E}.Release|ARM.Build.0 = Release|ARM
		{FA6C2B8C-C185-4152-ACE1-A65A815A518E}.Release|ARM.Deploy.0 = Release|ARM
		{FA6C2B8C-C185-4152-ACE1-A65A815A518E}.Release|ARM64.ActiveCfg = Release|ARM64
		{FA6C2B8C-C185-4152-ACE1-A65A815A518E}.Release|ARM64.Build.0 = Release|ARM64
		{FA6C2B8C-C185-4152-ACE1-A65A815A518E}.Release|ARM64.Deploy.0 = Release|ARM64
		{FA6C2B8C-C185-4152-ACE1-A65A815A518E}.Release|iPhone.ActiveCfg = Release|x86
		{FA6C2B8C-C185-4152-ACE1-A65A815A518E}.Release|iPhoneSimulator.ActiveCfg = Release|x86
		{FA6C2B8C-C185-4152-ACE1-A65A815A518E}.Release|x64.ActiveCfg = Release|x64
		{FA6C2B8C-C185-4152-ACE1-A65A815A518E}.Release|x64.Build.0 = Release|x64
		{FA6C2B8C-C185-4152-ACE1-A65A815A518E}.Release|x64.Deploy.0 = Release|x64
		{FA6C2B8C-C185-4152-ACE1-A65A815A518E}.Release|x86.ActiveCfg = Release|x86
		{FA6C2B8C-C185-4152-ACE1-A65A815A518E}.Release|x86.Build.0 = Release|x86
		{FA6C2B8C-C185-4152-ACE1-A65A815A518E}.Release|x86.Deploy.0 = Release|x86
		{3159AE84-B479-420C-BA42-E328D4159144}.Ad-Hoc|Any CPU.ActiveCfg = Debug|Any CPU
		{3159AE84-B479-420C-BA42-E328D4159144}.Ad-Hoc|Any CPU.Build.0 = Debug|Any CPU
		{3159AE84-B479-420C-BA42-E328D4159144}.Ad-Hoc|ARM.ActiveCfg = Debug|Any CPU
		{3159AE84-B479-420C-BA42-E328D4159144}.Ad-Hoc|ARM.Build.0 = Debug|Any CPU
		{3159AE84-B479-420C-BA42-E328D4159144}.Ad-Hoc|ARM64.ActiveCfg = Release|Any CPU
		{3159AE84-B479-420C-BA42-E328D4159144}.Ad-Hoc|ARM64.Build.0 = Release|Any CPU
		{3159AE84-B479-420C-BA42-E328D4159144}.Ad-Hoc|iPhone.ActiveCfg = Debug|Any CPU
		{3159AE84-B479-420C-BA42-E328D4159144}.Ad-Hoc|iPhone.Build.0 = Debug|Any CPU
		{3159AE84-B479-420C-BA42-E328D4159144}.Ad-Hoc|iPhoneSimulator.ActiveCfg = Debug|Any CPU
		{3159AE84-B479-420C-BA42-E328D4159144}.Ad-Hoc|iPhoneSimulator.Build.0 = Debug|Any CPU
		{3159AE84-B479-420C-BA42-E328D4159144}.Ad-Hoc|x64.ActiveCfg = Debug|Any CPU
		{3159AE84-B479-420C-BA42-E328D4159144}.Ad-Hoc|x64.Build.0 = Debug|Any CPU
		{3159AE84-B479-420C-BA42-E328D4159144}.Ad-Hoc|x86.ActiveCfg = Debug|Any CPU
		{3159AE84-B479-420C-BA42-E328D4159144}.Ad-Hoc|x86.Build.0 = Debug|Any CPU
		{3159AE84-B479-420C-BA42-E328D4159144}.AppStore|Any CPU.ActiveCfg = Debug|Any CPU
		{3159AE84-B479-420C-BA42-E328D4159144}.AppStore|Any CPU.Build.0 = Debug|Any CPU
		{3159AE84-B479-420C-BA42-E328D4159144}.AppStore|ARM.ActiveCfg = Debug|Any CPU
		{3159AE84-B479-420C-BA42-E328D4159144}.AppStore|ARM.Build.0 = Debug|Any CPU
		{3159AE84-B479-420C-BA42-E328D4159144}.AppStore|ARM64.ActiveCfg = Release|Any CPU
		{3159AE84-B479-420C-BA42-E328D4159144}.AppStore|ARM64.Build.0 = Release|Any CPU
		{3159AE84-B479-420C-BA42-E328D4159144}.AppStore|iPhone.ActiveCfg = Debug|Any CPU
		{3159AE84-B479-420C-BA42-E328D4159144}.AppStore|iPhone.Build.0 = Debug|Any CPU
		{3159AE84-B479-420C-BA42-E328D4159144}.AppStore|iPhoneSimulator.ActiveCfg = Debug|Any CPU
		{3159AE84-B479-420C-BA42-E328D4159144}.AppStore|iPhoneSimulator.Build.0 = Debug|Any CPU
		{3159AE84-B479-420C-BA42-E328D4159144}.AppStore|x64.ActiveCfg = Debug|Any CPU
		{3159AE84-B479-420C-BA42-E328D4159144}.AppStore|x64.Build.0 = Debug|Any CPU
		{3159AE84-B479-420C-BA42-E328D4159144}.AppStore|x86.ActiveCfg = Debug|Any CPU
		{3159AE84-B479-420C-BA42-E328D4159144}.AppStore|x86.Build.0 = Debug|Any CPU
		{3159AE84-B479-420C-BA42-E328D4159144}.Debug|Any CPU.ActiveCfg = Debug|Any CPU
		{3159AE84-B479-420C-BA42-E328D4159144}.Debug|Any CPU.Build.0 = Debug|Any CPU
		{3159AE84-B479-420C-BA42-E328D4159144}.Debug|ARM.ActiveCfg = Debug|Any CPU
		{3159AE84-B479-420C-BA42-E328D4159144}.Debug|ARM.Build.0 = Debug|Any CPU
		{3159AE84-B479-420C-BA42-E328D4159144}.Debug|ARM64.ActiveCfg = Debug|Any CPU
		{3159AE84-B479-420C-BA42-E328D4159144}.Debug|ARM64.Build.0 = Debug|Any CPU
		{3159AE84-B479-420C-BA42-E328D4159144}.Debug|iPhone.ActiveCfg = Debug|Any CPU
		{3159AE84-B479-420C-BA42-E328D4159144}.Debug|iPhone.Build.0 = Debug|Any CPU
		{3159AE84-B479-420C-BA42-E328D4159144}.Debug|iPhoneSimulator.ActiveCfg = Debug|Any CPU
		{3159AE84-B479-420C-BA42-E328D4159144}.Debug|iPhoneSimulator.Build.0 = Debug|Any CPU
		{3159AE84-B479-420C-BA42-E328D4159144}.Debug|x64.ActiveCfg = Debug|Any CPU
		{3159AE84-B479-420C-BA42-E328D4159144}.Debug|x64.Build.0 = Debug|Any CPU
		{3159AE84-B479-420C-BA42-E328D4159144}.Debug|x86.ActiveCfg = Debug|Any CPU
		{3159AE84-B479-420C-BA42-E328D4159144}.Debug|x86.Build.0 = Debug|Any CPU
		{3159AE84-B479-420C-BA42-E328D4159144}.Release|Any CPU.ActiveCfg = Release|Any CPU
		{3159AE84-B479-420C-BA42-E328D4159144}.Release|Any CPU.Build.0 = Release|Any CPU
		{3159AE84-B479-420C-BA42-E328D4159144}.Release|ARM.ActiveCfg = Release|Any CPU
		{3159AE84-B479-420C-BA42-E328D4159144}.Release|ARM.Build.0 = Release|Any CPU
		{3159AE84-B479-420C-BA42-E328D4159144}.Release|ARM64.ActiveCfg = Release|Any CPU
		{3159AE84-B479-420C-BA42-E328D4159144}.Release|ARM64.Build.0 = Release|Any CPU
		{3159AE84-B479-420C-BA42-E328D4159144}.Release|iPhone.ActiveCfg = Release|Any CPU
		{3159AE84-B479-420C-BA42-E328D4159144}.Release|iPhone.Build.0 = Release|Any CPU
		{3159AE84-B479-420C-BA42-E328D4159144}.Release|iPhoneSimulator.ActiveCfg = Release|Any CPU
		{3159AE84-B479-420C-BA42-E328D4159144}.Release|iPhoneSimulator.Build.0 = Release|Any CPU
		{3159AE84-B479-420C-BA42-E328D4159144}.Release|x64.ActiveCfg = Release|Any CPU
		{3159AE84-B479-420C-BA42-E328D4159144}.Release|x64.Build.0 = Release|Any CPU
		{3159AE84-B479-420C-BA42-E328D4159144}.Release|x86.ActiveCfg = Release|Any CPU
		{3159AE84-B479-420C-BA42-E328D4159144}.Release|x86.Build.0 = Release|Any CPU
		{9D7FF5EA-20D9-40E3-9704-E3E7B5E2DC25}.Ad-Hoc|Any CPU.ActiveCfg = Release|Any CPU
		{9D7FF5EA-20D9-40E3-9704-E3E7B5E2DC25}.Ad-Hoc|Any CPU.Build.0 = Release|Any CPU
		{9D7FF5EA-20D9-40E3-9704-E3E7B5E2DC25}.Ad-Hoc|ARM.ActiveCfg = Release|ARM
		{9D7FF5EA-20D9-40E3-9704-E3E7B5E2DC25}.Ad-Hoc|ARM.Build.0 = Release|ARM
		{9D7FF5EA-20D9-40E3-9704-E3E7B5E2DC25}.Ad-Hoc|ARM64.ActiveCfg = Debug|Any CPU
		{9D7FF5EA-20D9-40E3-9704-E3E7B5E2DC25}.Ad-Hoc|ARM64.Build.0 = Debug|Any CPU
		{9D7FF5EA-20D9-40E3-9704-E3E7B5E2DC25}.Ad-Hoc|iPhone.ActiveCfg = Release|Any CPU
		{9D7FF5EA-20D9-40E3-9704-E3E7B5E2DC25}.Ad-Hoc|iPhone.Build.0 = Release|Any CPU
		{9D7FF5EA-20D9-40E3-9704-E3E7B5E2DC25}.Ad-Hoc|iPhoneSimulator.ActiveCfg = Release|Any CPU
		{9D7FF5EA-20D9-40E3-9704-E3E7B5E2DC25}.Ad-Hoc|iPhoneSimulator.Build.0 = Release|Any CPU
		{9D7FF5EA-20D9-40E3-9704-E3E7B5E2DC25}.Ad-Hoc|x64.ActiveCfg = Release|x64
		{9D7FF5EA-20D9-40E3-9704-E3E7B5E2DC25}.Ad-Hoc|x64.Build.0 = Release|x64
		{9D7FF5EA-20D9-40E3-9704-E3E7B5E2DC25}.Ad-Hoc|x86.ActiveCfg = Release|x86
		{9D7FF5EA-20D9-40E3-9704-E3E7B5E2DC25}.Ad-Hoc|x86.Build.0 = Release|x86
		{9D7FF5EA-20D9-40E3-9704-E3E7B5E2DC25}.AppStore|Any CPU.ActiveCfg = Release|Any CPU
		{9D7FF5EA-20D9-40E3-9704-E3E7B5E2DC25}.AppStore|Any CPU.Build.0 = Release|Any CPU
		{9D7FF5EA-20D9-40E3-9704-E3E7B5E2DC25}.AppStore|ARM.ActiveCfg = Release|ARM
		{9D7FF5EA-20D9-40E3-9704-E3E7B5E2DC25}.AppStore|ARM.Build.0 = Release|ARM
		{9D7FF5EA-20D9-40E3-9704-E3E7B5E2DC25}.AppStore|ARM64.ActiveCfg = Debug|Any CPU
		{9D7FF5EA-20D9-40E3-9704-E3E7B5E2DC25}.AppStore|ARM64.Build.0 = Debug|Any CPU
		{9D7FF5EA-20D9-40E3-9704-E3E7B5E2DC25}.AppStore|iPhone.ActiveCfg = Release|Any CPU
		{9D7FF5EA-20D9-40E3-9704-E3E7B5E2DC25}.AppStore|iPhone.Build.0 = Release|Any CPU
		{9D7FF5EA-20D9-40E3-9704-E3E7B5E2DC25}.AppStore|iPhoneSimulator.ActiveCfg = Release|Any CPU
		{9D7FF5EA-20D9-40E3-9704-E3E7B5E2DC25}.AppStore|iPhoneSimulator.Build.0 = Release|Any CPU
		{9D7FF5EA-20D9-40E3-9704-E3E7B5E2DC25}.AppStore|x64.ActiveCfg = Release|x64
		{9D7FF5EA-20D9-40E3-9704-E3E7B5E2DC25}.AppStore|x64.Build.0 = Release|x64
		{9D7FF5EA-20D9-40E3-9704-E3E7B5E2DC25}.AppStore|x86.ActiveCfg = Release|x86
		{9D7FF5EA-20D9-40E3-9704-E3E7B5E2DC25}.AppStore|x86.Build.0 = Release|x86
		{9D7FF5EA-20D9-40E3-9704-E3E7B5E2DC25}.Debug|Any CPU.ActiveCfg = Debug|Any CPU
		{9D7FF5EA-20D9-40E3-9704-E3E7B5E2DC25}.Debug|Any CPU.Build.0 = Debug|Any CPU
		{9D7FF5EA-20D9-40E3-9704-E3E7B5E2DC25}.Debug|ARM.ActiveCfg = Debug|ARM
		{9D7FF5EA-20D9-40E3-9704-E3E7B5E2DC25}.Debug|ARM.Build.0 = Debug|ARM
		{9D7FF5EA-20D9-40E3-9704-E3E7B5E2DC25}.Debug|ARM64.ActiveCfg = Debug|ARM64
		{9D7FF5EA-20D9-40E3-9704-E3E7B5E2DC25}.Debug|ARM64.Build.0 = Debug|ARM64
		{9D7FF5EA-20D9-40E3-9704-E3E7B5E2DC25}.Debug|iPhone.ActiveCfg = Debug|Any CPU
		{9D7FF5EA-20D9-40E3-9704-E3E7B5E2DC25}.Debug|iPhone.Build.0 = Debug|Any CPU
		{9D7FF5EA-20D9-40E3-9704-E3E7B5E2DC25}.Debug|iPhoneSimulator.ActiveCfg = Debug|Any CPU
		{9D7FF5EA-20D9-40E3-9704-E3E7B5E2DC25}.Debug|iPhoneSimulator.Build.0 = Debug|Any CPU
		{9D7FF5EA-20D9-40E3-9704-E3E7B5E2DC25}.Debug|x64.ActiveCfg = Debug|x64
		{9D7FF5EA-20D9-40E3-9704-E3E7B5E2DC25}.Debug|x64.Build.0 = Debug|x64
		{9D7FF5EA-20D9-40E3-9704-E3E7B5E2DC25}.Debug|x86.ActiveCfg = Debug|x86
		{9D7FF5EA-20D9-40E3-9704-E3E7B5E2DC25}.Debug|x86.Build.0 = Debug|x86
		{9D7FF5EA-20D9-40E3-9704-E3E7B5E2DC25}.Release|Any CPU.ActiveCfg = Release|Any CPU
		{9D7FF5EA-20D9-40E3-9704-E3E7B5E2DC25}.Release|Any CPU.Build.0 = Release|Any CPU
		{9D7FF5EA-20D9-40E3-9704-E3E7B5E2DC25}.Release|ARM.ActiveCfg = Release|ARM
		{9D7FF5EA-20D9-40E3-9704-E3E7B5E2DC25}.Release|ARM.Build.0 = Release|ARM
		{9D7FF5EA-20D9-40E3-9704-E3E7B5E2DC25}.Release|ARM64.ActiveCfg = Release|ARM64
		{9D7FF5EA-20D9-40E3-9704-E3E7B5E2DC25}.Release|ARM64.Build.0 = Release|ARM64
		{9D7FF5EA-20D9-40E3-9704-E3E7B5E2DC25}.Release|iPhone.ActiveCfg = Release|Any CPU
		{9D7FF5EA-20D9-40E3-9704-E3E7B5E2DC25}.Release|iPhone.Build.0 = Release|Any CPU
		{9D7FF5EA-20D9-40E3-9704-E3E7B5E2DC25}.Release|iPhoneSimulator.ActiveCfg = Release|Any CPU
		{9D7FF5EA-20D9-40E3-9704-E3E7B5E2DC25}.Release|iPhoneSimulator.Build.0 = Release|Any CPU
		{9D7FF5EA-20D9-40E3-9704-E3E7B5E2DC25}.Release|x64.ActiveCfg = Release|x64
		{9D7FF5EA-20D9-40E3-9704-E3E7B5E2DC25}.Release|x64.Build.0 = Release|x64
		{9D7FF5EA-20D9-40E3-9704-E3E7B5E2DC25}.Release|x86.ActiveCfg = Release|x86
		{9D7FF5EA-20D9-40E3-9704-E3E7B5E2DC25}.Release|x86.Build.0 = Release|x86
		{EDC2D11B-FE53-454B-A7E5-6C74E89FA479}.Ad-Hoc|Any CPU.ActiveCfg = Debug|Any CPU
		{EDC2D11B-FE53-454B-A7E5-6C74E89FA479}.Ad-Hoc|Any CPU.Build.0 = Debug|Any CPU
		{EDC2D11B-FE53-454B-A7E5-6C74E89FA479}.Ad-Hoc|ARM.ActiveCfg = Debug|Any CPU
		{EDC2D11B-FE53-454B-A7E5-6C74E89FA479}.Ad-Hoc|ARM.Build.0 = Debug|Any CPU
		{EDC2D11B-FE53-454B-A7E5-6C74E89FA479}.Ad-Hoc|ARM64.ActiveCfg = Debug|Any CPU
		{EDC2D11B-FE53-454B-A7E5-6C74E89FA479}.Ad-Hoc|ARM64.Build.0 = Debug|Any CPU
		{EDC2D11B-FE53-454B-A7E5-6C74E89FA479}.Ad-Hoc|iPhone.ActiveCfg = Debug|Any CPU
		{EDC2D11B-FE53-454B-A7E5-6C74E89FA479}.Ad-Hoc|iPhone.Build.0 = Debug|Any CPU
		{EDC2D11B-FE53-454B-A7E5-6C74E89FA479}.Ad-Hoc|iPhoneSimulator.ActiveCfg = Debug|Any CPU
		{EDC2D11B-FE53-454B-A7E5-6C74E89FA479}.Ad-Hoc|iPhoneSimulator.Build.0 = Debug|Any CPU
		{EDC2D11B-FE53-454B-A7E5-6C74E89FA479}.Ad-Hoc|x64.ActiveCfg = Debug|Any CPU
		{EDC2D11B-FE53-454B-A7E5-6C74E89FA479}.Ad-Hoc|x64.Build.0 = Debug|Any CPU
		{EDC2D11B-FE53-454B-A7E5-6C74E89FA479}.Ad-Hoc|x86.ActiveCfg = Debug|Any CPU
		{EDC2D11B-FE53-454B-A7E5-6C74E89FA479}.Ad-Hoc|x86.Build.0 = Debug|Any CPU
		{EDC2D11B-FE53-454B-A7E5-6C74E89FA479}.AppStore|Any CPU.ActiveCfg = Debug|Any CPU
		{EDC2D11B-FE53-454B-A7E5-6C74E89FA479}.AppStore|Any CPU.Build.0 = Debug|Any CPU
		{EDC2D11B-FE53-454B-A7E5-6C74E89FA479}.AppStore|ARM.ActiveCfg = Debug|Any CPU
		{EDC2D11B-FE53-454B-A7E5-6C74E89FA479}.AppStore|ARM.Build.0 = Debug|Any CPU
		{EDC2D11B-FE53-454B-A7E5-6C74E89FA479}.AppStore|ARM64.ActiveCfg = Debug|Any CPU
		{EDC2D11B-FE53-454B-A7E5-6C74E89FA479}.AppStore|ARM64.Build.0 = Debug|Any CPU
		{EDC2D11B-FE53-454B-A7E5-6C74E89FA479}.AppStore|iPhone.ActiveCfg = Debug|Any CPU
		{EDC2D11B-FE53-454B-A7E5-6C74E89FA479}.AppStore|iPhone.Build.0 = Debug|Any CPU
		{EDC2D11B-FE53-454B-A7E5-6C74E89FA479}.AppStore|iPhoneSimulator.ActiveCfg = Debug|Any CPU
		{EDC2D11B-FE53-454B-A7E5-6C74E89FA479}.AppStore|iPhoneSimulator.Build.0 = Debug|Any CPU
		{EDC2D11B-FE53-454B-A7E5-6C74E89FA479}.AppStore|x64.ActiveCfg = Debug|Any CPU
		{EDC2D11B-FE53-454B-A7E5-6C74E89FA479}.AppStore|x64.Build.0 = Debug|Any CPU
		{EDC2D11B-FE53-454B-A7E5-6C74E89FA479}.AppStore|x86.ActiveCfg = Debug|Any CPU
		{EDC2D11B-FE53-454B-A7E5-6C74E89FA479}.AppStore|x86.Build.0 = Debug|Any CPU
		{EDC2D11B-FE53-454B-A7E5-6C74E89FA479}.Debug|Any CPU.ActiveCfg = Debug|Any CPU
		{EDC2D11B-FE53-454B-A7E5-6C74E89FA479}.Debug|Any CPU.Build.0 = Debug|Any CPU
		{EDC2D11B-FE53-454B-A7E5-6C74E89FA479}.Debug|ARM.ActiveCfg = Debug|Any CPU
		{EDC2D11B-FE53-454B-A7E5-6C74E89FA479}.Debug|ARM.Build.0 = Debug|Any CPU
		{EDC2D11B-FE53-454B-A7E5-6C74E89FA479}.Debug|ARM64.ActiveCfg = Debug|Any CPU
		{EDC2D11B-FE53-454B-A7E5-6C74E89FA479}.Debug|ARM64.Build.0 = Debug|Any CPU
		{EDC2D11B-FE53-454B-A7E5-6C74E89FA479}.Debug|iPhone.ActiveCfg = Debug|Any CPU
		{EDC2D11B-FE53-454B-A7E5-6C74E89FA479}.Debug|iPhone.Build.0 = Debug|Any CPU
		{EDC2D11B-FE53-454B-A7E5-6C74E89FA479}.Debug|iPhoneSimulator.ActiveCfg = Debug|Any CPU
		{EDC2D11B-FE53-454B-A7E5-6C74E89FA479}.Debug|iPhoneSimulator.Build.0 = Debug|Any CPU
		{EDC2D11B-FE53-454B-A7E5-6C74E89FA479}.Debug|x64.ActiveCfg = Debug|Any CPU
		{EDC2D11B-FE53-454B-A7E5-6C74E89FA479}.Debug|x64.Build.0 = Debug|Any CPU
		{EDC2D11B-FE53-454B-A7E5-6C74E89FA479}.Debug|x86.ActiveCfg = Debug|Any CPU
		{EDC2D11B-FE53-454B-A7E5-6C74E89FA479}.Debug|x86.Build.0 = Debug|Any CPU
		{EDC2D11B-FE53-454B-A7E5-6C74E89FA479}.Release|Any CPU.ActiveCfg = Release|Any CPU
		{EDC2D11B-FE53-454B-A7E5-6C74E89FA479}.Release|Any CPU.Build.0 = Release|Any CPU
		{EDC2D11B-FE53-454B-A7E5-6C74E89FA479}.Release|ARM.ActiveCfg = Release|Any CPU
		{EDC2D11B-FE53-454B-A7E5-6C74E89FA479}.Release|ARM.Build.0 = Release|Any CPU
		{EDC2D11B-FE53-454B-A7E5-6C74E89FA479}.Release|ARM64.ActiveCfg = Release|Any CPU
		{EDC2D11B-FE53-454B-A7E5-6C74E89FA479}.Release|ARM64.Build.0 = Release|Any CPU
		{EDC2D11B-FE53-454B-A7E5-6C74E89FA479}.Release|iPhone.ActiveCfg = Release|Any CPU
		{EDC2D11B-FE53-454B-A7E5-6C74E89FA479}.Release|iPhone.Build.0 = Release|Any CPU
		{EDC2D11B-FE53-454B-A7E5-6C74E89FA479}.Release|iPhoneSimulator.ActiveCfg = Release|Any CPU
		{EDC2D11B-FE53-454B-A7E5-6C74E89FA479}.Release|iPhoneSimulator.Build.0 = Release|Any CPU
		{EDC2D11B-FE53-454B-A7E5-6C74E89FA479}.Release|x64.ActiveCfg = Release|Any CPU
		{EDC2D11B-FE53-454B-A7E5-6C74E89FA479}.Release|x64.Build.0 = Release|Any CPU
		{EDC2D11B-FE53-454B-A7E5-6C74E89FA479}.Release|x86.ActiveCfg = Release|Any CPU
		{EDC2D11B-FE53-454B-A7E5-6C74E89FA479}.Release|x86.Build.0 = Release|Any CPU
		{468F41A8-B885-48C3-B369-49A704148311}.Ad-Hoc|Any CPU.ActiveCfg = Debug|Any CPU
		{468F41A8-B885-48C3-B369-49A704148311}.Ad-Hoc|Any CPU.Build.0 = Debug|Any CPU
		{468F41A8-B885-48C3-B369-49A704148311}.Ad-Hoc|ARM.ActiveCfg = Debug|Any CPU
		{468F41A8-B885-48C3-B369-49A704148311}.Ad-Hoc|ARM.Build.0 = Debug|Any CPU
		{468F41A8-B885-48C3-B369-49A704148311}.Ad-Hoc|ARM64.ActiveCfg = Debug|Any CPU
		{468F41A8-B885-48C3-B369-49A704148311}.Ad-Hoc|ARM64.Build.0 = Debug|Any CPU
		{468F41A8-B885-48C3-B369-49A704148311}.Ad-Hoc|iPhone.ActiveCfg = Debug|Any CPU
		{468F41A8-B885-48C3-B369-49A704148311}.Ad-Hoc|iPhone.Build.0 = Debug|Any CPU
		{468F41A8-B885-48C3-B369-49A704148311}.Ad-Hoc|iPhoneSimulator.ActiveCfg = Debug|Any CPU
		{468F41A8-B885-48C3-B369-49A704148311}.Ad-Hoc|iPhoneSimulator.Build.0 = Debug|Any CPU
		{468F41A8-B885-48C3-B369-49A704148311}.Ad-Hoc|x64.ActiveCfg = Debug|Any CPU
		{468F41A8-B885-48C3-B369-49A704148311}.Ad-Hoc|x64.Build.0 = Debug|Any CPU
		{468F41A8-B885-48C3-B369-49A704148311}.Ad-Hoc|x86.ActiveCfg = Debug|Any CPU
		{468F41A8-B885-48C3-B369-49A704148311}.Ad-Hoc|x86.Build.0 = Debug|Any CPU
		{468F41A8-B885-48C3-B369-49A704148311}.AppStore|Any CPU.ActiveCfg = Debug|Any CPU
		{468F41A8-B885-48C3-B369-49A704148311}.AppStore|Any CPU.Build.0 = Debug|Any CPU
		{468F41A8-B885-48C3-B369-49A704148311}.AppStore|ARM.ActiveCfg = Debug|Any CPU
		{468F41A8-B885-48C3-B369-49A704148311}.AppStore|ARM.Build.0 = Debug|Any CPU
		{468F41A8-B885-48C3-B369-49A704148311}.AppStore|ARM64.ActiveCfg = Debug|Any CPU
		{468F41A8-B885-48C3-B369-49A704148311}.AppStore|ARM64.Build.0 = Debug|Any CPU
		{468F41A8-B885-48C3-B369-49A704148311}.AppStore|iPhone.ActiveCfg = Debug|Any CPU
		{468F41A8-B885-48C3-B369-49A704148311}.AppStore|iPhone.Build.0 = Debug|Any CPU
		{468F41A8-B885-48C3-B369-49A704148311}.AppStore|iPhoneSimulator.ActiveCfg = Debug|Any CPU
		{468F41A8-B885-48C3-B369-49A704148311}.AppStore|iPhoneSimulator.Build.0 = Debug|Any CPU
		{468F41A8-B885-48C3-B369-49A704148311}.AppStore|x64.ActiveCfg = Debug|Any CPU
		{468F41A8-B885-48C3-B369-49A704148311}.AppStore|x64.Build.0 = Debug|Any CPU
		{468F41A8-B885-48C3-B369-49A704148311}.AppStore|x86.ActiveCfg = Debug|Any CPU
		{468F41A8-B885-48C3-B369-49A704148311}.AppStore|x86.Build.0 = Debug|Any CPU
		{468F41A8-B885-48C3-B369-49A704148311}.Debug|Any CPU.ActiveCfg = Debug|Any CPU
		{468F41A8-B885-48C3-B369-49A704148311}.Debug|Any CPU.Build.0 = Debug|Any CPU
		{468F41A8-B885-48C3-B369-49A704148311}.Debug|ARM.ActiveCfg = Debug|Any CPU
		{468F41A8-B885-48C3-B369-49A704148311}.Debug|ARM.Build.0 = Debug|Any CPU
		{468F41A8-B885-48C3-B369-49A704148311}.Debug|ARM64.ActiveCfg = Debug|Any CPU
		{468F41A8-B885-48C3-B369-49A704148311}.Debug|ARM64.Build.0 = Debug|Any CPU
		{468F41A8-B885-48C3-B369-49A704148311}.Debug|iPhone.ActiveCfg = Debug|Any CPU
		{468F41A8-B885-48C3-B369-49A704148311}.Debug|iPhone.Build.0 = Debug|Any CPU
		{468F41A8-B885-48C3-B369-49A704148311}.Debug|iPhoneSimulator.ActiveCfg = Debug|Any CPU
		{468F41A8-B885-48C3-B369-49A704148311}.Debug|iPhoneSimulator.Build.0 = Debug|Any CPU
		{468F41A8-B885-48C3-B369-49A704148311}.Debug|x64.ActiveCfg = Debug|Any CPU
		{468F41A8-B885-48C3-B369-49A704148311}.Debug|x64.Build.0 = Debug|Any CPU
		{468F41A8-B885-48C3-B369-49A704148311}.Debug|x86.ActiveCfg = Debug|Any CPU
		{468F41A8-B885-48C3-B369-49A704148311}.Debug|x86.Build.0 = Debug|Any CPU
		{468F41A8-B885-48C3-B369-49A704148311}.Release|Any CPU.ActiveCfg = Release|Any CPU
		{468F41A8-B885-48C3-B369-49A704148311}.Release|Any CPU.Build.0 = Release|Any CPU
		{468F41A8-B885-48C3-B369-49A704148311}.Release|ARM.ActiveCfg = Release|Any CPU
		{468F41A8-B885-48C3-B369-49A704148311}.Release|ARM.Build.0 = Release|Any CPU
		{468F41A8-B885-48C3-B369-49A704148311}.Release|ARM64.ActiveCfg = Release|Any CPU
		{468F41A8-B885-48C3-B369-49A704148311}.Release|ARM64.Build.0 = Release|Any CPU
		{468F41A8-B885-48C3-B369-49A704148311}.Release|iPhone.ActiveCfg = Release|Any CPU
		{468F41A8-B885-48C3-B369-49A704148311}.Release|iPhone.Build.0 = Release|Any CPU
		{468F41A8-B885-48C3-B369-49A704148311}.Release|iPhoneSimulator.ActiveCfg = Release|Any CPU
		{468F41A8-B885-48C3-B369-49A704148311}.Release|iPhoneSimulator.Build.0 = Release|Any CPU
		{468F41A8-B885-48C3-B369-49A704148311}.Release|x64.ActiveCfg = Release|Any CPU
		{468F41A8-B885-48C3-B369-49A704148311}.Release|x64.Build.0 = Release|Any CPU
		{468F41A8-B885-48C3-B369-49A704148311}.Release|x86.ActiveCfg = Release|Any CPU
		{468F41A8-B885-48C3-B369-49A704148311}.Release|x86.Build.0 = Release|Any CPU
		{89ABF6D8-E6B8-4F86-AAA3-10A23DD0DC19}.Ad-Hoc|Any CPU.ActiveCfg = Debug|Any CPU
		{89ABF6D8-E6B8-4F86-AAA3-10A23DD0DC19}.Ad-Hoc|Any CPU.Build.0 = Debug|Any CPU
		{89ABF6D8-E6B8-4F86-AAA3-10A23DD0DC19}.Ad-Hoc|ARM.ActiveCfg = Debug|ARM
		{89ABF6D8-E6B8-4F86-AAA3-10A23DD0DC19}.Ad-Hoc|ARM.Build.0 = Debug|ARM
		{89ABF6D8-E6B8-4F86-AAA3-10A23DD0DC19}.Ad-Hoc|ARM64.ActiveCfg = Debug|ARM64
		{89ABF6D8-E6B8-4F86-AAA3-10A23DD0DC19}.Ad-Hoc|ARM64.Build.0 = Debug|ARM64
		{89ABF6D8-E6B8-4F86-AAA3-10A23DD0DC19}.Ad-Hoc|iPhone.ActiveCfg = Debug|Any CPU
		{89ABF6D8-E6B8-4F86-AAA3-10A23DD0DC19}.Ad-Hoc|iPhone.Build.0 = Debug|Any CPU
		{89ABF6D8-E6B8-4F86-AAA3-10A23DD0DC19}.Ad-Hoc|iPhoneSimulator.ActiveCfg = Debug|Any CPU
		{89ABF6D8-E6B8-4F86-AAA3-10A23DD0DC19}.Ad-Hoc|iPhoneSimulator.Build.0 = Debug|Any CPU
		{89ABF6D8-E6B8-4F86-AAA3-10A23DD0DC19}.Ad-Hoc|x64.ActiveCfg = Debug|x64
		{89ABF6D8-E6B8-4F86-AAA3-10A23DD0DC19}.Ad-Hoc|x64.Build.0 = Debug|x64
		{89ABF6D8-E6B8-4F86-AAA3-10A23DD0DC19}.Ad-Hoc|x86.ActiveCfg = Debug|x86
		{89ABF6D8-E6B8-4F86-AAA3-10A23DD0DC19}.Ad-Hoc|x86.Build.0 = Debug|x86
		{89ABF6D8-E6B8-4F86-AAA3-10A23DD0DC19}.AppStore|Any CPU.ActiveCfg = Debug|Any CPU
		{89ABF6D8-E6B8-4F86-AAA3-10A23DD0DC19}.AppStore|Any CPU.Build.0 = Debug|Any CPU
		{89ABF6D8-E6B8-4F86-AAA3-10A23DD0DC19}.AppStore|ARM.ActiveCfg = Debug|ARM
		{89ABF6D8-E6B8-4F86-AAA3-10A23DD0DC19}.AppStore|ARM.Build.0 = Debug|ARM
		{89ABF6D8-E6B8-4F86-AAA3-10A23DD0DC19}.AppStore|ARM64.ActiveCfg = Debug|ARM64
		{89ABF6D8-E6B8-4F86-AAA3-10A23DD0DC19}.AppStore|ARM64.Build.0 = Debug|ARM64
		{89ABF6D8-E6B8-4F86-AAA3-10A23DD0DC19}.AppStore|iPhone.ActiveCfg = Debug|Any CPU
		{89ABF6D8-E6B8-4F86-AAA3-10A23DD0DC19}.AppStore|iPhone.Build.0 = Debug|Any CPU
		{89ABF6D8-E6B8-4F86-AAA3-10A23DD0DC19}.AppStore|iPhoneSimulator.ActiveCfg = Debug|Any CPU
		{89ABF6D8-E6B8-4F86-AAA3-10A23DD0DC19}.AppStore|iPhoneSimulator.Build.0 = Debug|Any CPU
		{89ABF6D8-E6B8-4F86-AAA3-10A23DD0DC19}.AppStore|x64.ActiveCfg = Debug|x64
		{89ABF6D8-E6B8-4F86-AAA3-10A23DD0DC19}.AppStore|x64.Build.0 = Debug|x64
		{89ABF6D8-E6B8-4F86-AAA3-10A23DD0DC19}.AppStore|x86.ActiveCfg = Debug|x86
		{89ABF6D8-E6B8-4F86-AAA3-10A23DD0DC19}.AppStore|x86.Build.0 = Debug|x86
		{89ABF6D8-E6B8-4F86-AAA3-10A23DD0DC19}.Debug|Any CPU.ActiveCfg = Debug|Any CPU
		{89ABF6D8-E6B8-4F86-AAA3-10A23DD0DC19}.Debug|Any CPU.Build.0 = Debug|Any CPU
		{89ABF6D8-E6B8-4F86-AAA3-10A23DD0DC19}.Debug|ARM.ActiveCfg = Debug|ARM
		{89ABF6D8-E6B8-4F86-AAA3-10A23DD0DC19}.Debug|ARM.Build.0 = Debug|ARM
		{89ABF6D8-E6B8-4F86-AAA3-10A23DD0DC19}.Debug|ARM64.ActiveCfg = Debug|ARM64
		{89ABF6D8-E6B8-4F86-AAA3-10A23DD0DC19}.Debug|ARM64.Build.0 = Debug|ARM64
		{89ABF6D8-E6B8-4F86-AAA3-10A23DD0DC19}.Debug|iPhone.ActiveCfg = Debug|Any CPU
		{89ABF6D8-E6B8-4F86-AAA3-10A23DD0DC19}.Debug|iPhone.Build.0 = Debug|Any CPU
		{89ABF6D8-E6B8-4F86-AAA3-10A23DD0DC19}.Debug|iPhoneSimulator.ActiveCfg = Debug|Any CPU
		{89ABF6D8-E6B8-4F86-AAA3-10A23DD0DC19}.Debug|iPhoneSimulator.Build.0 = Debug|Any CPU
		{89ABF6D8-E6B8-4F86-AAA3-10A23DD0DC19}.Debug|x64.ActiveCfg = Debug|x64
		{89ABF6D8-E6B8-4F86-AAA3-10A23DD0DC19}.Debug|x64.Build.0 = Debug|x64
		{89ABF6D8-E6B8-4F86-AAA3-10A23DD0DC19}.Debug|x86.ActiveCfg = Debug|x86
		{89ABF6D8-E6B8-4F86-AAA3-10A23DD0DC19}.Debug|x86.Build.0 = Debug|x86
		{89ABF6D8-E6B8-4F86-AAA3-10A23DD0DC19}.Release|Any CPU.ActiveCfg = Release|Any CPU
		{89ABF6D8-E6B8-4F86-AAA3-10A23DD0DC19}.Release|Any CPU.Build.0 = Release|Any CPU
		{89ABF6D8-E6B8-4F86-AAA3-10A23DD0DC19}.Release|ARM.ActiveCfg = Release|ARM
		{89ABF6D8-E6B8-4F86-AAA3-10A23DD0DC19}.Release|ARM.Build.0 = Release|ARM
		{89ABF6D8-E6B8-4F86-AAA3-10A23DD0DC19}.Release|ARM64.ActiveCfg = Release|ARM64
		{89ABF6D8-E6B8-4F86-AAA3-10A23DD0DC19}.Release|ARM64.Build.0 = Release|ARM64
		{89ABF6D8-E6B8-4F86-AAA3-10A23DD0DC19}.Release|iPhone.ActiveCfg = Release|Any CPU
		{89ABF6D8-E6B8-4F86-AAA3-10A23DD0DC19}.Release|iPhone.Build.0 = Release|Any CPU
		{89ABF6D8-E6B8-4F86-AAA3-10A23DD0DC19}.Release|iPhoneSimulator.ActiveCfg = Release|Any CPU
		{89ABF6D8-E6B8-4F86-AAA3-10A23DD0DC19}.Release|iPhoneSimulator.Build.0 = Release|Any CPU
		{89ABF6D8-E6B8-4F86-AAA3-10A23DD0DC19}.Release|x64.ActiveCfg = Release|x64
		{89ABF6D8-E6B8-4F86-AAA3-10A23DD0DC19}.Release|x64.Build.0 = Release|x64
		{89ABF6D8-E6B8-4F86-AAA3-10A23DD0DC19}.Release|x86.ActiveCfg = Release|x86
		{89ABF6D8-E6B8-4F86-AAA3-10A23DD0DC19}.Release|x86.Build.0 = Release|x86
		{F74D7EEB-46FF-424B-A9D7-676979B91BB3}.Ad-Hoc|Any CPU.ActiveCfg = Debug|x86
		{F74D7EEB-46FF-424B-A9D7-676979B91BB3}.Ad-Hoc|Any CPU.Build.0 = Debug|x86
		{F74D7EEB-46FF-424B-A9D7-676979B91BB3}.Ad-Hoc|Any CPU.Deploy.0 = Debug|x86
		{F74D7EEB-46FF-424B-A9D7-676979B91BB3}.Ad-Hoc|ARM.ActiveCfg = Debug|x86
		{F74D7EEB-46FF-424B-A9D7-676979B91BB3}.Ad-Hoc|ARM.Build.0 = Debug|x86
		{F74D7EEB-46FF-424B-A9D7-676979B91BB3}.Ad-Hoc|ARM.Deploy.0 = Debug|x86
		{F74D7EEB-46FF-424B-A9D7-676979B91BB3}.Ad-Hoc|ARM64.ActiveCfg = Debug|arm64
		{F74D7EEB-46FF-424B-A9D7-676979B91BB3}.Ad-Hoc|ARM64.Build.0 = Debug|arm64
		{F74D7EEB-46FF-424B-A9D7-676979B91BB3}.Ad-Hoc|ARM64.Deploy.0 = Debug|arm64
		{F74D7EEB-46FF-424B-A9D7-676979B91BB3}.Ad-Hoc|iPhone.ActiveCfg = Debug|x86
		{F74D7EEB-46FF-424B-A9D7-676979B91BB3}.Ad-Hoc|iPhone.Build.0 = Debug|x86
		{F74D7EEB-46FF-424B-A9D7-676979B91BB3}.Ad-Hoc|iPhone.Deploy.0 = Debug|x86
		{F74D7EEB-46FF-424B-A9D7-676979B91BB3}.Ad-Hoc|iPhoneSimulator.ActiveCfg = Debug|x86
		{F74D7EEB-46FF-424B-A9D7-676979B91BB3}.Ad-Hoc|iPhoneSimulator.Build.0 = Debug|x86
		{F74D7EEB-46FF-424B-A9D7-676979B91BB3}.Ad-Hoc|iPhoneSimulator.Deploy.0 = Debug|x86
		{F74D7EEB-46FF-424B-A9D7-676979B91BB3}.Ad-Hoc|x64.ActiveCfg = Debug|x64
		{F74D7EEB-46FF-424B-A9D7-676979B91BB3}.Ad-Hoc|x64.Build.0 = Debug|x64
		{F74D7EEB-46FF-424B-A9D7-676979B91BB3}.Ad-Hoc|x64.Deploy.0 = Debug|x64
		{F74D7EEB-46FF-424B-A9D7-676979B91BB3}.Ad-Hoc|x86.ActiveCfg = Debug|x86
		{F74D7EEB-46FF-424B-A9D7-676979B91BB3}.Ad-Hoc|x86.Build.0 = Debug|x86
		{F74D7EEB-46FF-424B-A9D7-676979B91BB3}.Ad-Hoc|x86.Deploy.0 = Debug|x86
		{F74D7EEB-46FF-424B-A9D7-676979B91BB3}.AppStore|Any CPU.ActiveCfg = Debug|x86
		{F74D7EEB-46FF-424B-A9D7-676979B91BB3}.AppStore|Any CPU.Build.0 = Debug|x86
		{F74D7EEB-46FF-424B-A9D7-676979B91BB3}.AppStore|Any CPU.Deploy.0 = Debug|x86
		{F74D7EEB-46FF-424B-A9D7-676979B91BB3}.AppStore|ARM.ActiveCfg = Debug|x86
		{F74D7EEB-46FF-424B-A9D7-676979B91BB3}.AppStore|ARM.Build.0 = Debug|x86
		{F74D7EEB-46FF-424B-A9D7-676979B91BB3}.AppStore|ARM.Deploy.0 = Debug|x86
		{F74D7EEB-46FF-424B-A9D7-676979B91BB3}.AppStore|ARM64.ActiveCfg = Debug|arm64
		{F74D7EEB-46FF-424B-A9D7-676979B91BB3}.AppStore|ARM64.Build.0 = Debug|arm64
		{F74D7EEB-46FF-424B-A9D7-676979B91BB3}.AppStore|ARM64.Deploy.0 = Debug|arm64
		{F74D7EEB-46FF-424B-A9D7-676979B91BB3}.AppStore|iPhone.ActiveCfg = Debug|x86
		{F74D7EEB-46FF-424B-A9D7-676979B91BB3}.AppStore|iPhone.Build.0 = Debug|x86
		{F74D7EEB-46FF-424B-A9D7-676979B91BB3}.AppStore|iPhone.Deploy.0 = Debug|x86
		{F74D7EEB-46FF-424B-A9D7-676979B91BB3}.AppStore|iPhoneSimulator.ActiveCfg = Debug|x86
		{F74D7EEB-46FF-424B-A9D7-676979B91BB3}.AppStore|iPhoneSimulator.Build.0 = Debug|x86
		{F74D7EEB-46FF-424B-A9D7-676979B91BB3}.AppStore|iPhoneSimulator.Deploy.0 = Debug|x86
		{F74D7EEB-46FF-424B-A9D7-676979B91BB3}.AppStore|x64.ActiveCfg = Debug|x64
		{F74D7EEB-46FF-424B-A9D7-676979B91BB3}.AppStore|x64.Build.0 = Debug|x64
		{F74D7EEB-46FF-424B-A9D7-676979B91BB3}.AppStore|x64.Deploy.0 = Debug|x64
		{F74D7EEB-46FF-424B-A9D7-676979B91BB3}.AppStore|x86.ActiveCfg = Debug|x86
		{F74D7EEB-46FF-424B-A9D7-676979B91BB3}.AppStore|x86.Build.0 = Debug|x86
		{F74D7EEB-46FF-424B-A9D7-676979B91BB3}.AppStore|x86.Deploy.0 = Debug|x86
		{F74D7EEB-46FF-424B-A9D7-676979B91BB3}.Debug|Any CPU.ActiveCfg = Debug|x86
		{F74D7EEB-46FF-424B-A9D7-676979B91BB3}.Debug|ARM.ActiveCfg = Debug|x86
		{F74D7EEB-46FF-424B-A9D7-676979B91BB3}.Debug|ARM64.ActiveCfg = Debug|arm64
		{F74D7EEB-46FF-424B-A9D7-676979B91BB3}.Debug|ARM64.Build.0 = Debug|arm64
		{F74D7EEB-46FF-424B-A9D7-676979B91BB3}.Debug|ARM64.Deploy.0 = Debug|arm64
		{F74D7EEB-46FF-424B-A9D7-676979B91BB3}.Debug|iPhone.ActiveCfg = Debug|x86
		{F74D7EEB-46FF-424B-A9D7-676979B91BB3}.Debug|iPhoneSimulator.ActiveCfg = Debug|x86
		{F74D7EEB-46FF-424B-A9D7-676979B91BB3}.Debug|x64.ActiveCfg = Debug|x64
		{F74D7EEB-46FF-424B-A9D7-676979B91BB3}.Debug|x64.Build.0 = Debug|x64
		{F74D7EEB-46FF-424B-A9D7-676979B91BB3}.Debug|x64.Deploy.0 = Debug|x64
		{F74D7EEB-46FF-424B-A9D7-676979B91BB3}.Debug|x86.ActiveCfg = Debug|x86
		{F74D7EEB-46FF-424B-A9D7-676979B91BB3}.Debug|x86.Build.0 = Debug|x86
		{F74D7EEB-46FF-424B-A9D7-676979B91BB3}.Debug|x86.Deploy.0 = Debug|x86
		{F74D7EEB-46FF-424B-A9D7-676979B91BB3}.Release|Any CPU.ActiveCfg = Release|x86
		{F74D7EEB-46FF-424B-A9D7-676979B91BB3}.Release|ARM.ActiveCfg = Release|x86
		{F74D7EEB-46FF-424B-A9D7-676979B91BB3}.Release|ARM64.ActiveCfg = Release|arm64
		{F74D7EEB-46FF-424B-A9D7-676979B91BB3}.Release|ARM64.Build.0 = Release|arm64
		{F74D7EEB-46FF-424B-A9D7-676979B91BB3}.Release|ARM64.Deploy.0 = Release|arm64
		{F74D7EEB-46FF-424B-A9D7-676979B91BB3}.Release|iPhone.ActiveCfg = Release|x86
		{F74D7EEB-46FF-424B-A9D7-676979B91BB3}.Release|iPhoneSimulator.ActiveCfg = Release|x86
		{F74D7EEB-46FF-424B-A9D7-676979B91BB3}.Release|x64.ActiveCfg = Release|x64
		{F74D7EEB-46FF-424B-A9D7-676979B91BB3}.Release|x64.Build.0 = Release|x64
		{F74D7EEB-46FF-424B-A9D7-676979B91BB3}.Release|x64.Deploy.0 = Release|x64
		{F74D7EEB-46FF-424B-A9D7-676979B91BB3}.Release|x86.ActiveCfg = Release|x86
		{F74D7EEB-46FF-424B-A9D7-676979B91BB3}.Release|x86.Build.0 = Release|x86
		{F74D7EEB-46FF-424B-A9D7-676979B91BB3}.Release|x86.Deploy.0 = Release|x86
	EndGlobalSection
	GlobalSection(SolutionProperties) = preSolution
		HideSolutionNode = FALSE
	EndGlobalSection
	GlobalSection(ExtensibilityGlobals) = postSolution
		SolutionGuid = {AED38DAD-C662-4F06-A6A7-08DB70FBFC85}
	EndGlobalSection
EndGlobal
