
Microsoft Visual Studio Solution File, Format Version 12.00
# Visual Studio Version 16
VisualStudioVersion = 16.0.29001.49
MinimumVisualStudioVersion = 10.0.40219.1
Project("{FAE04EC0-301F-11D3-BF4B-00C04F79EFBC}") = "MvpApi.Uwp", "MvpApi.Uwp\MvpApi.Uwp.csproj", "{FA6C2B8C-C185-4152-ACE1-A65A815A518E}"
EndProject
Project("{9A19103F-16F7-4668-BE54-9A1E7A4F7556}") = "MvpApi.Common", "MvpApi.Common\MvpApi.Common.csproj", "{3159AE84-B479-420C-BA42-E328D4159144}"
EndProject
Project("{FAE04EC0-301F-11D3-BF4B-00C04F79EFBC}") = "MvpApi.UwpBackgroundTasks", "MvpApi.UwpBackgroundTasks\MvpApi.UwpBackgroundTasks.csproj", "{9D7FF5EA-20D9-40E3-9704-E3E7B5E2DC25}"
EndProject
Project("{9A19103F-16F7-4668-BE54-9A1E7A4F7556}") = "MvpApi.Services", "MvpApi.Services\MvpApi.Services.csproj", "{EDC2D11B-FE53-454B-A7E5-6C74E89FA479}"
EndProject
Project("{9A19103F-16F7-4668-BE54-9A1E7A4F7556}") = "MvpApi.Tests", "MvpApi.Tests\MvpApi.Tests.csproj", "{468F41A8-B885-48C3-B369-49A704148311}"
EndProject
Global
	GlobalSection(SolutionConfigurationPlatforms) = preSolution
		Debug|ARM = Debug|ARM
		Debug|ARM64 = Debug|ARM64
		Debug|x64 = Debug|x64
		Debug|x86 = Debug|x86
		Release|ARM = Release|ARM
		Release|ARM64 = Release|ARM64
		Release|x64 = Release|x64
		Release|x86 = Release|x86
	EndGlobalSection
	GlobalSection(ProjectConfigurationPlatforms) = postSolution
		{FA6C2B8C-C185-4152-ACE1-A65A815A518E}.Debug|ARM.ActiveCfg = Debug|ARM
		{FA6C2B8C-C185-4152-ACE1-A65A815A518E}.Debug|ARM.Build.0 = Debug|ARM
		{FA6C2B8C-C185-4152-ACE1-A65A815A518E}.Debug|ARM.Deploy.0 = Debug|ARM
		{FA6C2B8C-C185-4152-ACE1-A65A815A518E}.Debug|ARM64.ActiveCfg = Debug|ARM64
		{FA6C2B8C-C185-4152-ACE1-A65A815A518E}.Debug|ARM64.Build.0 = Debug|ARM64
		{FA6C2B8C-C185-4152-ACE1-A65A815A518E}.Debug|ARM64.Deploy.0 = Debug|ARM64
		{FA6C2B8C-C185-4152-ACE1-A65A815A518E}.Debug|x64.ActiveCfg = Debug|x64
		{FA6C2B8C-C185-4152-ACE1-A65A815A518E}.Debug|x64.Build.0 = Debug|x64
		{FA6C2B8C-C185-4152-ACE1-A65A815A518E}.Debug|x64.Deploy.0 = Debug|x64
		{FA6C2B8C-C185-4152-ACE1-A65A815A518E}.Debug|x86.ActiveCfg = Debug|x86
		{FA6C2B8C-C185-4152-ACE1-A65A815A518E}.Debug|x86.Build.0 = Debug|x86
		{FA6C2B8C-C185-4152-ACE1-A65A815A518E}.Debug|x86.Deploy.0 = Debug|x86
		{FA6C2B8C-C185-4152-ACE1-A65A815A518E}.Release|ARM.ActiveCfg = Release|ARM
		{FA6C2B8C-C185-4152-ACE1-A65A815A518E}.Release|ARM.Build.0 = Release|ARM
		{FA6C2B8C-C185-4152-ACE1-A65A815A518E}.Release|ARM.Deploy.0 = Release|ARM
		{FA6C2B8C-C185-4152-ACE1-A65A815A518E}.Release|ARM64.ActiveCfg = Release|ARM64
		{FA6C2B8C-C185-4152-ACE1-A65A815A518E}.Release|ARM64.Build.0 = Release|ARM64
		{FA6C2B8C-C185-4152-ACE1-A65A815A518E}.Release|ARM64.Deploy.0 = Release|ARM64
		{FA6C2B8C-C185-4152-ACE1-A65A815A518E}.Release|x64.ActiveCfg = Release|x64
		{FA6C2B8C-C185-4152-ACE1-A65A815A518E}.Release|x64.Build.0 = Release|x64
		{FA6C2B8C-C185-4152-ACE1-A65A815A518E}.Release|x64.Deploy.0 = Release|x64
		{FA6C2B8C-C185-4152-ACE1-A65A815A518E}.Release|x86.ActiveCfg = Release|x86
		{FA6C2B8C-C185-4152-ACE1-A65A815A518E}.Release|x86.Build.0 = Release|x86
		{FA6C2B8C-C185-4152-ACE1-A65A815A518E}.Release|x86.Deploy.0 = Release|x86
		{3159AE84-B479-420C-BA42-E328D4159144}.Debug|ARM.ActiveCfg = Debug|Any CPU
		{3159AE84-B479-420C-BA42-E328D4159144}.Debug|ARM.Build.0 = Debug|Any CPU
		{3159AE84-B479-420C-BA42-E328D4159144}.Debug|ARM64.ActiveCfg = Debug|Any CPU
		{3159AE84-B479-420C-BA42-E328D4159144}.Debug|ARM64.Build.0 = Debug|Any CPU
		{3159AE84-B479-420C-BA42-E328D4159144}.Debug|x64.ActiveCfg = Debug|Any CPU
		{3159AE84-B479-420C-BA42-E328D4159144}.Debug|x64.Build.0 = Debug|Any CPU
		{3159AE84-B479-420C-BA42-E328D4159144}.Debug|x86.ActiveCfg = Debug|Any CPU
		{3159AE84-B479-420C-BA42-E328D4159144}.Debug|x86.Build.0 = Debug|Any CPU
		{3159AE84-B479-420C-BA42-E328D4159144}.Release|ARM.ActiveCfg = Release|Any CPU
		{3159AE84-B479-420C-BA42-E328D4159144}.Release|ARM.Build.0 = Release|Any CPU
		{3159AE84-B479-420C-BA42-E328D4159144}.Release|ARM64.ActiveCfg = Release|Any CPU
		{3159AE84-B479-420C-BA42-E328D4159144}.Release|ARM64.Build.0 = Release|Any CPU
		{3159AE84-B479-420C-BA42-E328D4159144}.Release|x64.ActiveCfg = Release|Any CPU
		{3159AE84-B479-420C-BA42-E328D4159144}.Release|x64.Build.0 = Release|Any CPU
		{3159AE84-B479-420C-BA42-E328D4159144}.Release|x86.ActiveCfg = Release|Any CPU
		{3159AE84-B479-420C-BA42-E328D4159144}.Release|x86.Build.0 = Release|Any CPU
		{9D7FF5EA-20D9-40E3-9704-E3E7B5E2DC25}.Debug|ARM.ActiveCfg = Debug|ARM
		{9D7FF5EA-20D9-40E3-9704-E3E7B5E2DC25}.Debug|ARM.Build.0 = Debug|ARM
		{9D7FF5EA-20D9-40E3-9704-E3E7B5E2DC25}.Debug|ARM64.ActiveCfg = Debug|ARM64
		{9D7FF5EA-20D9-40E3-9704-E3E7B5E2DC25}.Debug|ARM64.Build.0 = Debug|ARM64
		{9D7FF5EA-20D9-40E3-9704-E3E7B5E2DC25}.Debug|x64.ActiveCfg = Debug|x64
		{9D7FF5EA-20D9-40E3-9704-E3E7B5E2DC25}.Debug|x64.Build.0 = Debug|x64
		{9D7FF5EA-20D9-40E3-9704-E3E7B5E2DC25}.Debug|x86.ActiveCfg = Debug|x86
		{9D7FF5EA-20D9-40E3-9704-E3E7B5E2DC25}.Debug|x86.Build.0 = Debug|x86
		{9D7FF5EA-20D9-40E3-9704-E3E7B5E2DC25}.Release|ARM.ActiveCfg = Release|ARM
		{9D7FF5EA-20D9-40E3-9704-E3E7B5E2DC25}.Release|ARM.Build.0 = Release|ARM
		{9D7FF5EA-20D9-40E3-9704-E3E7B5E2DC25}.Release|ARM64.ActiveCfg = Release|ARM64
		{9D7FF5EA-20D9-40E3-9704-E3E7B5E2DC25}.Release|ARM64.Build.0 = Release|ARM64
		{9D7FF5EA-20D9-40E3-9704-E3E7B5E2DC25}.Release|x64.ActiveCfg = Release|x64
		{9D7FF5EA-20D9-40E3-9704-E3E7B5E2DC25}.Release|x64.Build.0 = Release|x64
		{9D7FF5EA-20D9-40E3-9704-E3E7B5E2DC25}.Release|x86.ActiveCfg = Release|x86
		{9D7FF5EA-20D9-40E3-9704-E3E7B5E2DC25}.Release|x86.Build.0 = Release|x86
		{EDC2D11B-FE53-454B-A7E5-6C74E89FA479}.Debug|ARM.ActiveCfg = Debug|Any CPU
		{EDC2D11B-FE53-454B-A7E5-6C74E89FA479}.Debug|ARM.Build.0 = Debug|Any CPU
		{EDC2D11B-FE53-454B-A7E5-6C74E89FA479}.Debug|ARM64.ActiveCfg = Debug|Any CPU
		{EDC2D11B-FE53-454B-A7E5-6C74E89FA479}.Debug|ARM64.Build.0 = Debug|Any CPU
		{EDC2D11B-FE53-454B-A7E5-6C74E89FA479}.Debug|x64.ActiveCfg = Debug|Any CPU
		{EDC2D11B-FE53-454B-A7E5-6C74E89FA479}.Debug|x64.Build.0 = Debug|Any CPU
		{EDC2D11B-FE53-454B-A7E5-6C74E89FA479}.Debug|x86.ActiveCfg = Debug|Any CPU
		{EDC2D11B-FE53-454B-A7E5-6C74E89FA479}.Debug|x86.Build.0 = Debug|Any CPU
		{EDC2D11B-FE53-454B-A7E5-6C74E89FA479}.Release|ARM.ActiveCfg = Release|Any CPU
		{EDC2D11B-FE53-454B-A7E5-6C74E89FA479}.Release|ARM.Build.0 = Release|Any CPU
		{EDC2D11B-FE53-454B-A7E5-6C74E89FA479}.Release|ARM64.ActiveCfg = Release|Any CPU
		{EDC2D11B-FE53-454B-A7E5-6C74E89FA479}.Release|ARM64.Build.0 = Release|Any CPU
		{EDC2D11B-FE53-454B-A7E5-6C74E89FA479}.Release|x64.ActiveCfg = Release|Any CPU
		{EDC2D11B-FE53-454B-A7E5-6C74E89FA479}.Release|x64.Build.0 = Release|Any CPU
		{EDC2D11B-FE53-454B-A7E5-6C74E89FA479}.Release|x86.ActiveCfg = Release|Any CPU
		{EDC2D11B-FE53-454B-A7E5-6C74E89FA479}.Release|x86.Build.0 = Release|Any CPU
		{468F41A8-B885-48C3-B369-49A704148311}.Debug|ARM.ActiveCfg = Debug|Any CPU
		{468F41A8-B885-48C3-B369-49A704148311}.Debug|ARM.Build.0 = Debug|Any CPU
		{468F41A8-B885-48C3-B369-49A704148311}.Debug|ARM64.ActiveCfg = Debug|Any CPU
		{468F41A8-B885-48C3-B369-49A704148311}.Debug|ARM64.Build.0 = Debug|Any CPU
		{468F41A8-B885-48C3-B369-49A704148311}.Debug|x64.ActiveCfg = Debug|Any CPU
		{468F41A8-B885-48C3-B369-49A704148311}.Debug|x64.Build.0 = Debug|Any CPU
		{468F41A8-B885-48C3-B369-49A704148311}.Debug|x86.ActiveCfg = Debug|Any CPU
		{468F41A8-B885-48C3-B369-49A704148311}.Debug|x86.Build.0 = Debug|Any CPU
		{468F41A8-B885-48C3-B369-49A704148311}.Release|ARM.ActiveCfg = Release|Any CPU
		{468F41A8-B885-48C3-B369-49A704148311}.Release|ARM.Build.0 = Release|Any CPU
		{468F41A8-B885-48C3-B369-49A704148311}.Release|ARM64.ActiveCfg = Release|Any CPU
		{468F41A8-B885-48C3-B369-49A704148311}.Release|ARM64.Build.0 = Release|Any CPU
		{468F41A8-B885-48C3-B369-49A704148311}.Release|x64.ActiveCfg = Release|Any CPU
		{468F41A8-B885-48C3-B369-49A704148311}.Release|x64.Build.0 = Release|Any CPU
		{468F41A8-B885-48C3-B369-49A704148311}.Release|x86.ActiveCfg = Release|Any CPU
		{468F41A8-B885-48C3-B369-49A704148311}.Release|x86.Build.0 = Release|Any CPU
	EndGlobalSection
	GlobalSection(SolutionProperties) = preSolution
		HideSolutionNode = FALSE
	EndGlobalSection
	GlobalSection(ExtensibilityGlobals) = postSolution
		SolutionGuid = {AED38DAD-C662-4F06-A6A7-08DB70FBFC85}
	EndGlobalSection
EndGlobal
