
Microsoft Visual Studio Solution File, Format Version 12.00
# Visual Studio Version 16
VisualStudioVersion = 16.0.29001.49
MinimumVisualStudioVersion = 10.0.40219.1
Project("{FAE04EC0-301F-11D3-BF4B-00C04F79EFBC}") = "MvpApi.Uwp", "MvpApi.Uwp\MvpApi.Uwp.csproj", "{FA6C2B8C-C185-4152-ACE1-A65A815A518E}"
EndProject
Project("{9A19103F-16F7-4668-BE54-9A1E7A4F7556}") = "MvpApi.Common", "MvpApi.Common\MvpApi.Common.csproj", "{3159AE84-B479-420C-BA42-E328D4159144}"
EndProject
Project("{FAE04EC0-301F-11D3-BF4B-00C04F79EFBC}") = "MvpApi.UwpBackgroundTasks", "MvpApi.UwpBackgroundTasks\MvpApi.UwpBackgroundTasks.csproj", "{9D7FF5EA-20D9-40E3-9704-E3E7B5E2DC25}"
EndProject
Project("{9A19103F-16F7-4668-BE54-9A1E7A4F7556}") = "MvpApi.Services", "MvpApi.Services\MvpApi.Services.csproj", "{EDC2D11B-FE53-454B-A7E5-6C74E89FA479}"
EndProject
Project("{9A19103F-16F7-4668-BE54-9A1E7A4F7556}") = "MvpApi.Tests", "MvpApi.Tests\MvpApi.Tests.csproj", "{468F41A8-B885-48C3-B369-49A704148311}"
EndProject
Project("{FAE04EC0-301F-11D3-BF4B-00C04F79EFBC}") = "MvpApi.Forms.Android", "MvpApi.Forms\Android\MvpApi.Forms.Android.csproj", "{BB729307-B10A-4E20-8C31-6153AE69CC0B}"
EndProject
Project("{FAE04EC0-301F-11D3-BF4B-00C04F79EFBC}") = "MvpApi.Forms.iOS", "MvpApi.Forms\iOS\MvpApi.Forms.iOS.csproj", "{8B3AF519-0AC8-4DD8-ADE6-A41423A23BD2}"
EndProject
Project("{FAE04EC0-301F-11D3-BF4B-00C04F79EFBC}") = "MvpApi.Forms.UWP", "MvpApi.Forms\UWP\MvpApi.Forms.UWP.csproj", "{1354EC7E-862A-42C3-B283-A7FFEA602A47}"
EndProject
Project("{9A19103F-16F7-4668-BE54-9A1E7A4F7556}") = "MvpApi.Forms.Portable", "MvpApi.Forms\Portable\MvpApi.Forms.Portable.csproj", "{784A1169-BD7B-4B7B-9F11-4DDF4093FE48}"
EndProject
Project("{9A19103F-16F7-4668-BE54-9A1E7A4F7556}") = "MvpApi.Wpf", "MvpApi.Wpf\MvpApi.Wpf.csproj", "{28E6DE23-444A-48FC-A4A8-C7334CBACDE1}"
EndProject
Project("{C7167F0D-BC9F-4E6E-AFE1-012C56B48DB5}") = "MvpCompanion.Packaging", "MvpCompanion.Packaging\MvpCompanion.Packaging.wapproj", "{3CA27EC2-6009-4267-8265-2B4A088A8D25}"
EndProject
Global
	GlobalSection(SolutionConfigurationPlatforms) = preSolution
		Ad-Hoc|Any CPU = Ad-Hoc|Any CPU
		Ad-Hoc|ARM = Ad-Hoc|ARM
		Ad-Hoc|ARM64 = Ad-Hoc|ARM64
		Ad-Hoc|iPhone = Ad-Hoc|iPhone
		Ad-Hoc|iPhoneSimulator = Ad-Hoc|iPhoneSimulator
		Ad-Hoc|x64 = Ad-Hoc|x64
		Ad-Hoc|x86 = Ad-Hoc|x86
		AppStore|Any CPU = AppStore|Any CPU
		AppStore|ARM = AppStore|ARM
		AppStore|ARM64 = AppStore|ARM64
		AppStore|iPhone = AppStore|iPhone
		AppStore|iPhoneSimulator = AppStore|iPhoneSimulator
		AppStore|x64 = AppStore|x64
		AppStore|x86 = AppStore|x86
		Debug|Any CPU = Debug|Any CPU
		Debug|ARM = Debug|ARM
		Debug|ARM64 = Debug|ARM64
		Debug|iPhone = Debug|iPhone
		Debug|iPhoneSimulator = Debug|iPhoneSimulator
		Debug|x64 = Debug|x64
		Debug|x86 = Debug|x86
		Release|Any CPU = Release|Any CPU
		Release|ARM = Release|ARM
		Release|ARM64 = Release|ARM64
		Release|iPhone = Release|iPhone
		Release|iPhoneSimulator = Release|iPhoneSimulator
		Release|x64 = Release|x64
		Release|x86 = Release|x86
	EndGlobalSection
	GlobalSection(ProjectConfigurationPlatforms) = postSolution
		{FA6C2B8C-C185-4152-ACE1-A65A815A518E}.Ad-Hoc|Any CPU.ActiveCfg = Release|x64
		{FA6C2B8C-C185-4152-ACE1-A65A815A518E}.Ad-Hoc|Any CPU.Build.0 = Release|x64
		{FA6C2B8C-C185-4152-ACE1-A65A815A518E}.Ad-Hoc|Any CPU.Deploy.0 = Release|x64
		{FA6C2B8C-C185-4152-ACE1-A65A815A518E}.Ad-Hoc|ARM.ActiveCfg = Release|ARM
		{FA6C2B8C-C185-4152-ACE1-A65A815A518E}.Ad-Hoc|ARM.Build.0 = Release|ARM
		{FA6C2B8C-C185-4152-ACE1-A65A815A518E}.Ad-Hoc|ARM.Deploy.0 = Release|ARM
		{FA6C2B8C-C185-4152-ACE1-A65A815A518E}.Ad-Hoc|ARM64.ActiveCfg = Release|ARM64
		{FA6C2B8C-C185-4152-ACE1-A65A815A518E}.Ad-Hoc|ARM64.Build.0 = Release|ARM64
		{FA6C2B8C-C185-4152-ACE1-A65A815A518E}.Ad-Hoc|ARM64.Deploy.0 = Release|ARM64
		{FA6C2B8C-C185-4152-ACE1-A65A815A518E}.Ad-Hoc|iPhone.ActiveCfg = Release|x64
		{FA6C2B8C-C185-4152-ACE1-A65A815A518E}.Ad-Hoc|iPhone.Build.0 = Release|x64
		{FA6C2B8C-C185-4152-ACE1-A65A815A518E}.Ad-Hoc|iPhone.Deploy.0 = Release|x64
		{FA6C2B8C-C185-4152-ACE1-A65A815A518E}.Ad-Hoc|iPhoneSimulator.ActiveCfg = Release|x64
		{FA6C2B8C-C185-4152-ACE1-A65A815A518E}.Ad-Hoc|iPhoneSimulator.Build.0 = Release|x64
		{FA6C2B8C-C185-4152-ACE1-A65A815A518E}.Ad-Hoc|iPhoneSimulator.Deploy.0 = Release|x64
		{FA6C2B8C-C185-4152-ACE1-A65A815A518E}.Ad-Hoc|x64.ActiveCfg = Release|x64
		{FA6C2B8C-C185-4152-ACE1-A65A815A518E}.Ad-Hoc|x64.Build.0 = Release|x64
		{FA6C2B8C-C185-4152-ACE1-A65A815A518E}.Ad-Hoc|x64.Deploy.0 = Release|x64
		{FA6C2B8C-C185-4152-ACE1-A65A815A518E}.Ad-Hoc|x86.ActiveCfg = Release|x86
		{FA6C2B8C-C185-4152-ACE1-A65A815A518E}.Ad-Hoc|x86.Build.0 = Release|x86
		{FA6C2B8C-C185-4152-ACE1-A65A815A518E}.Ad-Hoc|x86.Deploy.0 = Release|x86
		{FA6C2B8C-C185-4152-ACE1-A65A815A518E}.AppStore|Any CPU.ActiveCfg = Release|x64
		{FA6C2B8C-C185-4152-ACE1-A65A815A518E}.AppStore|Any CPU.Build.0 = Release|x64
		{FA6C2B8C-C185-4152-ACE1-A65A815A518E}.AppStore|Any CPU.Deploy.0 = Release|x64
		{FA6C2B8C-C185-4152-ACE1-A65A815A518E}.AppStore|ARM.ActiveCfg = Release|ARM
		{FA6C2B8C-C185-4152-ACE1-A65A815A518E}.AppStore|ARM.Build.0 = Release|ARM
		{FA6C2B8C-C185-4152-ACE1-A65A815A518E}.AppStore|ARM.Deploy.0 = Release|ARM
		{FA6C2B8C-C185-4152-ACE1-A65A815A518E}.AppStore|ARM64.ActiveCfg = Release|ARM64
		{FA6C2B8C-C185-4152-ACE1-A65A815A518E}.AppStore|ARM64.Build.0 = Release|ARM64
		{FA6C2B8C-C185-4152-ACE1-A65A815A518E}.AppStore|ARM64.Deploy.0 = Release|ARM64
		{FA6C2B8C-C185-4152-ACE1-A65A815A518E}.AppStore|iPhone.ActiveCfg = Release|x64
		{FA6C2B8C-C185-4152-ACE1-A65A815A518E}.AppStore|iPhone.Build.0 = Release|x64
		{FA6C2B8C-C185-4152-ACE1-A65A815A518E}.AppStore|iPhone.Deploy.0 = Release|x64
		{FA6C2B8C-C185-4152-ACE1-A65A815A518E}.AppStore|iPhoneSimulator.ActiveCfg = Release|x64
		{FA6C2B8C-C185-4152-ACE1-A65A815A518E}.AppStore|iPhoneSimulator.Build.0 = Release|x64
		{FA6C2B8C-C185-4152-ACE1-A65A815A518E}.AppStore|iPhoneSimulator.Deploy.0 = Release|x64
		{FA6C2B8C-C185-4152-ACE1-A65A815A518E}.AppStore|x64.ActiveCfg = Release|x64
		{FA6C2B8C-C185-4152-ACE1-A65A815A518E}.AppStore|x64.Build.0 = Release|x64
		{FA6C2B8C-C185-4152-ACE1-A65A815A518E}.AppStore|x64.Deploy.0 = Release|x64
		{FA6C2B8C-C185-4152-ACE1-A65A815A518E}.AppStore|x86.ActiveCfg = Release|x86
		{FA6C2B8C-C185-4152-ACE1-A65A815A518E}.AppStore|x86.Build.0 = Release|x86
		{FA6C2B8C-C185-4152-ACE1-A65A815A518E}.AppStore|x86.Deploy.0 = Release|x86
		{FA6C2B8C-C185-4152-ACE1-A65A815A518E}.Debug|Any CPU.ActiveCfg = Debug|x86
		{FA6C2B8C-C185-4152-ACE1-A65A815A518E}.Debug|Any CPU.Build.0 = Debug|x86
		{FA6C2B8C-C185-4152-ACE1-A65A815A518E}.Debug|Any CPU.Deploy.0 = Debug|x86
		{FA6C2B8C-C185-4152-ACE1-A65A815A518E}.Debug|ARM.ActiveCfg = Debug|ARM
		{FA6C2B8C-C185-4152-ACE1-A65A815A518E}.Debug|ARM.Build.0 = Debug|ARM
		{FA6C2B8C-C185-4152-ACE1-A65A815A518E}.Debug|ARM.Deploy.0 = Debug|ARM
		{FA6C2B8C-C185-4152-ACE1-A65A815A518E}.Debug|ARM64.ActiveCfg = Debug|ARM64
		{FA6C2B8C-C185-4152-ACE1-A65A815A518E}.Debug|ARM64.Build.0 = Debug|ARM64
		{FA6C2B8C-C185-4152-ACE1-A65A815A518E}.Debug|ARM64.Deploy.0 = Debug|ARM64
		{FA6C2B8C-C185-4152-ACE1-A65A815A518E}.Debug|iPhone.ActiveCfg = Debug|x86
		{FA6C2B8C-C185-4152-ACE1-A65A815A518E}.Debug|iPhoneSimulator.ActiveCfg = Debug|x86
		{FA6C2B8C-C185-4152-ACE1-A65A815A518E}.Debug|x64.ActiveCfg = Debug|x64
		{FA6C2B8C-C185-4152-ACE1-A65A815A518E}.Debug|x64.Build.0 = Debug|x64
		{FA6C2B8C-C185-4152-ACE1-A65A815A518E}.Debug|x64.Deploy.0 = Debug|x64
		{FA6C2B8C-C185-4152-ACE1-A65A815A518E}.Debug|x86.ActiveCfg = Debug|x86
		{FA6C2B8C-C185-4152-ACE1-A65A815A518E}.Debug|x86.Build.0 = Debug|x86
		{FA6C2B8C-C185-4152-ACE1-A65A815A518E}.Debug|x86.Deploy.0 = Debug|x86
		{FA6C2B8C-C185-4152-ACE1-A65A815A518E}.Release|Any CPU.ActiveCfg = Release|x86
		{FA6C2B8C-C185-4152-ACE1-A65A815A518E}.Release|Any CPU.Build.0 = Release|x86
		{FA6C2B8C-C185-4152-ACE1-A65A815A518E}.Release|Any CPU.Deploy.0 = Release|x86
		{FA6C2B8C-C185-4152-ACE1-A65A815A518E}.Release|ARM.ActiveCfg = Release|ARM
		{FA6C2B8C-C185-4152-ACE1-A65A815A518E}.Release|ARM.Build.0 = Release|ARM
		{FA6C2B8C-C185-4152-ACE1-A65A815A518E}.Release|ARM.Deploy.0 = Release|ARM
		{FA6C2B8C-C185-4152-ACE1-A65A815A518E}.Release|ARM64.ActiveCfg = Release|ARM64
		{FA6C2B8C-C185-4152-ACE1-A65A815A518E}.Release|ARM64.Build.0 = Release|ARM64
		{FA6C2B8C-C185-4152-ACE1-A65A815A518E}.Release|ARM64.Deploy.0 = Release|ARM64
		{FA6C2B8C-C185-4152-ACE1-A65A815A518E}.Release|iPhone.ActiveCfg = Release|x86
		{FA6C2B8C-C185-4152-ACE1-A65A815A518E}.Release|iPhoneSimulator.ActiveCfg = Release|x86
		{FA6C2B8C-C185-4152-ACE1-A65A815A518E}.Release|x64.ActiveCfg = Release|x64
		{FA6C2B8C-C185-4152-ACE1-A65A815A518E}.Release|x64.Build.0 = Release|x64
		{FA6C2B8C-C185-4152-ACE1-A65A815A518E}.Release|x64.Deploy.0 = Release|x64
		{FA6C2B8C-C185-4152-ACE1-A65A815A518E}.Release|x86.ActiveCfg = Release|x86
		{FA6C2B8C-C185-4152-ACE1-A65A815A518E}.Release|x86.Build.0 = Release|x86
		{FA6C2B8C-C185-4152-ACE1-A65A815A518E}.Release|x86.Deploy.0 = Release|x86
		{3159AE84-B479-420C-BA42-E328D4159144}.Ad-Hoc|Any CPU.ActiveCfg = Debug|Any CPU
		{3159AE84-B479-420C-BA42-E328D4159144}.Ad-Hoc|Any CPU.Build.0 = Debug|Any CPU
		{3159AE84-B479-420C-BA42-E328D4159144}.Ad-Hoc|ARM.ActiveCfg = Debug|Any CPU
		{3159AE84-B479-420C-BA42-E328D4159144}.Ad-Hoc|ARM.Build.0 = Debug|Any CPU
		{3159AE84-B479-420C-BA42-E328D4159144}.Ad-Hoc|ARM64.ActiveCfg = Release|Any CPU
		{3159AE84-B479-420C-BA42-E328D4159144}.Ad-Hoc|ARM64.Build.0 = Release|Any CPU
		{3159AE84-B479-420C-BA42-E328D4159144}.Ad-Hoc|iPhone.ActiveCfg = Debug|Any CPU
		{3159AE84-B479-420C-BA42-E328D4159144}.Ad-Hoc|iPhone.Build.0 = Debug|Any CPU
		{3159AE84-B479-420C-BA42-E328D4159144}.Ad-Hoc|iPhoneSimulator.ActiveCfg = Debug|Any CPU
		{3159AE84-B479-420C-BA42-E328D4159144}.Ad-Hoc|iPhoneSimulator.Build.0 = Debug|Any CPU
		{3159AE84-B479-420C-BA42-E328D4159144}.Ad-Hoc|x64.ActiveCfg = Debug|Any CPU
		{3159AE84-B479-420C-BA42-E328D4159144}.Ad-Hoc|x64.Build.0 = Debug|Any CPU
		{3159AE84-B479-420C-BA42-E328D4159144}.Ad-Hoc|x86.ActiveCfg = Debug|Any CPU
		{3159AE84-B479-420C-BA42-E328D4159144}.Ad-Hoc|x86.Build.0 = Debug|Any CPU
		{3159AE84-B479-420C-BA42-E328D4159144}.AppStore|Any CPU.ActiveCfg = Debug|Any CPU
		{3159AE84-B479-420C-BA42-E328D4159144}.AppStore|Any CPU.Build.0 = Debug|Any CPU
		{3159AE84-B479-420C-BA42-E328D4159144}.AppStore|ARM.ActiveCfg = Debug|Any CPU
		{3159AE84-B479-420C-BA42-E328D4159144}.AppStore|ARM.Build.0 = Debug|Any CPU
		{3159AE84-B479-420C-BA42-E328D4159144}.AppStore|ARM64.ActiveCfg = Release|Any CPU
		{3159AE84-B479-420C-BA42-E328D4159144}.AppStore|ARM64.Build.0 = Release|Any CPU
		{3159AE84-B479-420C-BA42-E328D4159144}.AppStore|iPhone.ActiveCfg = Debug|Any CPU
		{3159AE84-B479-420C-BA42-E328D4159144}.AppStore|iPhone.Build.0 = Debug|Any CPU
		{3159AE84-B479-420C-BA42-E328D4159144}.AppStore|iPhoneSimulator.ActiveCfg = Debug|Any CPU
		{3159AE84-B479-420C-BA42-E328D4159144}.AppStore|iPhoneSimulator.Build.0 = Debug|Any CPU
		{3159AE84-B479-420C-BA42-E328D4159144}.AppStore|x64.ActiveCfg = Debug|Any CPU
		{3159AE84-B479-420C-BA42-E328D4159144}.AppStore|x64.Build.0 = Debug|Any CPU
		{3159AE84-B479-420C-BA42-E328D4159144}.AppStore|x86.ActiveCfg = Debug|Any CPU
		{3159AE84-B479-420C-BA42-E328D4159144}.AppStore|x86.Build.0 = Debug|Any CPU
		{3159AE84-B479-420C-BA42-E328D4159144}.Debug|Any CPU.ActiveCfg = Debug|Any CPU
		{3159AE84-B479-420C-BA42-E328D4159144}.Debug|Any CPU.Build.0 = Debug|Any CPU
		{3159AE84-B479-420C-BA42-E328D4159144}.Debug|ARM.ActiveCfg = Debug|Any CPU
		{3159AE84-B479-420C-BA42-E328D4159144}.Debug|ARM.Build.0 = Debug|Any CPU
		{3159AE84-B479-420C-BA42-E328D4159144}.Debug|ARM64.ActiveCfg = Debug|Any CPU
		{3159AE84-B479-420C-BA42-E328D4159144}.Debug|ARM64.Build.0 = Debug|Any CPU
		{3159AE84-B479-420C-BA42-E328D4159144}.Debug|iPhone.ActiveCfg = Debug|Any CPU
		{3159AE84-B479-420C-BA42-E328D4159144}.Debug|iPhone.Build.0 = Debug|Any CPU
		{3159AE84-B479-420C-BA42-E328D4159144}.Debug|iPhoneSimulator.ActiveCfg = Debug|Any CPU
		{3159AE84-B479-420C-BA42-E328D4159144}.Debug|iPhoneSimulator.Build.0 = Debug|Any CPU
		{3159AE84-B479-420C-BA42-E328D4159144}.Debug|x64.ActiveCfg = Debug|Any CPU
		{3159AE84-B479-420C-BA42-E328D4159144}.Debug|x64.Build.0 = Debug|Any CPU
		{3159AE84-B479-420C-BA42-E328D4159144}.Debug|x86.ActiveCfg = Debug|Any CPU
		{3159AE84-B479-420C-BA42-E328D4159144}.Debug|x86.Build.0 = Debug|Any CPU
		{3159AE84-B479-420C-BA42-E328D4159144}.Release|Any CPU.ActiveCfg = Release|Any CPU
		{3159AE84-B479-420C-BA42-E328D4159144}.Release|Any CPU.Build.0 = Release|Any CPU
		{3159AE84-B479-420C-BA42-E328D4159144}.Release|ARM.ActiveCfg = Release|Any CPU
		{3159AE84-B479-420C-BA42-E328D4159144}.Release|ARM.Build.0 = Release|Any CPU
		{3159AE84-B479-420C-BA42-E328D4159144}.Release|ARM64.ActiveCfg = Release|Any CPU
		{3159AE84-B479-420C-BA42-E328D4159144}.Release|ARM64.Build.0 = Release|Any CPU
		{3159AE84-B479-420C-BA42-E328D4159144}.Release|iPhone.ActiveCfg = Release|Any CPU
		{3159AE84-B479-420C-BA42-E328D4159144}.Release|iPhone.Build.0 = Release|Any CPU
		{3159AE84-B479-420C-BA42-E328D4159144}.Release|iPhoneSimulator.ActiveCfg = Release|Any CPU
		{3159AE84-B479-420C-BA42-E328D4159144}.Release|iPhoneSimulator.Build.0 = Release|Any CPU
		{3159AE84-B479-420C-BA42-E328D4159144}.Release|x64.ActiveCfg = Release|Any CPU
		{3159AE84-B479-420C-BA42-E328D4159144}.Release|x64.Build.0 = Release|Any CPU
		{3159AE84-B479-420C-BA42-E328D4159144}.Release|x86.ActiveCfg = Release|Any CPU
		{3159AE84-B479-420C-BA42-E328D4159144}.Release|x86.Build.0 = Release|Any CPU
		{9D7FF5EA-20D9-40E3-9704-E3E7B5E2DC25}.Ad-Hoc|Any CPU.ActiveCfg = Release|Any CPU
		{9D7FF5EA-20D9-40E3-9704-E3E7B5E2DC25}.Ad-Hoc|Any CPU.Build.0 = Release|Any CPU
		{9D7FF5EA-20D9-40E3-9704-E3E7B5E2DC25}.Ad-Hoc|ARM.ActiveCfg = Release|ARM
		{9D7FF5EA-20D9-40E3-9704-E3E7B5E2DC25}.Ad-Hoc|ARM.Build.0 = Release|ARM
		{9D7FF5EA-20D9-40E3-9704-E3E7B5E2DC25}.Ad-Hoc|ARM64.ActiveCfg = Debug|Any CPU
		{9D7FF5EA-20D9-40E3-9704-E3E7B5E2DC25}.Ad-Hoc|ARM64.Build.0 = Debug|Any CPU
		{9D7FF5EA-20D9-40E3-9704-E3E7B5E2DC25}.Ad-Hoc|iPhone.ActiveCfg = Release|Any CPU
		{9D7FF5EA-20D9-40E3-9704-E3E7B5E2DC25}.Ad-Hoc|iPhone.Build.0 = Release|Any CPU
		{9D7FF5EA-20D9-40E3-9704-E3E7B5E2DC25}.Ad-Hoc|iPhoneSimulator.ActiveCfg = Release|Any CPU
		{9D7FF5EA-20D9-40E3-9704-E3E7B5E2DC25}.Ad-Hoc|iPhoneSimulator.Build.0 = Release|Any CPU
		{9D7FF5EA-20D9-40E3-9704-E3E7B5E2DC25}.Ad-Hoc|x64.ActiveCfg = Release|x64
		{9D7FF5EA-20D9-40E3-9704-E3E7B5E2DC25}.Ad-Hoc|x64.Build.0 = Release|x64
		{9D7FF5EA-20D9-40E3-9704-E3E7B5E2DC25}.Ad-Hoc|x86.ActiveCfg = Release|x86
		{9D7FF5EA-20D9-40E3-9704-E3E7B5E2DC25}.Ad-Hoc|x86.Build.0 = Release|x86
		{9D7FF5EA-20D9-40E3-9704-E3E7B5E2DC25}.AppStore|Any CPU.ActiveCfg = Release|Any CPU
		{9D7FF5EA-20D9-40E3-9704-E3E7B5E2DC25}.AppStore|Any CPU.Build.0 = Release|Any CPU
		{9D7FF5EA-20D9-40E3-9704-E3E7B5E2DC25}.AppStore|ARM.ActiveCfg = Release|ARM
		{9D7FF5EA-20D9-40E3-9704-E3E7B5E2DC25}.AppStore|ARM.Build.0 = Release|ARM
		{9D7FF5EA-20D9-40E3-9704-E3E7B5E2DC25}.AppStore|ARM64.ActiveCfg = Debug|Any CPU
		{9D7FF5EA-20D9-40E3-9704-E3E7B5E2DC25}.AppStore|ARM64.Build.0 = Debug|Any CPU
		{9D7FF5EA-20D9-40E3-9704-E3E7B5E2DC25}.AppStore|iPhone.ActiveCfg = Release|Any CPU
		{9D7FF5EA-20D9-40E3-9704-E3E7B5E2DC25}.AppStore|iPhone.Build.0 = Release|Any CPU
		{9D7FF5EA-20D9-40E3-9704-E3E7B5E2DC25}.AppStore|iPhoneSimulator.ActiveCfg = Release|Any CPU
		{9D7FF5EA-20D9-40E3-9704-E3E7B5E2DC25}.AppStore|iPhoneSimulator.Build.0 = Release|Any CPU
		{9D7FF5EA-20D9-40E3-9704-E3E7B5E2DC25}.AppStore|x64.ActiveCfg = Release|x64
		{9D7FF5EA-20D9-40E3-9704-E3E7B5E2DC25}.AppStore|x64.Build.0 = Release|x64
		{9D7FF5EA-20D9-40E3-9704-E3E7B5E2DC25}.AppStore|x86.ActiveCfg = Release|x86
		{9D7FF5EA-20D9-40E3-9704-E3E7B5E2DC25}.AppStore|x86.Build.0 = Release|x86
		{9D7FF5EA-20D9-40E3-9704-E3E7B5E2DC25}.Debug|Any CPU.ActiveCfg = Debug|Any CPU
		{9D7FF5EA-20D9-40E3-9704-E3E7B5E2DC25}.Debug|Any CPU.Build.0 = Debug|Any CPU
		{9D7FF5EA-20D9-40E3-9704-E3E7B5E2DC25}.Debug|ARM.ActiveCfg = Debug|ARM
		{9D7FF5EA-20D9-40E3-9704-E3E7B5E2DC25}.Debug|ARM.Build.0 = Debug|ARM
		{9D7FF5EA-20D9-40E3-9704-E3E7B5E2DC25}.Debug|ARM64.ActiveCfg = Debug|ARM64
		{9D7FF5EA-20D9-40E3-9704-E3E7B5E2DC25}.Debug|ARM64.Build.0 = Debug|ARM64
		{9D7FF5EA-20D9-40E3-9704-E3E7B5E2DC25}.Debug|iPhone.ActiveCfg = Debug|Any CPU
		{9D7FF5EA-20D9-40E3-9704-E3E7B5E2DC25}.Debug|iPhone.Build.0 = Debug|Any CPU
		{9D7FF5EA-20D9-40E3-9704-E3E7B5E2DC25}.Debug|iPhoneSimulator.ActiveCfg = Debug|Any CPU
		{9D7FF5EA-20D9-40E3-9704-E3E7B5E2DC25}.Debug|iPhoneSimulator.Build.0 = Debug|Any CPU
		{9D7FF5EA-20D9-40E3-9704-E3E7B5E2DC25}.Debug|x64.ActiveCfg = Debug|x64
		{9D7FF5EA-20D9-40E3-9704-E3E7B5E2DC25}.Debug|x64.Build.0 = Debug|x64
		{9D7FF5EA-20D9-40E3-9704-E3E7B5E2DC25}.Debug|x86.ActiveCfg = Debug|x86
		{9D7FF5EA-20D9-40E3-9704-E3E7B5E2DC25}.Debug|x86.Build.0 = Debug|x86
		{9D7FF5EA-20D9-40E3-9704-E3E7B5E2DC25}.Release|Any CPU.ActiveCfg = Release|Any CPU
		{9D7FF5EA-20D9-40E3-9704-E3E7B5E2DC25}.Release|Any CPU.Build.0 = Release|Any CPU
		{9D7FF5EA-20D9-40E3-9704-E3E7B5E2DC25}.Release|ARM.ActiveCfg = Release|ARM
		{9D7FF5EA-20D9-40E3-9704-E3E7B5E2DC25}.Release|ARM.Build.0 = Release|ARM
		{9D7FF5EA-20D9-40E3-9704-E3E7B5E2DC25}.Release|ARM64.ActiveCfg = Release|ARM64
		{9D7FF5EA-20D9-40E3-9704-E3E7B5E2DC25}.Release|ARM64.Build.0 = Release|ARM64
		{9D7FF5EA-20D9-40E3-9704-E3E7B5E2DC25}.Release|iPhone.ActiveCfg = Release|Any CPU
		{9D7FF5EA-20D9-40E3-9704-E3E7B5E2DC25}.Release|iPhone.Build.0 = Release|Any CPU
		{9D7FF5EA-20D9-40E3-9704-E3E7B5E2DC25}.Release|iPhoneSimulator.ActiveCfg = Release|Any CPU
		{9D7FF5EA-20D9-40E3-9704-E3E7B5E2DC25}.Release|iPhoneSimulator.Build.0 = Release|Any CPU
		{9D7FF5EA-20D9-40E3-9704-E3E7B5E2DC25}.Release|x64.ActiveCfg = Release|x64
		{9D7FF5EA-20D9-40E3-9704-E3E7B5E2DC25}.Release|x64.Build.0 = Release|x64
		{9D7FF5EA-20D9-40E3-9704-E3E7B5E2DC25}.Release|x86.ActiveCfg = Release|x86
		{9D7FF5EA-20D9-40E3-9704-E3E7B5E2DC25}.Release|x86.Build.0 = Release|x86
		{EDC2D11B-FE53-454B-A7E5-6C74E89FA479}.Ad-Hoc|Any CPU.ActiveCfg = Debug|Any CPU
		{EDC2D11B-FE53-454B-A7E5-6C74E89FA479}.Ad-Hoc|Any CPU.Build.0 = Debug|Any CPU
		{EDC2D11B-FE53-454B-A7E5-6C74E89FA479}.Ad-Hoc|ARM.ActiveCfg = Debug|Any CPU
		{EDC2D11B-FE53-454B-A7E5-6C74E89FA479}.Ad-Hoc|ARM.Build.0 = Debug|Any CPU
		{EDC2D11B-FE53-454B-A7E5-6C74E89FA479}.Ad-Hoc|ARM64.ActiveCfg = Debug|Any CPU
		{EDC2D11B-FE53-454B-A7E5-6C74E89FA479}.Ad-Hoc|ARM64.Build.0 = Debug|Any CPU
		{EDC2D11B-FE53-454B-A7E5-6C74E89FA479}.Ad-Hoc|iPhone.ActiveCfg = Debug|Any CPU
		{EDC2D11B-FE53-454B-A7E5-6C74E89FA479}.Ad-Hoc|iPhone.Build.0 = Debug|Any CPU
		{EDC2D11B-FE53-454B-A7E5-6C74E89FA479}.Ad-Hoc|iPhoneSimulator.ActiveCfg = Debug|Any CPU
		{EDC2D11B-FE53-454B-A7E5-6C74E89FA479}.Ad-Hoc|iPhoneSimulator.Build.0 = Debug|Any CPU
		{EDC2D11B-FE53-454B-A7E5-6C74E89FA479}.Ad-Hoc|x64.ActiveCfg = Debug|Any CPU
		{EDC2D11B-FE53-454B-A7E5-6C74E89FA479}.Ad-Hoc|x64.Build.0 = Debug|Any CPU
		{EDC2D11B-FE53-454B-A7E5-6C74E89FA479}.Ad-Hoc|x86.ActiveCfg = Debug|Any CPU
		{EDC2D11B-FE53-454B-A7E5-6C74E89FA479}.Ad-Hoc|x86.Build.0 = Debug|Any CPU
		{EDC2D11B-FE53-454B-A7E5-6C74E89FA479}.AppStore|Any CPU.ActiveCfg = Debug|Any CPU
		{EDC2D11B-FE53-454B-A7E5-6C74E89FA479}.AppStore|Any CPU.Build.0 = Debug|Any CPU
		{EDC2D11B-FE53-454B-A7E5-6C74E89FA479}.AppStore|ARM.ActiveCfg = Debug|Any CPU
		{EDC2D11B-FE53-454B-A7E5-6C74E89FA479}.AppStore|ARM.Build.0 = Debug|Any CPU
		{EDC2D11B-FE53-454B-A7E5-6C74E89FA479}.AppStore|ARM64.ActiveCfg = Debug|Any CPU
		{EDC2D11B-FE53-454B-A7E5-6C74E89FA479}.AppStore|ARM64.Build.0 = Debug|Any CPU
		{EDC2D11B-FE53-454B-A7E5-6C74E89FA479}.AppStore|iPhone.ActiveCfg = Debug|Any CPU
		{EDC2D11B-FE53-454B-A7E5-6C74E89FA479}.AppStore|iPhone.Build.0 = Debug|Any CPU
		{EDC2D11B-FE53-454B-A7E5-6C74E89FA479}.AppStore|iPhoneSimulator.ActiveCfg = Debug|Any CPU
		{EDC2D11B-FE53-454B-A7E5-6C74E89FA479}.AppStore|iPhoneSimulator.Build.0 = Debug|Any CPU
		{EDC2D11B-FE53-454B-A7E5-6C74E89FA479}.AppStore|x64.ActiveCfg = Debug|Any CPU
		{EDC2D11B-FE53-454B-A7E5-6C74E89FA479}.AppStore|x64.Build.0 = Debug|Any CPU
		{EDC2D11B-FE53-454B-A7E5-6C74E89FA479}.AppStore|x86.ActiveCfg = Debug|Any CPU
		{EDC2D11B-FE53-454B-A7E5-6C74E89FA479}.AppStore|x86.Build.0 = Debug|Any CPU
		{EDC2D11B-FE53-454B-A7E5-6C74E89FA479}.Debug|Any CPU.ActiveCfg = Debug|Any CPU
		{EDC2D11B-FE53-454B-A7E5-6C74E89FA479}.Debug|Any CPU.Build.0 = Debug|Any CPU
		{EDC2D11B-FE53-454B-A7E5-6C74E89FA479}.Debug|ARM.ActiveCfg = Debug|Any CPU
		{EDC2D11B-FE53-454B-A7E5-6C74E89FA479}.Debug|ARM.Build.0 = Debug|Any CPU
		{EDC2D11B-FE53-454B-A7E5-6C74E89FA479}.Debug|ARM64.ActiveCfg = Debug|Any CPU
		{EDC2D11B-FE53-454B-A7E5-6C74E89FA479}.Debug|ARM64.Build.0 = Debug|Any CPU
		{EDC2D11B-FE53-454B-A7E5-6C74E89FA479}.Debug|iPhone.ActiveCfg = Debug|Any CPU
		{EDC2D11B-FE53-454B-A7E5-6C74E89FA479}.Debug|iPhone.Build.0 = Debug|Any CPU
		{EDC2D11B-FE53-454B-A7E5-6C74E89FA479}.Debug|iPhoneSimulator.ActiveCfg = Debug|Any CPU
		{EDC2D11B-FE53-454B-A7E5-6C74E89FA479}.Debug|iPhoneSimulator.Build.0 = Debug|Any CPU
		{EDC2D11B-FE53-454B-A7E5-6C74E89FA479}.Debug|x64.ActiveCfg = Debug|Any CPU
		{EDC2D11B-FE53-454B-A7E5-6C74E89FA479}.Debug|x64.Build.0 = Debug|Any CPU
		{EDC2D11B-FE53-454B-A7E5-6C74E89FA479}.Debug|x86.ActiveCfg = Debug|Any CPU
		{EDC2D11B-FE53-454B-A7E5-6C74E89FA479}.Debug|x86.Build.0 = Debug|Any CPU
		{EDC2D11B-FE53-454B-A7E5-6C74E89FA479}.Release|Any CPU.ActiveCfg = Release|Any CPU
		{EDC2D11B-FE53-454B-A7E5-6C74E89FA479}.Release|Any CPU.Build.0 = Release|Any CPU
		{EDC2D11B-FE53-454B-A7E5-6C74E89FA479}.Release|ARM.ActiveCfg = Release|Any CPU
		{EDC2D11B-FE53-454B-A7E5-6C74E89FA479}.Release|ARM.Build.0 = Release|Any CPU
		{EDC2D11B-FE53-454B-A7E5-6C74E89FA479}.Release|ARM64.ActiveCfg = Release|Any CPU
		{EDC2D11B-FE53-454B-A7E5-6C74E89FA479}.Release|ARM64.Build.0 = Release|Any CPU
		{EDC2D11B-FE53-454B-A7E5-6C74E89FA479}.Release|iPhone.ActiveCfg = Release|Any CPU
		{EDC2D11B-FE53-454B-A7E5-6C74E89FA479}.Release|iPhone.Build.0 = Release|Any CPU
		{EDC2D11B-FE53-454B-A7E5-6C74E89FA479}.Release|iPhoneSimulator.ActiveCfg = Release|Any CPU
		{EDC2D11B-FE53-454B-A7E5-6C74E89FA479}.Release|iPhoneSimulator.Build.0 = Release|Any CPU
		{EDC2D11B-FE53-454B-A7E5-6C74E89FA479}.Release|x64.ActiveCfg = Release|Any CPU
		{EDC2D11B-FE53-454B-A7E5-6C74E89FA479}.Release|x64.Build.0 = Release|Any CPU
		{EDC2D11B-FE53-454B-A7E5-6C74E89FA479}.Release|x86.ActiveCfg = Release|Any CPU
		{EDC2D11B-FE53-454B-A7E5-6C74E89FA479}.Release|x86.Build.0 = Release|Any CPU
		{468F41A8-B885-48C3-B369-49A704148311}.Ad-Hoc|Any CPU.ActiveCfg = Debug|Any CPU
		{468F41A8-B885-48C3-B369-49A704148311}.Ad-Hoc|Any CPU.Build.0 = Debug|Any CPU
		{468F41A8-B885-48C3-B369-49A704148311}.Ad-Hoc|ARM.ActiveCfg = Debug|Any CPU
		{468F41A8-B885-48C3-B369-49A704148311}.Ad-Hoc|ARM.Build.0 = Debug|Any CPU
		{468F41A8-B885-48C3-B369-49A704148311}.Ad-Hoc|ARM64.ActiveCfg = Debug|Any CPU
		{468F41A8-B885-48C3-B369-49A704148311}.Ad-Hoc|ARM64.Build.0 = Debug|Any CPU
		{468F41A8-B885-48C3-B369-49A704148311}.Ad-Hoc|iPhone.ActiveCfg = Debug|Any CPU
		{468F41A8-B885-48C3-B369-49A704148311}.Ad-Hoc|iPhone.Build.0 = Debug|Any CPU
		{468F41A8-B885-48C3-B369-49A704148311}.Ad-Hoc|iPhoneSimulator.ActiveCfg = Debug|Any CPU
		{468F41A8-B885-48C3-B369-49A704148311}.Ad-Hoc|iPhoneSimulator.Build.0 = Debug|Any CPU
		{468F41A8-B885-48C3-B369-49A704148311}.Ad-Hoc|x64.ActiveCfg = Debug|Any CPU
		{468F41A8-B885-48C3-B369-49A704148311}.Ad-Hoc|x64.Build.0 = Debug|Any CPU
		{468F41A8-B885-48C3-B369-49A704148311}.Ad-Hoc|x86.ActiveCfg = Debug|Any CPU
		{468F41A8-B885-48C3-B369-49A704148311}.Ad-Hoc|x86.Build.0 = Debug|Any CPU
		{468F41A8-B885-48C3-B369-49A704148311}.AppStore|Any CPU.ActiveCfg = Debug|Any CPU
		{468F41A8-B885-48C3-B369-49A704148311}.AppStore|Any CPU.Build.0 = Debug|Any CPU
		{468F41A8-B885-48C3-B369-49A704148311}.AppStore|ARM.ActiveCfg = Debug|Any CPU
		{468F41A8-B885-48C3-B369-49A704148311}.AppStore|ARM.Build.0 = Debug|Any CPU
		{468F41A8-B885-48C3-B369-49A704148311}.AppStore|ARM64.ActiveCfg = Debug|Any CPU
		{468F41A8-B885-48C3-B369-49A704148311}.AppStore|ARM64.Build.0 = Debug|Any CPU
		{468F41A8-B885-48C3-B369-49A704148311}.AppStore|iPhone.ActiveCfg = Debug|Any CPU
		{468F41A8-B885-48C3-B369-49A704148311}.AppStore|iPhone.Build.0 = Debug|Any CPU
		{468F41A8-B885-48C3-B369-49A704148311}.AppStore|iPhoneSimulator.ActiveCfg = Debug|Any CPU
		{468F41A8-B885-48C3-B369-49A704148311}.AppStore|iPhoneSimulator.Build.0 = Debug|Any CPU
		{468F41A8-B885-48C3-B369-49A704148311}.AppStore|x64.ActiveCfg = Debug|Any CPU
		{468F41A8-B885-48C3-B369-49A704148311}.AppStore|x64.Build.0 = Debug|Any CPU
		{468F41A8-B885-48C3-B369-49A704148311}.AppStore|x86.ActiveCfg = Debug|Any CPU
		{468F41A8-B885-48C3-B369-49A704148311}.AppStore|x86.Build.0 = Debug|Any CPU
		{468F41A8-B885-48C3-B369-49A704148311}.Debug|Any CPU.ActiveCfg = Debug|Any CPU
		{468F41A8-B885-48C3-B369-49A704148311}.Debug|Any CPU.Build.0 = Debug|Any CPU
		{468F41A8-B885-48C3-B369-49A704148311}.Debug|ARM.ActiveCfg = Debug|Any CPU
		{468F41A8-B885-48C3-B369-49A704148311}.Debug|ARM.Build.0 = Debug|Any CPU
		{468F41A8-B885-48C3-B369-49A704148311}.Debug|ARM64.ActiveCfg = Debug|Any CPU
		{468F41A8-B885-48C3-B369-49A704148311}.Debug|ARM64.Build.0 = Debug|Any CPU
		{468F41A8-B885-48C3-B369-49A704148311}.Debug|iPhone.ActiveCfg = Debug|Any CPU
		{468F41A8-B885-48C3-B369-49A704148311}.Debug|iPhone.Build.0 = Debug|Any CPU
		{468F41A8-B885-48C3-B369-49A704148311}.Debug|iPhoneSimulator.ActiveCfg = Debug|Any CPU
		{468F41A8-B885-48C3-B369-49A704148311}.Debug|iPhoneSimulator.Build.0 = Debug|Any CPU
		{468F41A8-B885-48C3-B369-49A704148311}.Debug|x64.ActiveCfg = Debug|Any CPU
		{468F41A8-B885-48C3-B369-49A704148311}.Debug|x64.Build.0 = Debug|Any CPU
		{468F41A8-B885-48C3-B369-49A704148311}.Debug|x86.ActiveCfg = Debug|Any CPU
		{468F41A8-B885-48C3-B369-49A704148311}.Debug|x86.Build.0 = Debug|Any CPU
		{468F41A8-B885-48C3-B369-49A704148311}.Release|Any CPU.ActiveCfg = Release|Any CPU
		{468F41A8-B885-48C3-B369-49A704148311}.Release|Any CPU.Build.0 = Release|Any CPU
		{468F41A8-B885-48C3-B369-49A704148311}.Release|ARM.ActiveCfg = Release|Any CPU
		{468F41A8-B885-48C3-B369-49A704148311}.Release|ARM.Build.0 = Release|Any CPU
		{468F41A8-B885-48C3-B369-49A704148311}.Release|ARM64.ActiveCfg = Release|Any CPU
		{468F41A8-B885-48C3-B369-49A704148311}.Release|ARM64.Build.0 = Release|Any CPU
		{468F41A8-B885-48C3-B369-49A704148311}.Release|iPhone.ActiveCfg = Release|Any CPU
		{468F41A8-B885-48C3-B369-49A704148311}.Release|iPhone.Build.0 = Release|Any CPU
		{468F41A8-B885-48C3-B369-49A704148311}.Release|iPhoneSimulator.ActiveCfg = Release|Any CPU
		{468F41A8-B885-48C3-B369-49A704148311}.Release|iPhoneSimulator.Build.0 = Release|Any CPU
		{468F41A8-B885-48C3-B369-49A704148311}.Release|x64.ActiveCfg = Release|Any CPU
		{468F41A8-B885-48C3-B369-49A704148311}.Release|x64.Build.0 = Release|Any CPU
		{468F41A8-B885-48C3-B369-49A704148311}.Release|x86.ActiveCfg = Release|Any CPU
		{468F41A8-B885-48C3-B369-49A704148311}.Release|x86.Build.0 = Release|Any CPU
		{BB729307-B10A-4E20-8C31-6153AE69CC0B}.Ad-Hoc|Any CPU.ActiveCfg = Release|Any CPU
		{BB729307-B10A-4E20-8C31-6153AE69CC0B}.Ad-Hoc|Any CPU.Build.0 = Release|Any CPU
		{BB729307-B10A-4E20-8C31-6153AE69CC0B}.Ad-Hoc|Any CPU.Deploy.0 = Release|Any CPU
		{BB729307-B10A-4E20-8C31-6153AE69CC0B}.Ad-Hoc|ARM.ActiveCfg = Release|Any CPU
		{BB729307-B10A-4E20-8C31-6153AE69CC0B}.Ad-Hoc|ARM.Build.0 = Release|Any CPU
		{BB729307-B10A-4E20-8C31-6153AE69CC0B}.Ad-Hoc|ARM.Deploy.0 = Release|Any CPU
		{BB729307-B10A-4E20-8C31-6153AE69CC0B}.Ad-Hoc|ARM64.ActiveCfg = Release|Any CPU
		{BB729307-B10A-4E20-8C31-6153AE69CC0B}.Ad-Hoc|ARM64.Build.0 = Release|Any CPU
		{BB729307-B10A-4E20-8C31-6153AE69CC0B}.Ad-Hoc|ARM64.Deploy.0 = Release|Any CPU
		{BB729307-B10A-4E20-8C31-6153AE69CC0B}.Ad-Hoc|iPhone.ActiveCfg = Release|Any CPU
		{BB729307-B10A-4E20-8C31-6153AE69CC0B}.Ad-Hoc|iPhone.Build.0 = Release|Any CPU
		{BB729307-B10A-4E20-8C31-6153AE69CC0B}.Ad-Hoc|iPhone.Deploy.0 = Release|Any CPU
		{BB729307-B10A-4E20-8C31-6153AE69CC0B}.Ad-Hoc|iPhoneSimulator.ActiveCfg = Release|Any CPU
		{BB729307-B10A-4E20-8C31-6153AE69CC0B}.Ad-Hoc|iPhoneSimulator.Build.0 = Release|Any CPU
		{BB729307-B10A-4E20-8C31-6153AE69CC0B}.Ad-Hoc|iPhoneSimulator.Deploy.0 = Release|Any CPU
		{BB729307-B10A-4E20-8C31-6153AE69CC0B}.Ad-Hoc|x64.ActiveCfg = Release|Any CPU
		{BB729307-B10A-4E20-8C31-6153AE69CC0B}.Ad-Hoc|x64.Build.0 = Release|Any CPU
		{BB729307-B10A-4E20-8C31-6153AE69CC0B}.Ad-Hoc|x64.Deploy.0 = Release|Any CPU
		{BB729307-B10A-4E20-8C31-6153AE69CC0B}.Ad-Hoc|x86.ActiveCfg = Release|Any CPU
		{BB729307-B10A-4E20-8C31-6153AE69CC0B}.Ad-Hoc|x86.Build.0 = Release|Any CPU
		{BB729307-B10A-4E20-8C31-6153AE69CC0B}.Ad-Hoc|x86.Deploy.0 = Release|Any CPU
		{BB729307-B10A-4E20-8C31-6153AE69CC0B}.AppStore|Any CPU.ActiveCfg = Release|Any CPU
		{BB729307-B10A-4E20-8C31-6153AE69CC0B}.AppStore|Any CPU.Build.0 = Release|Any CPU
		{BB729307-B10A-4E20-8C31-6153AE69CC0B}.AppStore|Any CPU.Deploy.0 = Release|Any CPU
		{BB729307-B10A-4E20-8C31-6153AE69CC0B}.AppStore|ARM.ActiveCfg = Release|Any CPU
		{BB729307-B10A-4E20-8C31-6153AE69CC0B}.AppStore|ARM.Build.0 = Release|Any CPU
		{BB729307-B10A-4E20-8C31-6153AE69CC0B}.AppStore|ARM.Deploy.0 = Release|Any CPU
		{BB729307-B10A-4E20-8C31-6153AE69CC0B}.AppStore|ARM64.ActiveCfg = Release|Any CPU
		{BB729307-B10A-4E20-8C31-6153AE69CC0B}.AppStore|ARM64.Build.0 = Release|Any CPU
		{BB729307-B10A-4E20-8C31-6153AE69CC0B}.AppStore|ARM64.Deploy.0 = Release|Any CPU
		{BB729307-B10A-4E20-8C31-6153AE69CC0B}.AppStore|iPhone.ActiveCfg = Release|Any CPU
		{BB729307-B10A-4E20-8C31-6153AE69CC0B}.AppStore|iPhone.Build.0 = Release|Any CPU
		{BB729307-B10A-4E20-8C31-6153AE69CC0B}.AppStore|iPhone.Deploy.0 = Release|Any CPU
		{BB729307-B10A-4E20-8C31-6153AE69CC0B}.AppStore|iPhoneSimulator.ActiveCfg = Release|Any CPU
		{BB729307-B10A-4E20-8C31-6153AE69CC0B}.AppStore|iPhoneSimulator.Build.0 = Release|Any CPU
		{BB729307-B10A-4E20-8C31-6153AE69CC0B}.AppStore|iPhoneSimulator.Deploy.0 = Release|Any CPU
		{BB729307-B10A-4E20-8C31-6153AE69CC0B}.AppStore|x64.ActiveCfg = Release|Any CPU
		{BB729307-B10A-4E20-8C31-6153AE69CC0B}.AppStore|x64.Build.0 = Release|Any CPU
		{BB729307-B10A-4E20-8C31-6153AE69CC0B}.AppStore|x64.Deploy.0 = Release|Any CPU
		{BB729307-B10A-4E20-8C31-6153AE69CC0B}.AppStore|x86.ActiveCfg = Release|Any CPU
		{BB729307-B10A-4E20-8C31-6153AE69CC0B}.AppStore|x86.Build.0 = Release|Any CPU
		{BB729307-B10A-4E20-8C31-6153AE69CC0B}.AppStore|x86.Deploy.0 = Release|Any CPU
		{BB729307-B10A-4E20-8C31-6153AE69CC0B}.Debug|Any CPU.ActiveCfg = Debug|Any CPU
		{BB729307-B10A-4E20-8C31-6153AE69CC0B}.Debug|Any CPU.Build.0 = Debug|Any CPU
		{BB729307-B10A-4E20-8C31-6153AE69CC0B}.Debug|Any CPU.Deploy.0 = Debug|Any CPU
		{BB729307-B10A-4E20-8C31-6153AE69CC0B}.Debug|ARM.ActiveCfg = Debug|Any CPU
		{BB729307-B10A-4E20-8C31-6153AE69CC0B}.Debug|ARM.Build.0 = Debug|Any CPU
		{BB729307-B10A-4E20-8C31-6153AE69CC0B}.Debug|ARM.Deploy.0 = Debug|Any CPU
		{BB729307-B10A-4E20-8C31-6153AE69CC0B}.Debug|ARM64.ActiveCfg = Debug|Any CPU
		{BB729307-B10A-4E20-8C31-6153AE69CC0B}.Debug|ARM64.Build.0 = Debug|Any CPU
		{BB729307-B10A-4E20-8C31-6153AE69CC0B}.Debug|ARM64.Deploy.0 = Debug|Any CPU
		{BB729307-B10A-4E20-8C31-6153AE69CC0B}.Debug|iPhone.ActiveCfg = Debug|Any CPU
		{BB729307-B10A-4E20-8C31-6153AE69CC0B}.Debug|iPhone.Build.0 = Debug|Any CPU
		{BB729307-B10A-4E20-8C31-6153AE69CC0B}.Debug|iPhone.Deploy.0 = Debug|Any CPU
		{BB729307-B10A-4E20-8C31-6153AE69CC0B}.Debug|iPhoneSimulator.ActiveCfg = Debug|Any CPU
		{BB729307-B10A-4E20-8C31-6153AE69CC0B}.Debug|iPhoneSimulator.Build.0 = Debug|Any CPU
		{BB729307-B10A-4E20-8C31-6153AE69CC0B}.Debug|iPhoneSimulator.Deploy.0 = Debug|Any CPU
		{BB729307-B10A-4E20-8C31-6153AE69CC0B}.Debug|x64.ActiveCfg = Debug|Any CPU
		{BB729307-B10A-4E20-8C31-6153AE69CC0B}.Debug|x64.Build.0 = Debug|Any CPU
		{BB729307-B10A-4E20-8C31-6153AE69CC0B}.Debug|x64.Deploy.0 = Debug|Any CPU
		{BB729307-B10A-4E20-8C31-6153AE69CC0B}.Debug|x86.ActiveCfg = Debug|Any CPU
		{BB729307-B10A-4E20-8C31-6153AE69CC0B}.Debug|x86.Build.0 = Debug|Any CPU
		{BB729307-B10A-4E20-8C31-6153AE69CC0B}.Debug|x86.Deploy.0 = Debug|Any CPU
		{BB729307-B10A-4E20-8C31-6153AE69CC0B}.Release|Any CPU.ActiveCfg = Release|Any CPU
		{BB729307-B10A-4E20-8C31-6153AE69CC0B}.Release|Any CPU.Build.0 = Release|Any CPU
		{BB729307-B10A-4E20-8C31-6153AE69CC0B}.Release|Any CPU.Deploy.0 = Release|Any CPU
		{BB729307-B10A-4E20-8C31-6153AE69CC0B}.Release|ARM.ActiveCfg = Release|Any CPU
		{BB729307-B10A-4E20-8C31-6153AE69CC0B}.Release|ARM.Build.0 = Release|Any CPU
		{BB729307-B10A-4E20-8C31-6153AE69CC0B}.Release|ARM.Deploy.0 = Release|Any CPU
		{BB729307-B10A-4E20-8C31-6153AE69CC0B}.Release|ARM64.ActiveCfg = Release|Any CPU
		{BB729307-B10A-4E20-8C31-6153AE69CC0B}.Release|ARM64.Build.0 = Release|Any CPU
		{BB729307-B10A-4E20-8C31-6153AE69CC0B}.Release|ARM64.Deploy.0 = Release|Any CPU
		{BB729307-B10A-4E20-8C31-6153AE69CC0B}.Release|iPhone.ActiveCfg = Release|Any CPU
		{BB729307-B10A-4E20-8C31-6153AE69CC0B}.Release|iPhone.Build.0 = Release|Any CPU
		{BB729307-B10A-4E20-8C31-6153AE69CC0B}.Release|iPhone.Deploy.0 = Release|Any CPU
		{BB729307-B10A-4E20-8C31-6153AE69CC0B}.Release|iPhoneSimulator.ActiveCfg = Release|Any CPU
		{BB729307-B10A-4E20-8C31-6153AE69CC0B}.Release|iPhoneSimulator.Build.0 = Release|Any CPU
		{BB729307-B10A-4E20-8C31-6153AE69CC0B}.Release|iPhoneSimulator.Deploy.0 = Release|Any CPU
		{BB729307-B10A-4E20-8C31-6153AE69CC0B}.Release|x64.ActiveCfg = Release|Any CPU
		{BB729307-B10A-4E20-8C31-6153AE69CC0B}.Release|x64.Build.0 = Release|Any CPU
		{BB729307-B10A-4E20-8C31-6153AE69CC0B}.Release|x64.Deploy.0 = Release|Any CPU
		{BB729307-B10A-4E20-8C31-6153AE69CC0B}.Release|x86.ActiveCfg = Release|Any CPU
		{BB729307-B10A-4E20-8C31-6153AE69CC0B}.Release|x86.Build.0 = Release|Any CPU
		{BB729307-B10A-4E20-8C31-6153AE69CC0B}.Release|x86.Deploy.0 = Release|Any CPU
		{8B3AF519-0AC8-4DD8-ADE6-A41423A23BD2}.Ad-Hoc|Any CPU.ActiveCfg = Ad-Hoc|iPhone
		{8B3AF519-0AC8-4DD8-ADE6-A41423A23BD2}.Ad-Hoc|ARM.ActiveCfg = Ad-Hoc|iPhone
		{8B3AF519-0AC8-4DD8-ADE6-A41423A23BD2}.Ad-Hoc|ARM64.ActiveCfg = Ad-Hoc|iPhone
		{8B3AF519-0AC8-4DD8-ADE6-A41423A23BD2}.Ad-Hoc|iPhone.ActiveCfg = Ad-Hoc|iPhone
		{8B3AF519-0AC8-4DD8-ADE6-A41423A23BD2}.Ad-Hoc|iPhone.Build.0 = Ad-Hoc|iPhone
		{8B3AF519-0AC8-4DD8-ADE6-A41423A23BD2}.Ad-Hoc|iPhoneSimulator.ActiveCfg = Ad-Hoc|iPhoneSimulator
		{8B3AF519-0AC8-4DD8-ADE6-A41423A23BD2}.Ad-Hoc|iPhoneSimulator.Build.0 = Ad-Hoc|iPhoneSimulator
		{8B3AF519-0AC8-4DD8-ADE6-A41423A23BD2}.Ad-Hoc|x64.ActiveCfg = Ad-Hoc|iPhone
		{8B3AF519-0AC8-4DD8-ADE6-A41423A23BD2}.Ad-Hoc|x86.ActiveCfg = Ad-Hoc|iPhone
		{8B3AF519-0AC8-4DD8-ADE6-A41423A23BD2}.AppStore|Any CPU.ActiveCfg = AppStore|iPhone
		{8B3AF519-0AC8-4DD8-ADE6-A41423A23BD2}.AppStore|ARM.ActiveCfg = AppStore|iPhone
		{8B3AF519-0AC8-4DD8-ADE6-A41423A23BD2}.AppStore|ARM64.ActiveCfg = AppStore|iPhone
		{8B3AF519-0AC8-4DD8-ADE6-A41423A23BD2}.AppStore|iPhone.ActiveCfg = AppStore|iPhone
		{8B3AF519-0AC8-4DD8-ADE6-A41423A23BD2}.AppStore|iPhone.Build.0 = AppStore|iPhone
		{8B3AF519-0AC8-4DD8-ADE6-A41423A23BD2}.AppStore|iPhoneSimulator.ActiveCfg = AppStore|iPhoneSimulator
		{8B3AF519-0AC8-4DD8-ADE6-A41423A23BD2}.AppStore|iPhoneSimulator.Build.0 = AppStore|iPhoneSimulator
		{8B3AF519-0AC8-4DD8-ADE6-A41423A23BD2}.AppStore|x64.ActiveCfg = AppStore|iPhone
		{8B3AF519-0AC8-4DD8-ADE6-A41423A23BD2}.AppStore|x86.ActiveCfg = AppStore|iPhone
		{8B3AF519-0AC8-4DD8-ADE6-A41423A23BD2}.Debug|Any CPU.ActiveCfg = Debug|iPhone
		{8B3AF519-0AC8-4DD8-ADE6-A41423A23BD2}.Debug|ARM.ActiveCfg = Debug|iPhone
		{8B3AF519-0AC8-4DD8-ADE6-A41423A23BD2}.Debug|ARM64.ActiveCfg = Debug|iPhone
		{8B3AF519-0AC8-4DD8-ADE6-A41423A23BD2}.Debug|iPhone.ActiveCfg = Debug|iPhone
		{8B3AF519-0AC8-4DD8-ADE6-A41423A23BD2}.Debug|iPhone.Build.0 = Debug|iPhone
		{8B3AF519-0AC8-4DD8-ADE6-A41423A23BD2}.Debug|iPhone.Deploy.0 = Debug|iPhone
		{8B3AF519-0AC8-4DD8-ADE6-A41423A23BD2}.Debug|iPhoneSimulator.ActiveCfg = Debug|iPhoneSimulator
		{8B3AF519-0AC8-4DD8-ADE6-A41423A23BD2}.Debug|iPhoneSimulator.Build.0 = Debug|iPhoneSimulator
		{8B3AF519-0AC8-4DD8-ADE6-A41423A23BD2}.Debug|x64.ActiveCfg = Debug|iPhone
		{8B3AF519-0AC8-4DD8-ADE6-A41423A23BD2}.Debug|x86.ActiveCfg = Debug|iPhone
		{8B3AF519-0AC8-4DD8-ADE6-A41423A23BD2}.Release|Any CPU.ActiveCfg = Release|iPhone
		{8B3AF519-0AC8-4DD8-ADE6-A41423A23BD2}.Release|ARM.ActiveCfg = Release|iPhone
		{8B3AF519-0AC8-4DD8-ADE6-A41423A23BD2}.Release|ARM64.ActiveCfg = Release|iPhone
		{8B3AF519-0AC8-4DD8-ADE6-A41423A23BD2}.Release|iPhone.ActiveCfg = Release|iPhone
		{8B3AF519-0AC8-4DD8-ADE6-A41423A23BD2}.Release|iPhone.Build.0 = Release|iPhone
		{8B3AF519-0AC8-4DD8-ADE6-A41423A23BD2}.Release|iPhoneSimulator.ActiveCfg = Release|iPhoneSimulator
		{8B3AF519-0AC8-4DD8-ADE6-A41423A23BD2}.Release|iPhoneSimulator.Build.0 = Release|iPhoneSimulator
		{8B3AF519-0AC8-4DD8-ADE6-A41423A23BD2}.Release|x64.ActiveCfg = Release|iPhone
		{8B3AF519-0AC8-4DD8-ADE6-A41423A23BD2}.Release|x86.ActiveCfg = Release|iPhone
		{1354EC7E-862A-42C3-B283-A7FFEA602A47}.Ad-Hoc|Any CPU.ActiveCfg = Release|x86
		{1354EC7E-862A-42C3-B283-A7FFEA602A47}.Ad-Hoc|Any CPU.Build.0 = Release|x86
		{1354EC7E-862A-42C3-B283-A7FFEA602A47}.Ad-Hoc|Any CPU.Deploy.0 = Release|x86
		{1354EC7E-862A-42C3-B283-A7FFEA602A47}.Ad-Hoc|ARM.ActiveCfg = Release|ARM
		{1354EC7E-862A-42C3-B283-A7FFEA602A47}.Ad-Hoc|ARM.Build.0 = Release|ARM
		{1354EC7E-862A-42C3-B283-A7FFEA602A47}.Ad-Hoc|ARM.Deploy.0 = Release|ARM
		{1354EC7E-862A-42C3-B283-A7FFEA602A47}.Ad-Hoc|ARM64.ActiveCfg = Release|x86
		{1354EC7E-862A-42C3-B283-A7FFEA602A47}.Ad-Hoc|ARM64.Build.0 = Release|x86
		{1354EC7E-862A-42C3-B283-A7FFEA602A47}.Ad-Hoc|ARM64.Deploy.0 = Release|x86
		{1354EC7E-862A-42C3-B283-A7FFEA602A47}.Ad-Hoc|iPhone.ActiveCfg = Release|x86
		{1354EC7E-862A-42C3-B283-A7FFEA602A47}.Ad-Hoc|iPhone.Build.0 = Release|x86
		{1354EC7E-862A-42C3-B283-A7FFEA602A47}.Ad-Hoc|iPhone.Deploy.0 = Release|x86
		{1354EC7E-862A-42C3-B283-A7FFEA602A47}.Ad-Hoc|iPhoneSimulator.ActiveCfg = Release|x86
		{1354EC7E-862A-42C3-B283-A7FFEA602A47}.Ad-Hoc|iPhoneSimulator.Build.0 = Release|x86
		{1354EC7E-862A-42C3-B283-A7FFEA602A47}.Ad-Hoc|iPhoneSimulator.Deploy.0 = Release|x86
		{1354EC7E-862A-42C3-B283-A7FFEA602A47}.Ad-Hoc|x64.ActiveCfg = Release|x64
		{1354EC7E-862A-42C3-B283-A7FFEA602A47}.Ad-Hoc|x64.Build.0 = Release|x64
		{1354EC7E-862A-42C3-B283-A7FFEA602A47}.Ad-Hoc|x64.Deploy.0 = Release|x64
		{1354EC7E-862A-42C3-B283-A7FFEA602A47}.Ad-Hoc|x86.ActiveCfg = Release|x86
		{1354EC7E-862A-42C3-B283-A7FFEA602A47}.Ad-Hoc|x86.Build.0 = Release|x86
		{1354EC7E-862A-42C3-B283-A7FFEA602A47}.Ad-Hoc|x86.Deploy.0 = Release|x86
		{1354EC7E-862A-42C3-B283-A7FFEA602A47}.AppStore|Any CPU.ActiveCfg = Release|x86
		{1354EC7E-862A-42C3-B283-A7FFEA602A47}.AppStore|Any CPU.Build.0 = Release|x86
		{1354EC7E-862A-42C3-B283-A7FFEA602A47}.AppStore|Any CPU.Deploy.0 = Release|x86
		{1354EC7E-862A-42C3-B283-A7FFEA602A47}.AppStore|ARM.ActiveCfg = Release|ARM
		{1354EC7E-862A-42C3-B283-A7FFEA602A47}.AppStore|ARM.Build.0 = Release|ARM
		{1354EC7E-862A-42C3-B283-A7FFEA602A47}.AppStore|ARM.Deploy.0 = Release|ARM
		{1354EC7E-862A-42C3-B283-A7FFEA602A47}.AppStore|ARM64.ActiveCfg = Release|x86
		{1354EC7E-862A-42C3-B283-A7FFEA602A47}.AppStore|ARM64.Build.0 = Release|x86
		{1354EC7E-862A-42C3-B283-A7FFEA602A47}.AppStore|ARM64.Deploy.0 = Release|x86
		{1354EC7E-862A-42C3-B283-A7FFEA602A47}.AppStore|iPhone.ActiveCfg = Release|x86
		{1354EC7E-862A-42C3-B283-A7FFEA602A47}.AppStore|iPhone.Build.0 = Release|x86
		{1354EC7E-862A-42C3-B283-A7FFEA602A47}.AppStore|iPhone.Deploy.0 = Release|x86
		{1354EC7E-862A-42C3-B283-A7FFEA602A47}.AppStore|iPhoneSimulator.ActiveCfg = Release|x86
		{1354EC7E-862A-42C3-B283-A7FFEA602A47}.AppStore|iPhoneSimulator.Build.0 = Release|x86
		{1354EC7E-862A-42C3-B283-A7FFEA602A47}.AppStore|iPhoneSimulator.Deploy.0 = Release|x86
		{1354EC7E-862A-42C3-B283-A7FFEA602A47}.AppStore|x64.ActiveCfg = Release|x64
		{1354EC7E-862A-42C3-B283-A7FFEA602A47}.AppStore|x64.Build.0 = Release|x64
		{1354EC7E-862A-42C3-B283-A7FFEA602A47}.AppStore|x64.Deploy.0 = Release|x64
		{1354EC7E-862A-42C3-B283-A7FFEA602A47}.AppStore|x86.ActiveCfg = Release|x86
		{1354EC7E-862A-42C3-B283-A7FFEA602A47}.AppStore|x86.Build.0 = Release|x86
		{1354EC7E-862A-42C3-B283-A7FFEA602A47}.AppStore|x86.Deploy.0 = Release|x86
		{1354EC7E-862A-42C3-B283-A7FFEA602A47}.Debug|Any CPU.ActiveCfg = Debug|x86
		{1354EC7E-862A-42C3-B283-A7FFEA602A47}.Debug|ARM.ActiveCfg = Debug|ARM
		{1354EC7E-862A-42C3-B283-A7FFEA602A47}.Debug|ARM.Build.0 = Debug|ARM
		{1354EC7E-862A-42C3-B283-A7FFEA602A47}.Debug|ARM.Deploy.0 = Debug|ARM
		{1354EC7E-862A-42C3-B283-A7FFEA602A47}.Debug|ARM64.ActiveCfg = Debug|ARM64
		{1354EC7E-862A-42C3-B283-A7FFEA602A47}.Debug|ARM64.Build.0 = Debug|ARM64
		{1354EC7E-862A-42C3-B283-A7FFEA602A47}.Debug|ARM64.Deploy.0 = Debug|ARM64
		{1354EC7E-862A-42C3-B283-A7FFEA602A47}.Debug|iPhone.ActiveCfg = Debug|x86
		{1354EC7E-862A-42C3-B283-A7FFEA602A47}.Debug|iPhoneSimulator.ActiveCfg = Debug|x86
		{1354EC7E-862A-42C3-B283-A7FFEA602A47}.Debug|x64.ActiveCfg = Debug|x64
		{1354EC7E-862A-42C3-B283-A7FFEA602A47}.Debug|x64.Build.0 = Debug|x64
		{1354EC7E-862A-42C3-B283-A7FFEA602A47}.Debug|x64.Deploy.0 = Debug|x64
		{1354EC7E-862A-42C3-B283-A7FFEA602A47}.Debug|x86.ActiveCfg = Debug|x86
		{1354EC7E-862A-42C3-B283-A7FFEA602A47}.Debug|x86.Build.0 = Debug|x86
		{1354EC7E-862A-42C3-B283-A7FFEA602A47}.Debug|x86.Deploy.0 = Debug|x86
		{1354EC7E-862A-42C3-B283-A7FFEA602A47}.Release|Any CPU.ActiveCfg = Release|x86
		{1354EC7E-862A-42C3-B283-A7FFEA602A47}.Release|ARM.ActiveCfg = Release|ARM
		{1354EC7E-862A-42C3-B283-A7FFEA602A47}.Release|ARM.Build.0 = Release|ARM
		{1354EC7E-862A-42C3-B283-A7FFEA602A47}.Release|ARM.Deploy.0 = Release|ARM
		{1354EC7E-862A-42C3-B283-A7FFEA602A47}.Release|ARM64.ActiveCfg = Release|ARM64
		{1354EC7E-862A-42C3-B283-A7FFEA602A47}.Release|ARM64.Build.0 = Release|ARM64
		{1354EC7E-862A-42C3-B283-A7FFEA602A47}.Release|ARM64.Deploy.0 = Release|ARM64
		{1354EC7E-862A-42C3-B283-A7FFEA602A47}.Release|iPhone.ActiveCfg = Release|x86
		{1354EC7E-862A-42C3-B283-A7FFEA602A47}.Release|iPhoneSimulator.ActiveCfg = Release|x86
		{1354EC7E-862A-42C3-B283-A7FFEA602A47}.Release|x64.ActiveCfg = Release|x64
		{1354EC7E-862A-42C3-B283-A7FFEA602A47}.Release|x64.Build.0 = Release|x64
		{1354EC7E-862A-42C3-B283-A7FFEA602A47}.Release|x64.Deploy.0 = Release|x64
		{1354EC7E-862A-42C3-B283-A7FFEA602A47}.Release|x86.ActiveCfg = Release|x86
		{1354EC7E-862A-42C3-B283-A7FFEA602A47}.Release|x86.Build.0 = Release|x86
		{1354EC7E-862A-42C3-B283-A7FFEA602A47}.Release|x86.Deploy.0 = Release|x86
		{784A1169-BD7B-4B7B-9F11-4DDF4093FE48}.Ad-Hoc|Any CPU.ActiveCfg = Debug|Any CPU
		{784A1169-BD7B-4B7B-9F11-4DDF4093FE48}.Ad-Hoc|Any CPU.Build.0 = Debug|Any CPU
		{784A1169-BD7B-4B7B-9F11-4DDF4093FE48}.Ad-Hoc|ARM.ActiveCfg = Debug|Any CPU
		{784A1169-BD7B-4B7B-9F11-4DDF4093FE48}.Ad-Hoc|ARM.Build.0 = Debug|Any CPU
		{784A1169-BD7B-4B7B-9F11-4DDF4093FE48}.Ad-Hoc|ARM64.ActiveCfg = Debug|Any CPU
		{784A1169-BD7B-4B7B-9F11-4DDF4093FE48}.Ad-Hoc|ARM64.Build.0 = Debug|Any CPU
		{784A1169-BD7B-4B7B-9F11-4DDF4093FE48}.Ad-Hoc|iPhone.ActiveCfg = Debug|Any CPU
		{784A1169-BD7B-4B7B-9F11-4DDF4093FE48}.Ad-Hoc|iPhone.Build.0 = Debug|Any CPU
		{784A1169-BD7B-4B7B-9F11-4DDF4093FE48}.Ad-Hoc|iPhoneSimulator.ActiveCfg = Debug|Any CPU
		{784A1169-BD7B-4B7B-9F11-4DDF4093FE48}.Ad-Hoc|iPhoneSimulator.Build.0 = Debug|Any CPU
		{784A1169-BD7B-4B7B-9F11-4DDF4093FE48}.Ad-Hoc|x64.ActiveCfg = Debug|Any CPU
		{784A1169-BD7B-4B7B-9F11-4DDF4093FE48}.Ad-Hoc|x64.Build.0 = Debug|Any CPU
		{784A1169-BD7B-4B7B-9F11-4DDF4093FE48}.Ad-Hoc|x86.ActiveCfg = Debug|Any CPU
		{784A1169-BD7B-4B7B-9F11-4DDF4093FE48}.Ad-Hoc|x86.Build.0 = Debug|Any CPU
		{784A1169-BD7B-4B7B-9F11-4DDF4093FE48}.AppStore|Any CPU.ActiveCfg = Debug|Any CPU
		{784A1169-BD7B-4B7B-9F11-4DDF4093FE48}.AppStore|Any CPU.Build.0 = Debug|Any CPU
		{784A1169-BD7B-4B7B-9F11-4DDF4093FE48}.AppStore|ARM.ActiveCfg = Debug|Any CPU
		{784A1169-BD7B-4B7B-9F11-4DDF4093FE48}.AppStore|ARM.Build.0 = Debug|Any CPU
		{784A1169-BD7B-4B7B-9F11-4DDF4093FE48}.AppStore|ARM64.ActiveCfg = Debug|Any CPU
		{784A1169-BD7B-4B7B-9F11-4DDF4093FE48}.AppStore|ARM64.Build.0 = Debug|Any CPU
		{784A1169-BD7B-4B7B-9F11-4DDF4093FE48}.AppStore|iPhone.ActiveCfg = Debug|Any CPU
		{784A1169-BD7B-4B7B-9F11-4DDF4093FE48}.AppStore|iPhone.Build.0 = Debug|Any CPU
		{784A1169-BD7B-4B7B-9F11-4DDF4093FE48}.AppStore|iPhoneSimulator.ActiveCfg = Debug|Any CPU
		{784A1169-BD7B-4B7B-9F11-4DDF4093FE48}.AppStore|iPhoneSimulator.Build.0 = Debug|Any CPU
		{784A1169-BD7B-4B7B-9F11-4DDF4093FE48}.AppStore|x64.ActiveCfg = Debug|Any CPU
		{784A1169-BD7B-4B7B-9F11-4DDF4093FE48}.AppStore|x64.Build.0 = Debug|Any CPU
		{784A1169-BD7B-4B7B-9F11-4DDF4093FE48}.AppStore|x86.ActiveCfg = Debug|Any CPU
		{784A1169-BD7B-4B7B-9F11-4DDF4093FE48}.AppStore|x86.Build.0 = Debug|Any CPU
		{784A1169-BD7B-4B7B-9F11-4DDF4093FE48}.Debug|Any CPU.ActiveCfg = Debug|Any CPU
		{784A1169-BD7B-4B7B-9F11-4DDF4093FE48}.Debug|Any CPU.Build.0 = Debug|Any CPU
		{784A1169-BD7B-4B7B-9F11-4DDF4093FE48}.Debug|ARM.ActiveCfg = Debug|Any CPU
		{784A1169-BD7B-4B7B-9F11-4DDF4093FE48}.Debug|ARM.Build.0 = Debug|Any CPU
		{784A1169-BD7B-4B7B-9F11-4DDF4093FE48}.Debug|ARM64.ActiveCfg = Debug|Any CPU
		{784A1169-BD7B-4B7B-9F11-4DDF4093FE48}.Debug|ARM64.Build.0 = Debug|Any CPU
		{784A1169-BD7B-4B7B-9F11-4DDF4093FE48}.Debug|iPhone.ActiveCfg = Debug|Any CPU
		{784A1169-BD7B-4B7B-9F11-4DDF4093FE48}.Debug|iPhone.Build.0 = Debug|Any CPU
		{784A1169-BD7B-4B7B-9F11-4DDF4093FE48}.Debug|iPhoneSimulator.ActiveCfg = Debug|Any CPU
		{784A1169-BD7B-4B7B-9F11-4DDF4093FE48}.Debug|iPhoneSimulator.Build.0 = Debug|Any CPU
		{784A1169-BD7B-4B7B-9F11-4DDF4093FE48}.Debug|x64.ActiveCfg = Debug|Any CPU
		{784A1169-BD7B-4B7B-9F11-4DDF4093FE48}.Debug|x64.Build.0 = Debug|Any CPU
		{784A1169-BD7B-4B7B-9F11-4DDF4093FE48}.Debug|x86.ActiveCfg = Debug|Any CPU
		{784A1169-BD7B-4B7B-9F11-4DDF4093FE48}.Debug|x86.Build.0 = Debug|Any CPU
		{784A1169-BD7B-4B7B-9F11-4DDF4093FE48}.Release|Any CPU.ActiveCfg = Release|Any CPU
		{784A1169-BD7B-4B7B-9F11-4DDF4093FE48}.Release|Any CPU.Build.0 = Release|Any CPU
		{784A1169-BD7B-4B7B-9F11-4DDF4093FE48}.Release|ARM.ActiveCfg = Release|Any CPU
		{784A1169-BD7B-4B7B-9F11-4DDF4093FE48}.Release|ARM.Build.0 = Release|Any CPU
		{784A1169-BD7B-4B7B-9F11-4DDF4093FE48}.Release|ARM64.ActiveCfg = Release|Any CPU
		{784A1169-BD7B-4B7B-9F11-4DDF4093FE48}.Release|ARM64.Build.0 = Release|Any CPU
		{784A1169-BD7B-4B7B-9F11-4DDF4093FE48}.Release|iPhone.ActiveCfg = Release|Any CPU
		{784A1169-BD7B-4B7B-9F11-4DDF4093FE48}.Release|iPhone.Build.0 = Release|Any CPU
		{784A1169-BD7B-4B7B-9F11-4DDF4093FE48}.Release|iPhoneSimulator.ActiveCfg = Release|Any CPU
		{784A1169-BD7B-4B7B-9F11-4DDF4093FE48}.Release|iPhoneSimulator.Build.0 = Release|Any CPU
		{784A1169-BD7B-4B7B-9F11-4DDF4093FE48}.Release|x64.ActiveCfg = Release|Any CPU
		{784A1169-BD7B-4B7B-9F11-4DDF4093FE48}.Release|x64.Build.0 = Release|Any CPU
		{784A1169-BD7B-4B7B-9F11-4DDF4093FE48}.Release|x86.ActiveCfg = Release|Any CPU
		{784A1169-BD7B-4B7B-9F11-4DDF4093FE48}.Release|x86.Build.0 = Release|Any CPU
		{28E6DE23-444A-48FC-A4A8-C7334CBACDE1}.Ad-Hoc|Any CPU.ActiveCfg = Debug|Any CPU
		{28E6DE23-444A-48FC-A4A8-C7334CBACDE1}.Ad-Hoc|Any CPU.Build.0 = Debug|Any CPU
		{28E6DE23-444A-48FC-A4A8-C7334CBACDE1}.Ad-Hoc|ARM.ActiveCfg = Debug|Any CPU
		{28E6DE23-444A-48FC-A4A8-C7334CBACDE1}.Ad-Hoc|ARM.Build.0 = Debug|Any CPU
		{28E6DE23-444A-48FC-A4A8-C7334CBACDE1}.Ad-Hoc|ARM64.ActiveCfg = Debug|Any CPU
		{28E6DE23-444A-48FC-A4A8-C7334CBACDE1}.Ad-Hoc|ARM64.Build.0 = Debug|Any CPU
		{28E6DE23-444A-48FC-A4A8-C7334CBACDE1}.Ad-Hoc|iPhone.ActiveCfg = Debug|Any CPU
		{28E6DE23-444A-48FC-A4A8-C7334CBACDE1}.Ad-Hoc|iPhone.Build.0 = Debug|Any CPU
		{28E6DE23-444A-48FC-A4A8-C7334CBACDE1}.Ad-Hoc|iPhoneSimulator.ActiveCfg = Debug|Any CPU
		{28E6DE23-444A-48FC-A4A8-C7334CBACDE1}.Ad-Hoc|iPhoneSimulator.Build.0 = Debug|Any CPU
		{28E6DE23-444A-48FC-A4A8-C7334CBACDE1}.Ad-Hoc|x64.ActiveCfg = Debug|Any CPU
		{28E6DE23-444A-48FC-A4A8-C7334CBACDE1}.Ad-Hoc|x64.Build.0 = Debug|Any CPU
		{28E6DE23-444A-48FC-A4A8-C7334CBACDE1}.Ad-Hoc|x86.ActiveCfg = Debug|Any CPU
		{28E6DE23-444A-48FC-A4A8-C7334CBACDE1}.Ad-Hoc|x86.Build.0 = Debug|Any CPU
		{28E6DE23-444A-48FC-A4A8-C7334CBACDE1}.AppStore|Any CPU.ActiveCfg = Debug|Any CPU
		{28E6DE23-444A-48FC-A4A8-C7334CBACDE1}.AppStore|Any CPU.Build.0 = Debug|Any CPU
		{28E6DE23-444A-48FC-A4A8-C7334CBACDE1}.AppStore|ARM.ActiveCfg = Debug|Any CPU
		{28E6DE23-444A-48FC-A4A8-C7334CBACDE1}.AppStore|ARM.Build.0 = Debug|Any CPU
		{28E6DE23-444A-48FC-A4A8-C7334CBACDE1}.AppStore|ARM64.ActiveCfg = Debug|Any CPU
		{28E6DE23-444A-48FC-A4A8-C7334CBACDE1}.AppStore|ARM64.Build.0 = Debug|Any CPU
		{28E6DE23-444A-48FC-A4A8-C7334CBACDE1}.AppStore|iPhone.ActiveCfg = Debug|Any CPU
		{28E6DE23-444A-48FC-A4A8-C7334CBACDE1}.AppStore|iPhone.Build.0 = Debug|Any CPU
		{28E6DE23-444A-48FC-A4A8-C7334CBACDE1}.AppStore|iPhoneSimulator.ActiveCfg = Debug|Any CPU
		{28E6DE23-444A-48FC-A4A8-C7334CBACDE1}.AppStore|iPhoneSimulator.Build.0 = Debug|Any CPU
		{28E6DE23-444A-48FC-A4A8-C7334CBACDE1}.AppStore|x64.ActiveCfg = Debug|Any CPU
		{28E6DE23-444A-48FC-A4A8-C7334CBACDE1}.AppStore|x64.Build.0 = Debug|Any CPU
		{28E6DE23-444A-48FC-A4A8-C7334CBACDE1}.AppStore|x86.ActiveCfg = Debug|Any CPU
		{28E6DE23-444A-48FC-A4A8-C7334CBACDE1}.AppStore|x86.Build.0 = Debug|Any CPU
		{28E6DE23-444A-48FC-A4A8-C7334CBACDE1}.Debug|Any CPU.ActiveCfg = Debug|Any CPU
		{28E6DE23-444A-48FC-A4A8-C7334CBACDE1}.Debug|Any CPU.Build.0 = Debug|Any CPU
		{28E6DE23-444A-48FC-A4A8-C7334CBACDE1}.Debug|ARM.ActiveCfg = Debug|Any CPU
		{28E6DE23-444A-48FC-A4A8-C7334CBACDE1}.Debug|ARM.Build.0 = Debug|Any CPU
		{28E6DE23-444A-48FC-A4A8-C7334CBACDE1}.Debug|ARM64.ActiveCfg = Debug|Any CPU
		{28E6DE23-444A-48FC-A4A8-C7334CBACDE1}.Debug|ARM64.Build.0 = Debug|Any CPU
		{28E6DE23-444A-48FC-A4A8-C7334CBACDE1}.Debug|iPhone.ActiveCfg = Debug|Any CPU
		{28E6DE23-444A-48FC-A4A8-C7334CBACDE1}.Debug|iPhone.Build.0 = Debug|Any CPU
		{28E6DE23-444A-48FC-A4A8-C7334CBACDE1}.Debug|iPhoneSimulator.ActiveCfg = Debug|Any CPU
		{28E6DE23-444A-48FC-A4A8-C7334CBACDE1}.Debug|iPhoneSimulator.Build.0 = Debug|Any CPU
		{28E6DE23-444A-48FC-A4A8-C7334CBACDE1}.Debug|x64.ActiveCfg = Debug|Any CPU
		{28E6DE23-444A-48FC-A4A8-C7334CBACDE1}.Debug|x64.Build.0 = Debug|Any CPU
		{28E6DE23-444A-48FC-A4A8-C7334CBACDE1}.Debug|x86.ActiveCfg = Debug|Any CPU
		{28E6DE23-444A-48FC-A4A8-C7334CBACDE1}.Debug|x86.Build.0 = Debug|Any CPU
		{28E6DE23-444A-48FC-A4A8-C7334CBACDE1}.Release|Any CPU.ActiveCfg = Release|Any CPU
		{28E6DE23-444A-48FC-A4A8-C7334CBACDE1}.Release|Any CPU.Build.0 = Release|Any CPU
		{28E6DE23-444A-48FC-A4A8-C7334CBACDE1}.Release|ARM.ActiveCfg = Release|Any CPU
		{28E6DE23-444A-48FC-A4A8-C7334CBACDE1}.Release|ARM.Build.0 = Release|Any CPU
		{28E6DE23-444A-48FC-A4A8-C7334CBACDE1}.Release|ARM64.ActiveCfg = Release|Any CPU
		{28E6DE23-444A-48FC-A4A8-C7334CBACDE1}.Release|ARM64.Build.0 = Release|Any CPU
		{28E6DE23-444A-48FC-A4A8-C7334CBACDE1}.Release|iPhone.ActiveCfg = Release|Any CPU
		{28E6DE23-444A-48FC-A4A8-C7334CBACDE1}.Release|iPhone.Build.0 = Release|Any CPU
		{28E6DE23-444A-48FC-A4A8-C7334CBACDE1}.Release|iPhoneSimulator.ActiveCfg = Release|Any CPU
		{28E6DE23-444A-48FC-A4A8-C7334CBACDE1}.Release|iPhoneSimulator.Build.0 = Release|Any CPU
		{28E6DE23-444A-48FC-A4A8-C7334CBACDE1}.Release|x64.ActiveCfg = Release|Any CPU
		{28E6DE23-444A-48FC-A4A8-C7334CBACDE1}.Release|x64.Build.0 = Release|Any CPU
		{28E6DE23-444A-48FC-A4A8-C7334CBACDE1}.Release|x86.ActiveCfg = Release|Any CPU
		{28E6DE23-444A-48FC-A4A8-C7334CBACDE1}.Release|x86.Build.0 = Release|Any CPU
		{3CA27EC2-6009-4267-8265-2B4A088A8D25}.Ad-Hoc|Any CPU.ActiveCfg = Release|Any CPU
		{3CA27EC2-6009-4267-8265-2B4A088A8D25}.Ad-Hoc|Any CPU.Build.0 = Release|Any CPU
		{3CA27EC2-6009-4267-8265-2B4A088A8D25}.Ad-Hoc|Any CPU.Deploy.0 = Release|Any CPU
		{3CA27EC2-6009-4267-8265-2B4A088A8D25}.Ad-Hoc|ARM.ActiveCfg = Debug|ARM
		{3CA27EC2-6009-4267-8265-2B4A088A8D25}.Ad-Hoc|ARM.Build.0 = Debug|ARM
		{3CA27EC2-6009-4267-8265-2B4A088A8D25}.Ad-Hoc|ARM.Deploy.0 = Debug|ARM
		{3CA27EC2-6009-4267-8265-2B4A088A8D25}.Ad-Hoc|ARM64.ActiveCfg = Debug|ARM64
		{3CA27EC2-6009-4267-8265-2B4A088A8D25}.Ad-Hoc|ARM64.Build.0 = Debug|ARM64
		{3CA27EC2-6009-4267-8265-2B4A088A8D25}.Ad-Hoc|ARM64.Deploy.0 = Debug|ARM64
		{3CA27EC2-6009-4267-8265-2B4A088A8D25}.Ad-Hoc|iPhone.ActiveCfg = Release|Any CPU
		{3CA27EC2-6009-4267-8265-2B4A088A8D25}.Ad-Hoc|iPhone.Build.0 = Release|Any CPU
		{3CA27EC2-6009-4267-8265-2B4A088A8D25}.Ad-Hoc|iPhone.Deploy.0 = Release|Any CPU
		{3CA27EC2-6009-4267-8265-2B4A088A8D25}.Ad-Hoc|iPhoneSimulator.ActiveCfg = Release|Any CPU
		{3CA27EC2-6009-4267-8265-2B4A088A8D25}.Ad-Hoc|iPhoneSimulator.Build.0 = Release|Any CPU
		{3CA27EC2-6009-4267-8265-2B4A088A8D25}.Ad-Hoc|iPhoneSimulator.Deploy.0 = Release|Any CPU
		{3CA27EC2-6009-4267-8265-2B4A088A8D25}.Ad-Hoc|x64.ActiveCfg = Debug|x64
		{3CA27EC2-6009-4267-8265-2B4A088A8D25}.Ad-Hoc|x64.Build.0 = Debug|x64
		{3CA27EC2-6009-4267-8265-2B4A088A8D25}.Ad-Hoc|x64.Deploy.0 = Debug|x64
		{3CA27EC2-6009-4267-8265-2B4A088A8D25}.Ad-Hoc|x86.ActiveCfg = Debug|x86
		{3CA27EC2-6009-4267-8265-2B4A088A8D25}.Ad-Hoc|x86.Build.0 = Debug|x86
		{3CA27EC2-6009-4267-8265-2B4A088A8D25}.Ad-Hoc|x86.Deploy.0 = Debug|x86
		{3CA27EC2-6009-4267-8265-2B4A088A8D25}.AppStore|Any CPU.ActiveCfg = Release|Any CPU
		{3CA27EC2-6009-4267-8265-2B4A088A8D25}.AppStore|Any CPU.Build.0 = Release|Any CPU
		{3CA27EC2-6009-4267-8265-2B4A088A8D25}.AppStore|Any CPU.Deploy.0 = Release|Any CPU
		{3CA27EC2-6009-4267-8265-2B4A088A8D25}.AppStore|ARM.ActiveCfg = Debug|ARM
		{3CA27EC2-6009-4267-8265-2B4A088A8D25}.AppStore|ARM.Build.0 = Debug|ARM
		{3CA27EC2-6009-4267-8265-2B4A088A8D25}.AppStore|ARM.Deploy.0 = Debug|ARM
		{3CA27EC2-6009-4267-8265-2B4A088A8D25}.AppStore|ARM64.ActiveCfg = Debug|ARM64
		{3CA27EC2-6009-4267-8265-2B4A088A8D25}.AppStore|ARM64.Build.0 = Debug|ARM64
		{3CA27EC2-6009-4267-8265-2B4A088A8D25}.AppStore|ARM64.Deploy.0 = Debug|ARM64
		{3CA27EC2-6009-4267-8265-2B4A088A8D25}.AppStore|iPhone.ActiveCfg = Release|Any CPU
		{3CA27EC2-6009-4267-8265-2B4A088A8D25}.AppStore|iPhone.Build.0 = Release|Any CPU
		{3CA27EC2-6009-4267-8265-2B4A088A8D25}.AppStore|iPhone.Deploy.0 = Release|Any CPU
		{3CA27EC2-6009-4267-8265-2B4A088A8D25}.AppStore|iPhoneSimulator.ActiveCfg = Release|Any CPU
		{3CA27EC2-6009-4267-8265-2B4A088A8D25}.AppStore|iPhoneSimulator.Build.0 = Release|Any CPU
		{3CA27EC2-6009-4267-8265-2B4A088A8D25}.AppStore|iPhoneSimulator.Deploy.0 = Release|Any CPU
		{3CA27EC2-6009-4267-8265-2B4A088A8D25}.AppStore|x64.ActiveCfg = Debug|x64
		{3CA27EC2-6009-4267-8265-2B4A088A8D25}.AppStore|x64.Build.0 = Debug|x64
		{3CA27EC2-6009-4267-8265-2B4A088A8D25}.AppStore|x64.Deploy.0 = Debug|x64
		{3CA27EC2-6009-4267-8265-2B4A088A8D25}.AppStore|x86.ActiveCfg = Debug|x86
		{3CA27EC2-6009-4267-8265-2B4A088A8D25}.AppStore|x86.Build.0 = Debug|x86
		{3CA27EC2-6009-4267-8265-2B4A088A8D25}.AppStore|x86.Deploy.0 = Debug|x86
		{3CA27EC2-6009-4267-8265-2B4A088A8D25}.Debug|Any CPU.ActiveCfg = Debug|Any CPU
		{3CA27EC2-6009-4267-8265-2B4A088A8D25}.Debug|Any CPU.Build.0 = Debug|Any CPU
		{3CA27EC2-6009-4267-8265-2B4A088A8D25}.Debug|Any CPU.Deploy.0 = Debug|Any CPU
		{3CA27EC2-6009-4267-8265-2B4A088A8D25}.Debug|ARM.ActiveCfg = Debug|ARM
		{3CA27EC2-6009-4267-8265-2B4A088A8D25}.Debug|ARM.Build.0 = Debug|ARM
		{3CA27EC2-6009-4267-8265-2B4A088A8D25}.Debug|ARM.Deploy.0 = Debug|ARM
		{3CA27EC2-6009-4267-8265-2B4A088A8D25}.Debug|ARM64.ActiveCfg = Debug|ARM64
		{3CA27EC2-6009-4267-8265-2B4A088A8D25}.Debug|ARM64.Build.0 = Debug|ARM64
		{3CA27EC2-6009-4267-8265-2B4A088A8D25}.Debug|ARM64.Deploy.0 = Debug|ARM64
		{3CA27EC2-6009-4267-8265-2B4A088A8D25}.Debug|iPhone.ActiveCfg = Debug|Any CPU
		{3CA27EC2-6009-4267-8265-2B4A088A8D25}.Debug|iPhone.Build.0 = Debug|Any CPU
		{3CA27EC2-6009-4267-8265-2B4A088A8D25}.Debug|iPhone.Deploy.0 = Debug|Any CPU
		{3CA27EC2-6009-4267-8265-2B4A088A8D25}.Debug|iPhoneSimulator.ActiveCfg = Debug|Any CPU
		{3CA27EC2-6009-4267-8265-2B4A088A8D25}.Debug|iPhoneSimulator.Build.0 = Debug|Any CPU
		{3CA27EC2-6009-4267-8265-2B4A088A8D25}.Debug|iPhoneSimulator.Deploy.0 = Debug|Any CPU
		{3CA27EC2-6009-4267-8265-2B4A088A8D25}.Debug|x64.ActiveCfg = Debug|x64
		{3CA27EC2-6009-4267-8265-2B4A088A8D25}.Debug|x64.Build.0 = Debug|x64
		{3CA27EC2-6009-4267-8265-2B4A088A8D25}.Debug|x64.Deploy.0 = Debug|x64
		{3CA27EC2-6009-4267-8265-2B4A088A8D25}.Debug|x86.ActiveCfg = Debug|x86
		{3CA27EC2-6009-4267-8265-2B4A088A8D25}.Debug|x86.Build.0 = Debug|x86
		{3CA27EC2-6009-4267-8265-2B4A088A8D25}.Debug|x86.Deploy.0 = Debug|x86
		{3CA27EC2-6009-4267-8265-2B4A088A8D25}.Release|Any CPU.ActiveCfg = Release|Any CPU
		{3CA27EC2-6009-4267-8265-2B4A088A8D25}.Release|Any CPU.Build.0 = Release|Any CPU
		{3CA27EC2-6009-4267-8265-2B4A088A8D25}.Release|Any CPU.Deploy.0 = Release|Any CPU
		{3CA27EC2-6009-4267-8265-2B4A088A8D25}.Release|ARM.ActiveCfg = Release|ARM
		{3CA27EC2-6009-4267-8265-2B4A088A8D25}.Release|ARM.Build.0 = Release|ARM
		{3CA27EC2-6009-4267-8265-2B4A088A8D25}.Release|ARM.Deploy.0 = Release|ARM
		{3CA27EC2-6009-4267-8265-2B4A088A8D25}.Release|ARM64.ActiveCfg = Release|ARM64
		{3CA27EC2-6009-4267-8265-2B4A088A8D25}.Release|ARM64.Build.0 = Release|ARM64
		{3CA27EC2-6009-4267-8265-2B4A088A8D25}.Release|ARM64.Deploy.0 = Release|ARM64
		{3CA27EC2-6009-4267-8265-2B4A088A8D25}.Release|iPhone.ActiveCfg = Release|Any CPU
		{3CA27EC2-6009-4267-8265-2B4A088A8D25}.Release|iPhone.Build.0 = Release|Any CPU
		{3CA27EC2-6009-4267-8265-2B4A088A8D25}.Release|iPhone.Deploy.0 = Release|Any CPU
		{3CA27EC2-6009-4267-8265-2B4A088A8D25}.Release|iPhoneSimulator.ActiveCfg = Release|Any CPU
		{3CA27EC2-6009-4267-8265-2B4A088A8D25}.Release|iPhoneSimulator.Build.0 = Release|Any CPU
		{3CA27EC2-6009-4267-8265-2B4A088A8D25}.Release|iPhoneSimulator.Deploy.0 = Release|Any CPU
		{3CA27EC2-6009-4267-8265-2B4A088A8D25}.Release|x64.ActiveCfg = Release|x64
		{3CA27EC2-6009-4267-8265-2B4A088A8D25}.Release|x64.Build.0 = Release|x64
		{3CA27EC2-6009-4267-8265-2B4A088A8D25}.Release|x64.Deploy.0 = Release|x64
		{3CA27EC2-6009-4267-8265-2B4A088A8D25}.Release|x86.ActiveCfg = Release|x86
		{3CA27EC2-6009-4267-8265-2B4A088A8D25}.Release|x86.Build.0 = Release|x86
		{3CA27EC2-6009-4267-8265-2B4A088A8D25}.Release|x86.Deploy.0 = Release|x86
	EndGlobalSection
	GlobalSection(SolutionProperties) = preSolution
		HideSolutionNode = FALSE
	EndGlobalSection
	GlobalSection(ExtensibilityGlobals) = postSolution
		SolutionGuid = {AED38DAD-C662-4F06-A6A7-08DB70FBFC85}
	EndGlobalSection
EndGlobal
