
Microsoft Visual Studio Solution File, Format Version 12.00
# Visual Studio Version 16
VisualStudioVersion = 16.0.29001.49
MinimumVisualStudioVersion = 10.0.40219.1
Project("{FAE04EC0-301F-11D3-BF4B-00C04F79EFBC}") = "MvpApi.Uwp", "MvpApi.Uwp\MvpApi.Uwp.csproj", "{FA6C2B8C-C185-4152-ACE1-A65A815A518E}"
EndProject
Project("{9A19103F-16F7-4668-BE54-9A1E7A4F7556}") = "MvpApi.Common", "MvpApi.Common\MvpApi.Common.csproj", "{3159AE84-B479-420C-BA42-E328D4159144}"
EndProject
Project("{FAE04EC0-301F-11D3-BF4B-00C04F79EFBC}") = "MvpApi.UwpBackgroundTasks", "MvpApi.UwpBackgroundTasks\MvpApi.UwpBackgroundTasks.csproj", "{9D7FF5EA-20D9-40E3-9704-E3E7B5E2DC25}"
EndProject
Project("{9A19103F-16F7-4668-BE54-9A1E7A4F7556}") = "MvpApi.Services", "MvpApi.Services\MvpApi.Services.csproj", "{EDC2D11B-FE53-454B-A7E5-6C74E89FA479}"
EndProject
Project("{9A19103F-16F7-4668-BE54-9A1E7A4F7556}") = "MvpApi.Tests", "MvpApi.Tests\MvpApi.Tests.csproj", "{468F41A8-B885-48C3-B369-49A704148311}"
EndProject
Project("{2150E333-8FDC-42A3-9474-1A3956D46DE8}") = "Uno", "Uno", "{BAD0F92A-412A-49FB-99C8-32A9C5DD1CF7}"
EndProject
Project("{D954291E-2A0B-460D-934E-DC6B0785DB48}") = "MvpCompanion.Shared", "MvpCompanion\MvpCompanion.Shared\MvpCompanion.Shared.shproj", "{6279C845-92F8-4333-AB99-3D213163593C}"
EndProject
Project("{FAE04EC0-301F-11D3-BF4B-00C04F79EFBC}") = "MvpCompanion.Droid", "MvpCompanion\MvpCompanion.Droid\MvpCompanion.Droid.csproj", "{2BBD2480-6ED1-4677-8773-B0C487B49158}"
EndProject
Project("{FAE04EC0-301F-11D3-BF4B-00C04F79EFBC}") = "MvpCompanion.iOS", "MvpCompanion\MvpCompanion.iOS\MvpCompanion.iOS.csproj", "{233A940C-423A-4017-A908-DDF35507C4B5}"
EndProject
Project("{FAE04EC0-301F-11D3-BF4B-00C04F79EFBC}") = "MvpCompanion.UWP", "MvpCompanion\MvpCompanion.UWP\MvpCompanion.UWP.csproj", "{68029A3B-BA1E-49E6-AAD8-D11BD33F439A}"
EndProject
Project("{FAE04EC0-301F-11D3-BF4B-00C04F79EFBC}") = "MvpCompanion.Wasm", "MvpCompanion\MvpCompanion.Wasm\MvpCompanion.Wasm.csproj", "{3DF9D580-E205-4D1B-B48B-0C1B03E54AE6}"
EndProject
Project("{FAE04EC0-301F-11D3-BF4B-00C04F79EFBC}") = "MvpCompanion.macOS", "MvpCompanion\MvpCompanion.macOS\MvpCompanion.macOS.csproj", "{251FDEAC-D343-4D7A-AF54-CA3BADA151CF}"
EndProject
Global
	GlobalSection(SharedMSBuildProjectFiles) = preSolution
		MvpCompanion\MvpCompanion.Shared\MvpCompanion.Shared.projitems*{233a940c-423a-4017-a908-ddf35507c4b5}*SharedItemsImports = 4
		MvpCompanion\MvpCompanion.Shared\MvpCompanion.Shared.projitems*{251fdeac-d343-4d7a-af54-ca3bada151cf}*SharedItemsImports = 4
		MvpCompanion\MvpCompanion.Shared\MvpCompanion.Shared.projitems*{2bbd2480-6ed1-4677-8773-b0c487b49158}*SharedItemsImports = 4
		MvpCompanion\MvpCompanion.Shared\MvpCompanion.Shared.projitems*{3df9d580-e205-4d1b-b48b-0c1b03e54ae6}*SharedItemsImports = 5
		MvpCompanion\MvpCompanion.Shared\MvpCompanion.Shared.projitems*{6279c845-92f8-4333-ab99-3d213163593c}*SharedItemsImports = 13
		MvpCompanion\MvpCompanion.Shared\MvpCompanion.Shared.projitems*{68029a3b-ba1e-49e6-aad8-d11bd33f439a}*SharedItemsImports = 4
	EndGlobalSection
	GlobalSection(SolutionConfigurationPlatforms) = preSolution
		Ad-Hoc|Any CPU = Ad-Hoc|Any CPU
		Ad-Hoc|ARM = Ad-Hoc|ARM
		Ad-Hoc|ARM64 = Ad-Hoc|ARM64
		Ad-Hoc|iPhone = Ad-Hoc|iPhone
		Ad-Hoc|iPhoneSimulator = Ad-Hoc|iPhoneSimulator
		Ad-Hoc|x64 = Ad-Hoc|x64
		Ad-Hoc|x86 = Ad-Hoc|x86
		AppStore|Any CPU = AppStore|Any CPU
		AppStore|ARM = AppStore|ARM
		AppStore|ARM64 = AppStore|ARM64
		AppStore|iPhone = AppStore|iPhone
		AppStore|iPhoneSimulator = AppStore|iPhoneSimulator
		AppStore|x64 = AppStore|x64
		AppStore|x86 = AppStore|x86
		Debug|Any CPU = Debug|Any CPU
		Debug|ARM = Debug|ARM
		Debug|ARM64 = Debug|ARM64
		Debug|iPhone = Debug|iPhone
		Debug|iPhoneSimulator = Debug|iPhoneSimulator
		Debug|x64 = Debug|x64
		Debug|x86 = Debug|x86
		Release|Any CPU = Release|Any CPU
		Release|ARM = Release|ARM
		Release|ARM64 = Release|ARM64
		Release|iPhone = Release|iPhone
		Release|iPhoneSimulator = Release|iPhoneSimulator
		Release|x64 = Release|x64
		Release|x86 = Release|x86
	EndGlobalSection
	GlobalSection(ProjectConfigurationPlatforms) = postSolution
		{FA6C2B8C-C185-4152-ACE1-A65A815A518E}.Ad-Hoc|Any CPU.ActiveCfg = Release|x64
		{FA6C2B8C-C185-4152-ACE1-A65A815A518E}.Ad-Hoc|Any CPU.Build.0 = Release|x64
		{FA6C2B8C-C185-4152-ACE1-A65A815A518E}.Ad-Hoc|Any CPU.Deploy.0 = Release|x64
		{FA6C2B8C-C185-4152-ACE1-A65A815A518E}.Ad-Hoc|ARM.ActiveCfg = Release|ARM
		{FA6C2B8C-C185-4152-ACE1-A65A815A518E}.Ad-Hoc|ARM.Build.0 = Release|ARM
		{FA6C2B8C-C185-4152-ACE1-A65A815A518E}.Ad-Hoc|ARM.Deploy.0 = Release|ARM
		{FA6C2B8C-C185-4152-ACE1-A65A815A518E}.Ad-Hoc|ARM64.ActiveCfg = Release|ARM64
		{FA6C2B8C-C185-4152-ACE1-A65A815A518E}.Ad-Hoc|ARM64.Build.0 = Release|ARM64
		{FA6C2B8C-C185-4152-ACE1-A65A815A518E}.Ad-Hoc|ARM64.Deploy.0 = Release|ARM64
		{FA6C2B8C-C185-4152-ACE1-A65A815A518E}.Ad-Hoc|iPhone.ActiveCfg = Release|x64
		{FA6C2B8C-C185-4152-ACE1-A65A815A518E}.Ad-Hoc|iPhone.Build.0 = Release|x64
		{FA6C2B8C-C185-4152-ACE1-A65A815A518E}.Ad-Hoc|iPhone.Deploy.0 = Release|x64
		{FA6C2B8C-C185-4152-ACE1-A65A815A518E}.Ad-Hoc|iPhoneSimulator.ActiveCfg = Release|x64
		{FA6C2B8C-C185-4152-ACE1-A65A815A518E}.Ad-Hoc|iPhoneSimulator.Build.0 = Release|x64
		{FA6C2B8C-C185-4152-ACE1-A65A815A518E}.Ad-Hoc|iPhoneSimulator.Deploy.0 = Release|x64
		{FA6C2B8C-C185-4152-ACE1-A65A815A518E}.Ad-Hoc|x64.ActiveCfg = Release|x64
		{FA6C2B8C-C185-4152-ACE1-A65A815A518E}.Ad-Hoc|x64.Build.0 = Release|x64
		{FA6C2B8C-C185-4152-ACE1-A65A815A518E}.Ad-Hoc|x64.Deploy.0 = Release|x64
		{FA6C2B8C-C185-4152-ACE1-A65A815A518E}.Ad-Hoc|x86.ActiveCfg = Release|x86
		{FA6C2B8C-C185-4152-ACE1-A65A815A518E}.Ad-Hoc|x86.Build.0 = Release|x86
		{FA6C2B8C-C185-4152-ACE1-A65A815A518E}.Ad-Hoc|x86.Deploy.0 = Release|x86
		{FA6C2B8C-C185-4152-ACE1-A65A815A518E}.AppStore|Any CPU.ActiveCfg = Release|x64
		{FA6C2B8C-C185-4152-ACE1-A65A815A518E}.AppStore|Any CPU.Build.0 = Release|x64
		{FA6C2B8C-C185-4152-ACE1-A65A815A518E}.AppStore|Any CPU.Deploy.0 = Release|x64
		{FA6C2B8C-C185-4152-ACE1-A65A815A518E}.AppStore|ARM.ActiveCfg = Release|ARM
		{FA6C2B8C-C185-4152-ACE1-A65A815A518E}.AppStore|ARM.Build.0 = Release|ARM
		{FA6C2B8C-C185-4152-ACE1-A65A815A518E}.AppStore|ARM.Deploy.0 = Release|ARM
		{FA6C2B8C-C185-4152-ACE1-A65A815A518E}.AppStore|ARM64.ActiveCfg = Release|ARM64
		{FA6C2B8C-C185-4152-ACE1-A65A815A518E}.AppStore|ARM64.Build.0 = Release|ARM64
		{FA6C2B8C-C185-4152-ACE1-A65A815A518E}.AppStore|ARM64.Deploy.0 = Release|ARM64
		{FA6C2B8C-C185-4152-ACE1-A65A815A518E}.AppStore|iPhone.ActiveCfg = Release|x64
		{FA6C2B8C-C185-4152-ACE1-A65A815A518E}.AppStore|iPhone.Build.0 = Release|x64
		{FA6C2B8C-C185-4152-ACE1-A65A815A518E}.AppStore|iPhone.Deploy.0 = Release|x64
		{FA6C2B8C-C185-4152-ACE1-A65A815A518E}.AppStore|iPhoneSimulator.ActiveCfg = Release|x64
		{FA6C2B8C-C185-4152-ACE1-A65A815A518E}.AppStore|iPhoneSimulator.Build.0 = Release|x64
		{FA6C2B8C-C185-4152-ACE1-A65A815A518E}.AppStore|iPhoneSimulator.Deploy.0 = Release|x64
		{FA6C2B8C-C185-4152-ACE1-A65A815A518E}.AppStore|x64.ActiveCfg = Release|x64
		{FA6C2B8C-C185-4152-ACE1-A65A815A518E}.AppStore|x64.Build.0 = Release|x64
		{FA6C2B8C-C185-4152-ACE1-A65A815A518E}.AppStore|x64.Deploy.0 = Release|x64
		{FA6C2B8C-C185-4152-ACE1-A65A815A518E}.AppStore|x86.ActiveCfg = Release|x86
		{FA6C2B8C-C185-4152-ACE1-A65A815A518E}.AppStore|x86.Build.0 = Release|x86
		{FA6C2B8C-C185-4152-ACE1-A65A815A518E}.AppStore|x86.Deploy.0 = Release|x86
		{FA6C2B8C-C185-4152-ACE1-A65A815A518E}.Debug|Any CPU.ActiveCfg = Debug|x86
		{FA6C2B8C-C185-4152-ACE1-A65A815A518E}.Debug|Any CPU.Build.0 = Debug|x86
		{FA6C2B8C-C185-4152-ACE1-A65A815A518E}.Debug|Any CPU.Deploy.0 = Debug|x86
		{FA6C2B8C-C185-4152-ACE1-A65A815A518E}.Debug|ARM.ActiveCfg = Debug|ARM
		{FA6C2B8C-C185-4152-ACE1-A65A815A518E}.Debug|ARM.Build.0 = Debug|ARM
		{FA6C2B8C-C185-4152-ACE1-A65A815A518E}.Debug|ARM.Deploy.0 = Debug|ARM
		{FA6C2B8C-C185-4152-ACE1-A65A815A518E}.Debug|ARM64.ActiveCfg = Debug|ARM64
		{FA6C2B8C-C185-4152-ACE1-A65A815A518E}.Debug|ARM64.Build.0 = Debug|ARM64
		{FA6C2B8C-C185-4152-ACE1-A65A815A518E}.Debug|ARM64.Deploy.0 = Debug|ARM64
		{FA6C2B8C-C185-4152-ACE1-A65A815A518E}.Debug|iPhone.ActiveCfg = Debug|x86
		{FA6C2B8C-C185-4152-ACE1-A65A815A518E}.Debug|iPhoneSimulator.ActiveCfg = Debug|x86
		{FA6C2B8C-C185-4152-ACE1-A65A815A518E}.Debug|x64.ActiveCfg = Debug|x64
		{FA6C2B8C-C185-4152-ACE1-A65A815A518E}.Debug|x64.Build.0 = Debug|x64
		{FA6C2B8C-C185-4152-ACE1-A65A815A518E}.Debug|x64.Deploy.0 = Debug|x64
		{FA6C2B8C-C185-4152-ACE1-A65A815A518E}.Debug|x86.ActiveCfg = Debug|x86
		{FA6C2B8C-C185-4152-ACE1-A65A815A518E}.Debug|x86.Build.0 = Debug|x86
		{FA6C2B8C-C185-4152-ACE1-A65A815A518E}.Debug|x86.Deploy.0 = Debug|x86
		{FA6C2B8C-C185-4152-ACE1-A65A815A518E}.Release|Any CPU.ActiveCfg = Release|x86
		{FA6C2B8C-C185-4152-ACE1-A65A815A518E}.Release|Any CPU.Build.0 = Release|x86
		{FA6C2B8C-C185-4152-ACE1-A65A815A518E}.Release|Any CPU.Deploy.0 = Release|x86
		{FA6C2B8C-C185-4152-ACE1-A65A815A518E}.Release|ARM.ActiveCfg = Release|ARM
		{FA6C2B8C-C185-4152-ACE1-A65A815A518E}.Release|ARM.Build.0 = Release|ARM
		{FA6C2B8C-C185-4152-ACE1-A65A815A518E}.Release|ARM.Deploy.0 = Release|ARM
		{FA6C2B8C-C185-4152-ACE1-A65A815A518E}.Release|ARM64.ActiveCfg = Release|ARM64
		{FA6C2B8C-C185-4152-ACE1-A65A815A518E}.Release|ARM64.Build.0 = Release|ARM64
		{FA6C2B8C-C185-4152-ACE1-A65A815A518E}.Release|ARM64.Deploy.0 = Release|ARM64
		{FA6C2B8C-C185-4152-ACE1-A65A815A518E}.Release|iPhone.ActiveCfg = Release|x86
		{FA6C2B8C-C185-4152-ACE1-A65A815A518E}.Release|iPhoneSimulator.ActiveCfg = Release|x86
		{FA6C2B8C-C185-4152-ACE1-A65A815A518E}.Release|x64.ActiveCfg = Release|x64
		{FA6C2B8C-C185-4152-ACE1-A65A815A518E}.Release|x64.Build.0 = Release|x64
		{FA6C2B8C-C185-4152-ACE1-A65A815A518E}.Release|x64.Deploy.0 = Release|x64
		{FA6C2B8C-C185-4152-ACE1-A65A815A518E}.Release|x86.ActiveCfg = Release|x86
		{FA6C2B8C-C185-4152-ACE1-A65A815A518E}.Release|x86.Build.0 = Release|x86
		{FA6C2B8C-C185-4152-ACE1-A65A815A518E}.Release|x86.Deploy.0 = Release|x86
		{3159AE84-B479-420C-BA42-E328D4159144}.Ad-Hoc|Any CPU.ActiveCfg = Debug|Any CPU
		{3159AE84-B479-420C-BA42-E328D4159144}.Ad-Hoc|Any CPU.Build.0 = Debug|Any CPU
		{3159AE84-B479-420C-BA42-E328D4159144}.Ad-Hoc|ARM.ActiveCfg = Debug|Any CPU
		{3159AE84-B479-420C-BA42-E328D4159144}.Ad-Hoc|ARM.Build.0 = Debug|Any CPU
		{3159AE84-B479-420C-BA42-E328D4159144}.Ad-Hoc|ARM64.ActiveCfg = Release|Any CPU
		{3159AE84-B479-420C-BA42-E328D4159144}.Ad-Hoc|ARM64.Build.0 = Release|Any CPU
		{3159AE84-B479-420C-BA42-E328D4159144}.Ad-Hoc|iPhone.ActiveCfg = Debug|Any CPU
		{3159AE84-B479-420C-BA42-E328D4159144}.Ad-Hoc|iPhone.Build.0 = Debug|Any CPU
		{3159AE84-B479-420C-BA42-E328D4159144}.Ad-Hoc|iPhoneSimulator.ActiveCfg = Debug|Any CPU
		{3159AE84-B479-420C-BA42-E328D4159144}.Ad-Hoc|iPhoneSimulator.Build.0 = Debug|Any CPU
		{3159AE84-B479-420C-BA42-E328D4159144}.Ad-Hoc|x64.ActiveCfg = Debug|Any CPU
		{3159AE84-B479-420C-BA42-E328D4159144}.Ad-Hoc|x64.Build.0 = Debug|Any CPU
		{3159AE84-B479-420C-BA42-E328D4159144}.Ad-Hoc|x86.ActiveCfg = Debug|Any CPU
		{3159AE84-B479-420C-BA42-E328D4159144}.Ad-Hoc|x86.Build.0 = Debug|Any CPU
		{3159AE84-B479-420C-BA42-E328D4159144}.AppStore|Any CPU.ActiveCfg = Debug|Any CPU
		{3159AE84-B479-420C-BA42-E328D4159144}.AppStore|Any CPU.Build.0 = Debug|Any CPU
		{3159AE84-B479-420C-BA42-E328D4159144}.AppStore|ARM.ActiveCfg = Debug|Any CPU
		{3159AE84-B479-420C-BA42-E328D4159144}.AppStore|ARM.Build.0 = Debug|Any CPU
		{3159AE84-B479-420C-BA42-E328D4159144}.AppStore|ARM64.ActiveCfg = Release|Any CPU
		{3159AE84-B479-420C-BA42-E328D4159144}.AppStore|ARM64.Build.0 = Release|Any CPU
		{3159AE84-B479-420C-BA42-E328D4159144}.AppStore|iPhone.ActiveCfg = Debug|Any CPU
		{3159AE84-B479-420C-BA42-E328D4159144}.AppStore|iPhone.Build.0 = Debug|Any CPU
		{3159AE84-B479-420C-BA42-E328D4159144}.AppStore|iPhoneSimulator.ActiveCfg = Debug|Any CPU
		{3159AE84-B479-420C-BA42-E328D4159144}.AppStore|iPhoneSimulator.Build.0 = Debug|Any CPU
		{3159AE84-B479-420C-BA42-E328D4159144}.AppStore|x64.ActiveCfg = Debug|Any CPU
		{3159AE84-B479-420C-BA42-E328D4159144}.AppStore|x64.Build.0 = Debug|Any CPU
		{3159AE84-B479-420C-BA42-E328D4159144}.AppStore|x86.ActiveCfg = Debug|Any CPU
		{3159AE84-B479-420C-BA42-E328D4159144}.AppStore|x86.Build.0 = Debug|Any CPU
		{3159AE84-B479-420C-BA42-E328D4159144}.Debug|Any CPU.ActiveCfg = Debug|Any CPU
		{3159AE84-B479-420C-BA42-E328D4159144}.Debug|Any CPU.Build.0 = Debug|Any CPU
		{3159AE84-B479-420C-BA42-E328D4159144}.Debug|ARM.ActiveCfg = Debug|Any CPU
		{3159AE84-B479-420C-BA42-E328D4159144}.Debug|ARM.Build.0 = Debug|Any CPU
		{3159AE84-B479-420C-BA42-E328D4159144}.Debug|ARM64.ActiveCfg = Debug|Any CPU
		{3159AE84-B479-420C-BA42-E328D4159144}.Debug|ARM64.Build.0 = Debug|Any CPU
		{3159AE84-B479-420C-BA42-E328D4159144}.Debug|iPhone.ActiveCfg = Debug|Any CPU
		{3159AE84-B479-420C-BA42-E328D4159144}.Debug|iPhone.Build.0 = Debug|Any CPU
		{3159AE84-B479-420C-BA42-E328D4159144}.Debug|iPhoneSimulator.ActiveCfg = Debug|Any CPU
		{3159AE84-B479-420C-BA42-E328D4159144}.Debug|iPhoneSimulator.Build.0 = Debug|Any CPU
		{3159AE84-B479-420C-BA42-E328D4159144}.Debug|x64.ActiveCfg = Debug|Any CPU
		{3159AE84-B479-420C-BA42-E328D4159144}.Debug|x64.Build.0 = Debug|Any CPU
		{3159AE84-B479-420C-BA42-E328D4159144}.Debug|x86.ActiveCfg = Debug|Any CPU
		{3159AE84-B479-420C-BA42-E328D4159144}.Debug|x86.Build.0 = Debug|Any CPU
		{3159AE84-B479-420C-BA42-E328D4159144}.Release|Any CPU.ActiveCfg = Release|Any CPU
		{3159AE84-B479-420C-BA42-E328D4159144}.Release|Any CPU.Build.0 = Release|Any CPU
		{3159AE84-B479-420C-BA42-E328D4159144}.Release|ARM.ActiveCfg = Release|Any CPU
		{3159AE84-B479-420C-BA42-E328D4159144}.Release|ARM.Build.0 = Release|Any CPU
		{3159AE84-B479-420C-BA42-E328D4159144}.Release|ARM64.ActiveCfg = Release|Any CPU
		{3159AE84-B479-420C-BA42-E328D4159144}.Release|ARM64.Build.0 = Release|Any CPU
		{3159AE84-B479-420C-BA42-E328D4159144}.Release|iPhone.ActiveCfg = Release|Any CPU
		{3159AE84-B479-420C-BA42-E328D4159144}.Release|iPhone.Build.0 = Release|Any CPU
		{3159AE84-B479-420C-BA42-E328D4159144}.Release|iPhoneSimulator.ActiveCfg = Release|Any CPU
		{3159AE84-B479-420C-BA42-E328D4159144}.Release|iPhoneSimulator.Build.0 = Release|Any CPU
		{3159AE84-B479-420C-BA42-E328D4159144}.Release|x64.ActiveCfg = Release|Any CPU
		{3159AE84-B479-420C-BA42-E328D4159144}.Release|x64.Build.0 = Release|Any CPU
		{3159AE84-B479-420C-BA42-E328D4159144}.Release|x86.ActiveCfg = Release|Any CPU
		{3159AE84-B479-420C-BA42-E328D4159144}.Release|x86.Build.0 = Release|Any CPU
		{9D7FF5EA-20D9-40E3-9704-E3E7B5E2DC25}.Ad-Hoc|Any CPU.ActiveCfg = Release|Any CPU
		{9D7FF5EA-20D9-40E3-9704-E3E7B5E2DC25}.Ad-Hoc|Any CPU.Build.0 = Release|Any CPU
		{9D7FF5EA-20D9-40E3-9704-E3E7B5E2DC25}.Ad-Hoc|ARM.ActiveCfg = Release|ARM
		{9D7FF5EA-20D9-40E3-9704-E3E7B5E2DC25}.Ad-Hoc|ARM.Build.0 = Release|ARM
		{9D7FF5EA-20D9-40E3-9704-E3E7B5E2DC25}.Ad-Hoc|ARM64.ActiveCfg = Debug|Any CPU
		{9D7FF5EA-20D9-40E3-9704-E3E7B5E2DC25}.Ad-Hoc|ARM64.Build.0 = Debug|Any CPU
		{9D7FF5EA-20D9-40E3-9704-E3E7B5E2DC25}.Ad-Hoc|iPhone.ActiveCfg = Release|Any CPU
		{9D7FF5EA-20D9-40E3-9704-E3E7B5E2DC25}.Ad-Hoc|iPhone.Build.0 = Release|Any CPU
		{9D7FF5EA-20D9-40E3-9704-E3E7B5E2DC25}.Ad-Hoc|iPhoneSimulator.ActiveCfg = Release|Any CPU
		{9D7FF5EA-20D9-40E3-9704-E3E7B5E2DC25}.Ad-Hoc|iPhoneSimulator.Build.0 = Release|Any CPU
		{9D7FF5EA-20D9-40E3-9704-E3E7B5E2DC25}.Ad-Hoc|x64.ActiveCfg = Release|x64
		{9D7FF5EA-20D9-40E3-9704-E3E7B5E2DC25}.Ad-Hoc|x64.Build.0 = Release|x64
		{9D7FF5EA-20D9-40E3-9704-E3E7B5E2DC25}.Ad-Hoc|x86.ActiveCfg = Release|x86
		{9D7FF5EA-20D9-40E3-9704-E3E7B5E2DC25}.Ad-Hoc|x86.Build.0 = Release|x86
		{9D7FF5EA-20D9-40E3-9704-E3E7B5E2DC25}.AppStore|Any CPU.ActiveCfg = Release|Any CPU
		{9D7FF5EA-20D9-40E3-9704-E3E7B5E2DC25}.AppStore|Any CPU.Build.0 = Release|Any CPU
		{9D7FF5EA-20D9-40E3-9704-E3E7B5E2DC25}.AppStore|ARM.ActiveCfg = Release|ARM
		{9D7FF5EA-20D9-40E3-9704-E3E7B5E2DC25}.AppStore|ARM.Build.0 = Release|ARM
		{9D7FF5EA-20D9-40E3-9704-E3E7B5E2DC25}.AppStore|ARM64.ActiveCfg = Debug|Any CPU
		{9D7FF5EA-20D9-40E3-9704-E3E7B5E2DC25}.AppStore|ARM64.Build.0 = Debug|Any CPU
		{9D7FF5EA-20D9-40E3-9704-E3E7B5E2DC25}.AppStore|iPhone.ActiveCfg = Release|Any CPU
		{9D7FF5EA-20D9-40E3-9704-E3E7B5E2DC25}.AppStore|iPhone.Build.0 = Release|Any CPU
		{9D7FF5EA-20D9-40E3-9704-E3E7B5E2DC25}.AppStore|iPhoneSimulator.ActiveCfg = Release|Any CPU
		{9D7FF5EA-20D9-40E3-9704-E3E7B5E2DC25}.AppStore|iPhoneSimulator.Build.0 = Release|Any CPU
		{9D7FF5EA-20D9-40E3-9704-E3E7B5E2DC25}.AppStore|x64.ActiveCfg = Release|x64
		{9D7FF5EA-20D9-40E3-9704-E3E7B5E2DC25}.AppStore|x64.Build.0 = Release|x64
		{9D7FF5EA-20D9-40E3-9704-E3E7B5E2DC25}.AppStore|x86.ActiveCfg = Release|x86
		{9D7FF5EA-20D9-40E3-9704-E3E7B5E2DC25}.AppStore|x86.Build.0 = Release|x86
		{9D7FF5EA-20D9-40E3-9704-E3E7B5E2DC25}.Debug|Any CPU.ActiveCfg = Debug|Any CPU
		{9D7FF5EA-20D9-40E3-9704-E3E7B5E2DC25}.Debug|Any CPU.Build.0 = Debug|Any CPU
		{9D7FF5EA-20D9-40E3-9704-E3E7B5E2DC25}.Debug|ARM.ActiveCfg = Debug|ARM
		{9D7FF5EA-20D9-40E3-9704-E3E7B5E2DC25}.Debug|ARM.Build.0 = Debug|ARM
		{9D7FF5EA-20D9-40E3-9704-E3E7B5E2DC25}.Debug|ARM64.ActiveCfg = Debug|ARM64
		{9D7FF5EA-20D9-40E3-9704-E3E7B5E2DC25}.Debug|ARM64.Build.0 = Debug|ARM64
		{9D7FF5EA-20D9-40E3-9704-E3E7B5E2DC25}.Debug|iPhone.ActiveCfg = Debug|Any CPU
		{9D7FF5EA-20D9-40E3-9704-E3E7B5E2DC25}.Debug|iPhone.Build.0 = Debug|Any CPU
		{9D7FF5EA-20D9-40E3-9704-E3E7B5E2DC25}.Debug|iPhoneSimulator.ActiveCfg = Debug|Any CPU
		{9D7FF5EA-20D9-40E3-9704-E3E7B5E2DC25}.Debug|iPhoneSimulator.Build.0 = Debug|Any CPU
		{9D7FF5EA-20D9-40E3-9704-E3E7B5E2DC25}.Debug|x64.ActiveCfg = Debug|x64
		{9D7FF5EA-20D9-40E3-9704-E3E7B5E2DC25}.Debug|x64.Build.0 = Debug|x64
		{9D7FF5EA-20D9-40E3-9704-E3E7B5E2DC25}.Debug|x86.ActiveCfg = Debug|x86
		{9D7FF5EA-20D9-40E3-9704-E3E7B5E2DC25}.Debug|x86.Build.0 = Debug|x86
		{9D7FF5EA-20D9-40E3-9704-E3E7B5E2DC25}.Release|Any CPU.ActiveCfg = Release|Any CPU
		{9D7FF5EA-20D9-40E3-9704-E3E7B5E2DC25}.Release|Any CPU.Build.0 = Release|Any CPU
		{9D7FF5EA-20D9-40E3-9704-E3E7B5E2DC25}.Release|ARM.ActiveCfg = Release|ARM
		{9D7FF5EA-20D9-40E3-9704-E3E7B5E2DC25}.Release|ARM.Build.0 = Release|ARM
		{9D7FF5EA-20D9-40E3-9704-E3E7B5E2DC25}.Release|ARM64.ActiveCfg = Release|ARM64
		{9D7FF5EA-20D9-40E3-9704-E3E7B5E2DC25}.Release|ARM64.Build.0 = Release|ARM64
		{9D7FF5EA-20D9-40E3-9704-E3E7B5E2DC25}.Release|iPhone.ActiveCfg = Release|Any CPU
		{9D7FF5EA-20D9-40E3-9704-E3E7B5E2DC25}.Release|iPhone.Build.0 = Release|Any CPU
		{9D7FF5EA-20D9-40E3-9704-E3E7B5E2DC25}.Release|iPhoneSimulator.ActiveCfg = Release|Any CPU
		{9D7FF5EA-20D9-40E3-9704-E3E7B5E2DC25}.Release|iPhoneSimulator.Build.0 = Release|Any CPU
		{9D7FF5EA-20D9-40E3-9704-E3E7B5E2DC25}.Release|x64.ActiveCfg = Release|x64
		{9D7FF5EA-20D9-40E3-9704-E3E7B5E2DC25}.Release|x64.Build.0 = Release|x64
		{9D7FF5EA-20D9-40E3-9704-E3E7B5E2DC25}.Release|x86.ActiveCfg = Release|x86
		{9D7FF5EA-20D9-40E3-9704-E3E7B5E2DC25}.Release|x86.Build.0 = Release|x86
		{EDC2D11B-FE53-454B-A7E5-6C74E89FA479}.Ad-Hoc|Any CPU.ActiveCfg = Debug|Any CPU
		{EDC2D11B-FE53-454B-A7E5-6C74E89FA479}.Ad-Hoc|Any CPU.Build.0 = Debug|Any CPU
		{EDC2D11B-FE53-454B-A7E5-6C74E89FA479}.Ad-Hoc|ARM.ActiveCfg = Debug|Any CPU
		{EDC2D11B-FE53-454B-A7E5-6C74E89FA479}.Ad-Hoc|ARM.Build.0 = Debug|Any CPU
		{EDC2D11B-FE53-454B-A7E5-6C74E89FA479}.Ad-Hoc|ARM64.ActiveCfg = Debug|Any CPU
		{EDC2D11B-FE53-454B-A7E5-6C74E89FA479}.Ad-Hoc|ARM64.Build.0 = Debug|Any CPU
		{EDC2D11B-FE53-454B-A7E5-6C74E89FA479}.Ad-Hoc|iPhone.ActiveCfg = Debug|Any CPU
		{EDC2D11B-FE53-454B-A7E5-6C74E89FA479}.Ad-Hoc|iPhone.Build.0 = Debug|Any CPU
		{EDC2D11B-FE53-454B-A7E5-6C74E89FA479}.Ad-Hoc|iPhoneSimulator.ActiveCfg = Debug|Any CPU
		{EDC2D11B-FE53-454B-A7E5-6C74E89FA479}.Ad-Hoc|iPhoneSimulator.Build.0 = Debug|Any CPU
		{EDC2D11B-FE53-454B-A7E5-6C74E89FA479}.Ad-Hoc|x64.ActiveCfg = Debug|Any CPU
		{EDC2D11B-FE53-454B-A7E5-6C74E89FA479}.Ad-Hoc|x64.Build.0 = Debug|Any CPU
		{EDC2D11B-FE53-454B-A7E5-6C74E89FA479}.Ad-Hoc|x86.ActiveCfg = Debug|Any CPU
		{EDC2D11B-FE53-454B-A7E5-6C74E89FA479}.Ad-Hoc|x86.Build.0 = Debug|Any CPU
		{EDC2D11B-FE53-454B-A7E5-6C74E89FA479}.AppStore|Any CPU.ActiveCfg = Debug|Any CPU
		{EDC2D11B-FE53-454B-A7E5-6C74E89FA479}.AppStore|Any CPU.Build.0 = Debug|Any CPU
		{EDC2D11B-FE53-454B-A7E5-6C74E89FA479}.AppStore|ARM.ActiveCfg = Debug|Any CPU
		{EDC2D11B-FE53-454B-A7E5-6C74E89FA479}.AppStore|ARM.Build.0 = Debug|Any CPU
		{EDC2D11B-FE53-454B-A7E5-6C74E89FA479}.AppStore|ARM64.ActiveCfg = Debug|Any CPU
		{EDC2D11B-FE53-454B-A7E5-6C74E89FA479}.AppStore|ARM64.Build.0 = Debug|Any CPU
		{EDC2D11B-FE53-454B-A7E5-6C74E89FA479}.AppStore|iPhone.ActiveCfg = Debug|Any CPU
		{EDC2D11B-FE53-454B-A7E5-6C74E89FA479}.AppStore|iPhone.Build.0 = Debug|Any CPU
		{EDC2D11B-FE53-454B-A7E5-6C74E89FA479}.AppStore|iPhoneSimulator.ActiveCfg = Debug|Any CPU
		{EDC2D11B-FE53-454B-A7E5-6C74E89FA479}.AppStore|iPhoneSimulator.Build.0 = Debug|Any CPU
		{EDC2D11B-FE53-454B-A7E5-6C74E89FA479}.AppStore|x64.ActiveCfg = Debug|Any CPU
		{EDC2D11B-FE53-454B-A7E5-6C74E89FA479}.AppStore|x64.Build.0 = Debug|Any CPU
		{EDC2D11B-FE53-454B-A7E5-6C74E89FA479}.AppStore|x86.ActiveCfg = Debug|Any CPU
		{EDC2D11B-FE53-454B-A7E5-6C74E89FA479}.AppStore|x86.Build.0 = Debug|Any CPU
		{EDC2D11B-FE53-454B-A7E5-6C74E89FA479}.Debug|Any CPU.ActiveCfg = Debug|Any CPU
		{EDC2D11B-FE53-454B-A7E5-6C74E89FA479}.Debug|Any CPU.Build.0 = Debug|Any CPU
		{EDC2D11B-FE53-454B-A7E5-6C74E89FA479}.Debug|ARM.ActiveCfg = Debug|Any CPU
		{EDC2D11B-FE53-454B-A7E5-6C74E89FA479}.Debug|ARM.Build.0 = Debug|Any CPU
		{EDC2D11B-FE53-454B-A7E5-6C74E89FA479}.Debug|ARM64.ActiveCfg = Debug|Any CPU
		{EDC2D11B-FE53-454B-A7E5-6C74E89FA479}.Debug|ARM64.Build.0 = Debug|Any CPU
		{EDC2D11B-FE53-454B-A7E5-6C74E89FA479}.Debug|iPhone.ActiveCfg = Debug|Any CPU
		{EDC2D11B-FE53-454B-A7E5-6C74E89FA479}.Debug|iPhone.Build.0 = Debug|Any CPU
		{EDC2D11B-FE53-454B-A7E5-6C74E89FA479}.Debug|iPhoneSimulator.ActiveCfg = Debug|Any CPU
		{EDC2D11B-FE53-454B-A7E5-6C74E89FA479}.Debug|iPhoneSimulator.Build.0 = Debug|Any CPU
		{EDC2D11B-FE53-454B-A7E5-6C74E89FA479}.Debug|x64.ActiveCfg = Debug|Any CPU
		{EDC2D11B-FE53-454B-A7E5-6C74E89FA479}.Debug|x64.Build.0 = Debug|Any CPU
		{EDC2D11B-FE53-454B-A7E5-6C74E89FA479}.Debug|x86.ActiveCfg = Debug|Any CPU
		{EDC2D11B-FE53-454B-A7E5-6C74E89FA479}.Debug|x86.Build.0 = Debug|Any CPU
		{EDC2D11B-FE53-454B-A7E5-6C74E89FA479}.Release|Any CPU.ActiveCfg = Release|Any CPU
		{EDC2D11B-FE53-454B-A7E5-6C74E89FA479}.Release|Any CPU.Build.0 = Release|Any CPU
		{EDC2D11B-FE53-454B-A7E5-6C74E89FA479}.Release|ARM.ActiveCfg = Release|Any CPU
		{EDC2D11B-FE53-454B-A7E5-6C74E89FA479}.Release|ARM.Build.0 = Release|Any CPU
		{EDC2D11B-FE53-454B-A7E5-6C74E89FA479}.Release|ARM64.ActiveCfg = Release|Any CPU
		{EDC2D11B-FE53-454B-A7E5-6C74E89FA479}.Release|ARM64.Build.0 = Release|Any CPU
		{EDC2D11B-FE53-454B-A7E5-6C74E89FA479}.Release|iPhone.ActiveCfg = Release|Any CPU
		{EDC2D11B-FE53-454B-A7E5-6C74E89FA479}.Release|iPhone.Build.0 = Release|Any CPU
		{EDC2D11B-FE53-454B-A7E5-6C74E89FA479}.Release|iPhoneSimulator.ActiveCfg = Release|Any CPU
		{EDC2D11B-FE53-454B-A7E5-6C74E89FA479}.Release|iPhoneSimulator.Build.0 = Release|Any CPU
		{EDC2D11B-FE53-454B-A7E5-6C74E89FA479}.Release|x64.ActiveCfg = Release|Any CPU
		{EDC2D11B-FE53-454B-A7E5-6C74E89FA479}.Release|x64.Build.0 = Release|Any CPU
		{EDC2D11B-FE53-454B-A7E5-6C74E89FA479}.Release|x86.ActiveCfg = Release|Any CPU
		{EDC2D11B-FE53-454B-A7E5-6C74E89FA479}.Release|x86.Build.0 = Release|Any CPU
		{468F41A8-B885-48C3-B369-49A704148311}.Ad-Hoc|Any CPU.ActiveCfg = Debug|Any CPU
		{468F41A8-B885-48C3-B369-49A704148311}.Ad-Hoc|Any CPU.Build.0 = Debug|Any CPU
		{468F41A8-B885-48C3-B369-49A704148311}.Ad-Hoc|ARM.ActiveCfg = Debug|Any CPU
		{468F41A8-B885-48C3-B369-49A704148311}.Ad-Hoc|ARM.Build.0 = Debug|Any CPU
		{468F41A8-B885-48C3-B369-49A704148311}.Ad-Hoc|ARM64.ActiveCfg = Debug|Any CPU
		{468F41A8-B885-48C3-B369-49A704148311}.Ad-Hoc|ARM64.Build.0 = Debug|Any CPU
		{468F41A8-B885-48C3-B369-49A704148311}.Ad-Hoc|iPhone.ActiveCfg = Debug|Any CPU
		{468F41A8-B885-48C3-B369-49A704148311}.Ad-Hoc|iPhone.Build.0 = Debug|Any CPU
		{468F41A8-B885-48C3-B369-49A704148311}.Ad-Hoc|iPhoneSimulator.ActiveCfg = Debug|Any CPU
		{468F41A8-B885-48C3-B369-49A704148311}.Ad-Hoc|iPhoneSimulator.Build.0 = Debug|Any CPU
		{468F41A8-B885-48C3-B369-49A704148311}.Ad-Hoc|x64.ActiveCfg = Debug|Any CPU
		{468F41A8-B885-48C3-B369-49A704148311}.Ad-Hoc|x64.Build.0 = Debug|Any CPU
		{468F41A8-B885-48C3-B369-49A704148311}.Ad-Hoc|x86.ActiveCfg = Debug|Any CPU
		{468F41A8-B885-48C3-B369-49A704148311}.Ad-Hoc|x86.Build.0 = Debug|Any CPU
		{468F41A8-B885-48C3-B369-49A704148311}.AppStore|Any CPU.ActiveCfg = Debug|Any CPU
		{468F41A8-B885-48C3-B369-49A704148311}.AppStore|Any CPU.Build.0 = Debug|Any CPU
		{468F41A8-B885-48C3-B369-49A704148311}.AppStore|ARM.ActiveCfg = Debug|Any CPU
		{468F41A8-B885-48C3-B369-49A704148311}.AppStore|ARM.Build.0 = Debug|Any CPU
		{468F41A8-B885-48C3-B369-49A704148311}.AppStore|ARM64.ActiveCfg = Debug|Any CPU
		{468F41A8-B885-48C3-B369-49A704148311}.AppStore|ARM64.Build.0 = Debug|Any CPU
		{468F41A8-B885-48C3-B369-49A704148311}.AppStore|iPhone.ActiveCfg = Debug|Any CPU
		{468F41A8-B885-48C3-B369-49A704148311}.AppStore|iPhone.Build.0 = Debug|Any CPU
		{468F41A8-B885-48C3-B369-49A704148311}.AppStore|iPhoneSimulator.ActiveCfg = Debug|Any CPU
		{468F41A8-B885-48C3-B369-49A704148311}.AppStore|iPhoneSimulator.Build.0 = Debug|Any CPU
		{468F41A8-B885-48C3-B369-49A704148311}.AppStore|x64.ActiveCfg = Debug|Any CPU
		{468F41A8-B885-48C3-B369-49A704148311}.AppStore|x64.Build.0 = Debug|Any CPU
		{468F41A8-B885-48C3-B369-49A704148311}.AppStore|x86.ActiveCfg = Debug|Any CPU
		{468F41A8-B885-48C3-B369-49A704148311}.AppStore|x86.Build.0 = Debug|Any CPU
		{468F41A8-B885-48C3-B369-49A704148311}.Debug|Any CPU.ActiveCfg = Debug|Any CPU
		{468F41A8-B885-48C3-B369-49A704148311}.Debug|Any CPU.Build.0 = Debug|Any CPU
		{468F41A8-B885-48C3-B369-49A704148311}.Debug|ARM.ActiveCfg = Debug|Any CPU
		{468F41A8-B885-48C3-B369-49A704148311}.Debug|ARM.Build.0 = Debug|Any CPU
		{468F41A8-B885-48C3-B369-49A704148311}.Debug|ARM64.ActiveCfg = Debug|Any CPU
		{468F41A8-B885-48C3-B369-49A704148311}.Debug|ARM64.Build.0 = Debug|Any CPU
		{468F41A8-B885-48C3-B369-49A704148311}.Debug|iPhone.ActiveCfg = Debug|Any CPU
		{468F41A8-B885-48C3-B369-49A704148311}.Debug|iPhone.Build.0 = Debug|Any CPU
		{468F41A8-B885-48C3-B369-49A704148311}.Debug|iPhoneSimulator.ActiveCfg = Debug|Any CPU
		{468F41A8-B885-48C3-B369-49A704148311}.Debug|iPhoneSimulator.Build.0 = Debug|Any CPU
		{468F41A8-B885-48C3-B369-49A704148311}.Debug|x64.ActiveCfg = Debug|Any CPU
		{468F41A8-B885-48C3-B369-49A704148311}.Debug|x64.Build.0 = Debug|Any CPU
		{468F41A8-B885-48C3-B369-49A704148311}.Debug|x86.ActiveCfg = Debug|Any CPU
		{468F41A8-B885-48C3-B369-49A704148311}.Debug|x86.Build.0 = Debug|Any CPU
		{468F41A8-B885-48C3-B369-49A704148311}.Release|Any CPU.ActiveCfg = Release|Any CPU
		{468F41A8-B885-48C3-B369-49A704148311}.Release|Any CPU.Build.0 = Release|Any CPU
		{468F41A8-B885-48C3-B369-49A704148311}.Release|ARM.ActiveCfg = Release|Any CPU
		{468F41A8-B885-48C3-B369-49A704148311}.Release|ARM.Build.0 = Release|Any CPU
		{468F41A8-B885-48C3-B369-49A704148311}.Release|ARM64.ActiveCfg = Release|Any CPU
		{468F41A8-B885-48C3-B369-49A704148311}.Release|ARM64.Build.0 = Release|Any CPU
		{468F41A8-B885-48C3-B369-49A704148311}.Release|iPhone.ActiveCfg = Release|Any CPU
		{468F41A8-B885-48C3-B369-49A704148311}.Release|iPhone.Build.0 = Release|Any CPU
		{468F41A8-B885-48C3-B369-49A704148311}.Release|iPhoneSimulator.ActiveCfg = Release|Any CPU
		{468F41A8-B885-48C3-B369-49A704148311}.Release|iPhoneSimulator.Build.0 = Release|Any CPU
		{468F41A8-B885-48C3-B369-49A704148311}.Release|x64.ActiveCfg = Release|Any CPU
		{468F41A8-B885-48C3-B369-49A704148311}.Release|x64.Build.0 = Release|Any CPU
		{468F41A8-B885-48C3-B369-49A704148311}.Release|x86.ActiveCfg = Release|Any CPU
		{468F41A8-B885-48C3-B369-49A704148311}.Release|x86.Build.0 = Release|Any CPU
		{2BBD2480-6ED1-4677-8773-B0C487B49158}.Ad-Hoc|Any CPU.ActiveCfg = Release|Any CPU
		{2BBD2480-6ED1-4677-8773-B0C487B49158}.Ad-Hoc|Any CPU.Build.0 = Release|Any CPU
		{2BBD2480-6ED1-4677-8773-B0C487B49158}.Ad-Hoc|Any CPU.Deploy.0 = Release|Any CPU
		{2BBD2480-6ED1-4677-8773-B0C487B49158}.Ad-Hoc|ARM.ActiveCfg = Release|Any CPU
		{2BBD2480-6ED1-4677-8773-B0C487B49158}.Ad-Hoc|ARM.Build.0 = Release|Any CPU
		{2BBD2480-6ED1-4677-8773-B0C487B49158}.Ad-Hoc|ARM.Deploy.0 = Release|Any CPU
		{2BBD2480-6ED1-4677-8773-B0C487B49158}.Ad-Hoc|ARM64.ActiveCfg = Release|Any CPU
		{2BBD2480-6ED1-4677-8773-B0C487B49158}.Ad-Hoc|ARM64.Build.0 = Release|Any CPU
		{2BBD2480-6ED1-4677-8773-B0C487B49158}.Ad-Hoc|ARM64.Deploy.0 = Release|Any CPU
		{2BBD2480-6ED1-4677-8773-B0C487B49158}.Ad-Hoc|iPhone.ActiveCfg = Release|Any CPU
		{2BBD2480-6ED1-4677-8773-B0C487B49158}.Ad-Hoc|iPhone.Build.0 = Release|Any CPU
		{2BBD2480-6ED1-4677-8773-B0C487B49158}.Ad-Hoc|iPhone.Deploy.0 = Release|Any CPU
		{2BBD2480-6ED1-4677-8773-B0C487B49158}.Ad-Hoc|iPhoneSimulator.ActiveCfg = Release|Any CPU
		{2BBD2480-6ED1-4677-8773-B0C487B49158}.Ad-Hoc|iPhoneSimulator.Build.0 = Release|Any CPU
		{2BBD2480-6ED1-4677-8773-B0C487B49158}.Ad-Hoc|iPhoneSimulator.Deploy.0 = Release|Any CPU
		{2BBD2480-6ED1-4677-8773-B0C487B49158}.Ad-Hoc|x64.ActiveCfg = Release|Any CPU
		{2BBD2480-6ED1-4677-8773-B0C487B49158}.Ad-Hoc|x64.Build.0 = Release|Any CPU
		{2BBD2480-6ED1-4677-8773-B0C487B49158}.Ad-Hoc|x64.Deploy.0 = Release|Any CPU
		{2BBD2480-6ED1-4677-8773-B0C487B49158}.Ad-Hoc|x86.ActiveCfg = Release|Any CPU
		{2BBD2480-6ED1-4677-8773-B0C487B49158}.Ad-Hoc|x86.Build.0 = Release|Any CPU
		{2BBD2480-6ED1-4677-8773-B0C487B49158}.Ad-Hoc|x86.Deploy.0 = Release|Any CPU
		{2BBD2480-6ED1-4677-8773-B0C487B49158}.AppStore|Any CPU.ActiveCfg = Release|Any CPU
		{2BBD2480-6ED1-4677-8773-B0C487B49158}.AppStore|Any CPU.Build.0 = Release|Any CPU
		{2BBD2480-6ED1-4677-8773-B0C487B49158}.AppStore|Any CPU.Deploy.0 = Release|Any CPU
		{2BBD2480-6ED1-4677-8773-B0C487B49158}.AppStore|ARM.ActiveCfg = Release|Any CPU
		{2BBD2480-6ED1-4677-8773-B0C487B49158}.AppStore|ARM.Build.0 = Release|Any CPU
		{2BBD2480-6ED1-4677-8773-B0C487B49158}.AppStore|ARM.Deploy.0 = Release|Any CPU
		{2BBD2480-6ED1-4677-8773-B0C487B49158}.AppStore|ARM64.ActiveCfg = Release|Any CPU
		{2BBD2480-6ED1-4677-8773-B0C487B49158}.AppStore|ARM64.Build.0 = Release|Any CPU
		{2BBD2480-6ED1-4677-8773-B0C487B49158}.AppStore|ARM64.Deploy.0 = Release|Any CPU
		{2BBD2480-6ED1-4677-8773-B0C487B49158}.AppStore|iPhone.ActiveCfg = Release|Any CPU
		{2BBD2480-6ED1-4677-8773-B0C487B49158}.AppStore|iPhone.Build.0 = Release|Any CPU
		{2BBD2480-6ED1-4677-8773-B0C487B49158}.AppStore|iPhone.Deploy.0 = Release|Any CPU
		{2BBD2480-6ED1-4677-8773-B0C487B49158}.AppStore|iPhoneSimulator.ActiveCfg = Release|Any CPU
		{2BBD2480-6ED1-4677-8773-B0C487B49158}.AppStore|iPhoneSimulator.Build.0 = Release|Any CPU
		{2BBD2480-6ED1-4677-8773-B0C487B49158}.AppStore|iPhoneSimulator.Deploy.0 = Release|Any CPU
		{2BBD2480-6ED1-4677-8773-B0C487B49158}.AppStore|x64.ActiveCfg = Release|Any CPU
		{2BBD2480-6ED1-4677-8773-B0C487B49158}.AppStore|x64.Build.0 = Release|Any CPU
		{2BBD2480-6ED1-4677-8773-B0C487B49158}.AppStore|x64.Deploy.0 = Release|Any CPU
		{2BBD2480-6ED1-4677-8773-B0C487B49158}.AppStore|x86.ActiveCfg = Release|Any CPU
		{2BBD2480-6ED1-4677-8773-B0C487B49158}.AppStore|x86.Build.0 = Release|Any CPU
		{2BBD2480-6ED1-4677-8773-B0C487B49158}.AppStore|x86.Deploy.0 = Release|Any CPU
		{2BBD2480-6ED1-4677-8773-B0C487B49158}.Debug|Any CPU.ActiveCfg = Debug|Any CPU
		{2BBD2480-6ED1-4677-8773-B0C487B49158}.Debug|Any CPU.Build.0 = Debug|Any CPU
		{2BBD2480-6ED1-4677-8773-B0C487B49158}.Debug|Any CPU.Deploy.0 = Debug|Any CPU
		{2BBD2480-6ED1-4677-8773-B0C487B49158}.Debug|ARM.ActiveCfg = Debug|Any CPU
		{2BBD2480-6ED1-4677-8773-B0C487B49158}.Debug|ARM.Build.0 = Debug|Any CPU
		{2BBD2480-6ED1-4677-8773-B0C487B49158}.Debug|ARM.Deploy.0 = Debug|Any CPU
		{2BBD2480-6ED1-4677-8773-B0C487B49158}.Debug|ARM64.ActiveCfg = Debug|Any CPU
		{2BBD2480-6ED1-4677-8773-B0C487B49158}.Debug|ARM64.Build.0 = Debug|Any CPU
		{2BBD2480-6ED1-4677-8773-B0C487B49158}.Debug|ARM64.Deploy.0 = Debug|Any CPU
		{2BBD2480-6ED1-4677-8773-B0C487B49158}.Debug|iPhone.ActiveCfg = Debug|Any CPU
		{2BBD2480-6ED1-4677-8773-B0C487B49158}.Debug|iPhone.Build.0 = Debug|Any CPU
		{2BBD2480-6ED1-4677-8773-B0C487B49158}.Debug|iPhone.Deploy.0 = Debug|Any CPU
		{2BBD2480-6ED1-4677-8773-B0C487B49158}.Debug|iPhoneSimulator.ActiveCfg = Debug|Any CPU
		{2BBD2480-6ED1-4677-8773-B0C487B49158}.Debug|iPhoneSimulator.Build.0 = Debug|Any CPU
		{2BBD2480-6ED1-4677-8773-B0C487B49158}.Debug|iPhoneSimulator.Deploy.0 = Debug|Any CPU
		{2BBD2480-6ED1-4677-8773-B0C487B49158}.Debug|x64.ActiveCfg = Debug|Any CPU
		{2BBD2480-6ED1-4677-8773-B0C487B49158}.Debug|x64.Build.0 = Debug|Any CPU
		{2BBD2480-6ED1-4677-8773-B0C487B49158}.Debug|x64.Deploy.0 = Debug|Any CPU
		{2BBD2480-6ED1-4677-8773-B0C487B49158}.Debug|x86.ActiveCfg = Debug|Any CPU
		{2BBD2480-6ED1-4677-8773-B0C487B49158}.Debug|x86.Build.0 = Debug|Any CPU
		{2BBD2480-6ED1-4677-8773-B0C487B49158}.Debug|x86.Deploy.0 = Debug|Any CPU
		{2BBD2480-6ED1-4677-8773-B0C487B49158}.Release|Any CPU.ActiveCfg = Release|Any CPU
		{2BBD2480-6ED1-4677-8773-B0C487B49158}.Release|Any CPU.Build.0 = Release|Any CPU
		{2BBD2480-6ED1-4677-8773-B0C487B49158}.Release|Any CPU.Deploy.0 = Release|Any CPU
		{2BBD2480-6ED1-4677-8773-B0C487B49158}.Release|ARM.ActiveCfg = Release|Any CPU
		{2BBD2480-6ED1-4677-8773-B0C487B49158}.Release|ARM.Build.0 = Release|Any CPU
		{2BBD2480-6ED1-4677-8773-B0C487B49158}.Release|ARM.Deploy.0 = Release|Any CPU
		{2BBD2480-6ED1-4677-8773-B0C487B49158}.Release|ARM64.ActiveCfg = Release|Any CPU
		{2BBD2480-6ED1-4677-8773-B0C487B49158}.Release|ARM64.Build.0 = Release|Any CPU
		{2BBD2480-6ED1-4677-8773-B0C487B49158}.Release|ARM64.Deploy.0 = Release|Any CPU
		{2BBD2480-6ED1-4677-8773-B0C487B49158}.Release|iPhone.ActiveCfg = Release|Any CPU
		{2BBD2480-6ED1-4677-8773-B0C487B49158}.Release|iPhone.Build.0 = Release|Any CPU
		{2BBD2480-6ED1-4677-8773-B0C487B49158}.Release|iPhone.Deploy.0 = Release|Any CPU
		{2BBD2480-6ED1-4677-8773-B0C487B49158}.Release|iPhoneSimulator.ActiveCfg = Release|Any CPU
		{2BBD2480-6ED1-4677-8773-B0C487B49158}.Release|iPhoneSimulator.Build.0 = Release|Any CPU
		{2BBD2480-6ED1-4677-8773-B0C487B49158}.Release|iPhoneSimulator.Deploy.0 = Release|Any CPU
		{2BBD2480-6ED1-4677-8773-B0C487B49158}.Release|x64.ActiveCfg = Release|Any CPU
		{2BBD2480-6ED1-4677-8773-B0C487B49158}.Release|x64.Build.0 = Release|Any CPU
		{2BBD2480-6ED1-4677-8773-B0C487B49158}.Release|x64.Deploy.0 = Release|Any CPU
		{2BBD2480-6ED1-4677-8773-B0C487B49158}.Release|x86.ActiveCfg = Release|Any CPU
		{2BBD2480-6ED1-4677-8773-B0C487B49158}.Release|x86.Build.0 = Release|Any CPU
		{2BBD2480-6ED1-4677-8773-B0C487B49158}.Release|x86.Deploy.0 = Release|Any CPU
		{233A940C-423A-4017-A908-DDF35507C4B5}.Ad-Hoc|Any CPU.ActiveCfg = Ad-Hoc|iPhone
		{233A940C-423A-4017-A908-DDF35507C4B5}.Ad-Hoc|ARM.ActiveCfg = Ad-Hoc|iPhone
		{233A940C-423A-4017-A908-DDF35507C4B5}.Ad-Hoc|ARM64.ActiveCfg = Ad-Hoc|iPhone
		{233A940C-423A-4017-A908-DDF35507C4B5}.Ad-Hoc|iPhone.ActiveCfg = Ad-Hoc|iPhone
		{233A940C-423A-4017-A908-DDF35507C4B5}.Ad-Hoc|iPhone.Build.0 = Ad-Hoc|iPhone
		{233A940C-423A-4017-A908-DDF35507C4B5}.Ad-Hoc|iPhoneSimulator.ActiveCfg = Ad-Hoc|iPhoneSimulator
		{233A940C-423A-4017-A908-DDF35507C4B5}.Ad-Hoc|iPhoneSimulator.Build.0 = Ad-Hoc|iPhoneSimulator
		{233A940C-423A-4017-A908-DDF35507C4B5}.Ad-Hoc|x64.ActiveCfg = Ad-Hoc|iPhone
		{233A940C-423A-4017-A908-DDF35507C4B5}.Ad-Hoc|x86.ActiveCfg = Ad-Hoc|iPhone
		{233A940C-423A-4017-A908-DDF35507C4B5}.AppStore|Any CPU.ActiveCfg = AppStore|iPhone
		{233A940C-423A-4017-A908-DDF35507C4B5}.AppStore|ARM.ActiveCfg = AppStore|iPhone
		{233A940C-423A-4017-A908-DDF35507C4B5}.AppStore|ARM64.ActiveCfg = AppStore|iPhone
		{233A940C-423A-4017-A908-DDF35507C4B5}.AppStore|iPhone.ActiveCfg = AppStore|iPhone
		{233A940C-423A-4017-A908-DDF35507C4B5}.AppStore|iPhone.Build.0 = AppStore|iPhone
		{233A940C-423A-4017-A908-DDF35507C4B5}.AppStore|iPhoneSimulator.ActiveCfg = AppStore|iPhoneSimulator
		{233A940C-423A-4017-A908-DDF35507C4B5}.AppStore|iPhoneSimulator.Build.0 = AppStore|iPhoneSimulator
		{233A940C-423A-4017-A908-DDF35507C4B5}.AppStore|x64.ActiveCfg = AppStore|iPhone
		{233A940C-423A-4017-A908-DDF35507C4B5}.AppStore|x86.ActiveCfg = AppStore|iPhone
		{233A940C-423A-4017-A908-DDF35507C4B5}.Debug|Any CPU.ActiveCfg = Debug|iPhone
		{233A940C-423A-4017-A908-DDF35507C4B5}.Debug|ARM.ActiveCfg = Debug|iPhone
		{233A940C-423A-4017-A908-DDF35507C4B5}.Debug|ARM64.ActiveCfg = Debug|iPhone
		{233A940C-423A-4017-A908-DDF35507C4B5}.Debug|iPhone.ActiveCfg = Debug|iPhone
		{233A940C-423A-4017-A908-DDF35507C4B5}.Debug|iPhone.Build.0 = Debug|iPhone
		{233A940C-423A-4017-A908-DDF35507C4B5}.Debug|iPhoneSimulator.ActiveCfg = Debug|iPhoneSimulator
		{233A940C-423A-4017-A908-DDF35507C4B5}.Debug|iPhoneSimulator.Build.0 = Debug|iPhoneSimulator
		{233A940C-423A-4017-A908-DDF35507C4B5}.Debug|x64.ActiveCfg = Debug|iPhone
		{233A940C-423A-4017-A908-DDF35507C4B5}.Debug|x86.ActiveCfg = Debug|iPhone
		{233A940C-423A-4017-A908-DDF35507C4B5}.Release|Any CPU.ActiveCfg = Release|iPhone
		{233A940C-423A-4017-A908-DDF35507C4B5}.Release|ARM.ActiveCfg = Release|iPhone
		{233A940C-423A-4017-A908-DDF35507C4B5}.Release|ARM64.ActiveCfg = Release|iPhone
		{233A940C-423A-4017-A908-DDF35507C4B5}.Release|iPhone.ActiveCfg = Release|iPhone
		{233A940C-423A-4017-A908-DDF35507C4B5}.Release|iPhone.Build.0 = Release|iPhone
		{233A940C-423A-4017-A908-DDF35507C4B5}.Release|iPhoneSimulator.ActiveCfg = Release|iPhoneSimulator
		{233A940C-423A-4017-A908-DDF35507C4B5}.Release|iPhoneSimulator.Build.0 = Release|iPhoneSimulator
		{233A940C-423A-4017-A908-DDF35507C4B5}.Release|x64.ActiveCfg = Release|iPhone
		{233A940C-423A-4017-A908-DDF35507C4B5}.Release|x86.ActiveCfg = Release|iPhone
		{68029A3B-BA1E-49E6-AAD8-D11BD33F439A}.Ad-Hoc|Any CPU.ActiveCfg = Release|x64
		{68029A3B-BA1E-49E6-AAD8-D11BD33F439A}.Ad-Hoc|Any CPU.Build.0 = Release|x64
		{68029A3B-BA1E-49E6-AAD8-D11BD33F439A}.Ad-Hoc|Any CPU.Deploy.0 = Release|x64
		{68029A3B-BA1E-49E6-AAD8-D11BD33F439A}.Ad-Hoc|ARM.ActiveCfg = Release|ARM
		{68029A3B-BA1E-49E6-AAD8-D11BD33F439A}.Ad-Hoc|ARM.Build.0 = Release|ARM
		{68029A3B-BA1E-49E6-AAD8-D11BD33F439A}.Ad-Hoc|ARM.Deploy.0 = Release|ARM
		{68029A3B-BA1E-49E6-AAD8-D11BD33F439A}.Ad-Hoc|ARM64.ActiveCfg = Release|ARM64
		{68029A3B-BA1E-49E6-AAD8-D11BD33F439A}.Ad-Hoc|ARM64.Build.0 = Release|ARM64
		{68029A3B-BA1E-49E6-AAD8-D11BD33F439A}.Ad-Hoc|ARM64.Deploy.0 = Release|ARM64
		{68029A3B-BA1E-49E6-AAD8-D11BD33F439A}.Ad-Hoc|iPhone.ActiveCfg = Release|x64
		{68029A3B-BA1E-49E6-AAD8-D11BD33F439A}.Ad-Hoc|iPhone.Build.0 = Release|x64
		{68029A3B-BA1E-49E6-AAD8-D11BD33F439A}.Ad-Hoc|iPhone.Deploy.0 = Release|x64
		{68029A3B-BA1E-49E6-AAD8-D11BD33F439A}.Ad-Hoc|iPhoneSimulator.ActiveCfg = Release|x64
		{68029A3B-BA1E-49E6-AAD8-D11BD33F439A}.Ad-Hoc|iPhoneSimulator.Build.0 = Release|x64
		{68029A3B-BA1E-49E6-AAD8-D11BD33F439A}.Ad-Hoc|iPhoneSimulator.Deploy.0 = Release|x64
		{68029A3B-BA1E-49E6-AAD8-D11BD33F439A}.Ad-Hoc|x64.ActiveCfg = Release|x64
		{68029A3B-BA1E-49E6-AAD8-D11BD33F439A}.Ad-Hoc|x64.Build.0 = Release|x64
		{68029A3B-BA1E-49E6-AAD8-D11BD33F439A}.Ad-Hoc|x64.Deploy.0 = Release|x64
		{68029A3B-BA1E-49E6-AAD8-D11BD33F439A}.Ad-Hoc|x86.ActiveCfg = Release|x86
		{68029A3B-BA1E-49E6-AAD8-D11BD33F439A}.Ad-Hoc|x86.Build.0 = Release|x86
		{68029A3B-BA1E-49E6-AAD8-D11BD33F439A}.Ad-Hoc|x86.Deploy.0 = Release|x86
		{68029A3B-BA1E-49E6-AAD8-D11BD33F439A}.AppStore|Any CPU.ActiveCfg = Release|x64
		{68029A3B-BA1E-49E6-AAD8-D11BD33F439A}.AppStore|Any CPU.Build.0 = Release|x64
		{68029A3B-BA1E-49E6-AAD8-D11BD33F439A}.AppStore|Any CPU.Deploy.0 = Release|x64
		{68029A3B-BA1E-49E6-AAD8-D11BD33F439A}.AppStore|ARM.ActiveCfg = Release|ARM
		{68029A3B-BA1E-49E6-AAD8-D11BD33F439A}.AppStore|ARM.Build.0 = Release|ARM
		{68029A3B-BA1E-49E6-AAD8-D11BD33F439A}.AppStore|ARM.Deploy.0 = Release|ARM
		{68029A3B-BA1E-49E6-AAD8-D11BD33F439A}.AppStore|ARM64.ActiveCfg = Release|ARM64
		{68029A3B-BA1E-49E6-AAD8-D11BD33F439A}.AppStore|ARM64.Build.0 = Release|ARM64
		{68029A3B-BA1E-49E6-AAD8-D11BD33F439A}.AppStore|ARM64.Deploy.0 = Release|ARM64
		{68029A3B-BA1E-49E6-AAD8-D11BD33F439A}.AppStore|iPhone.ActiveCfg = Release|x64
		{68029A3B-BA1E-49E6-AAD8-D11BD33F439A}.AppStore|iPhone.Build.0 = Release|x64
		{68029A3B-BA1E-49E6-AAD8-D11BD33F439A}.AppStore|iPhone.Deploy.0 = Release|x64
		{68029A3B-BA1E-49E6-AAD8-D11BD33F439A}.AppStore|iPhoneSimulator.ActiveCfg = Release|x64
		{68029A3B-BA1E-49E6-AAD8-D11BD33F439A}.AppStore|iPhoneSimulator.Build.0 = Release|x64
		{68029A3B-BA1E-49E6-AAD8-D11BD33F439A}.AppStore|iPhoneSimulator.Deploy.0 = Release|x64
		{68029A3B-BA1E-49E6-AAD8-D11BD33F439A}.AppStore|x64.ActiveCfg = Release|x64
		{68029A3B-BA1E-49E6-AAD8-D11BD33F439A}.AppStore|x64.Build.0 = Release|x64
		{68029A3B-BA1E-49E6-AAD8-D11BD33F439A}.AppStore|x64.Deploy.0 = Release|x64
		{68029A3B-BA1E-49E6-AAD8-D11BD33F439A}.AppStore|x86.ActiveCfg = Release|x86
		{68029A3B-BA1E-49E6-AAD8-D11BD33F439A}.AppStore|x86.Build.0 = Release|x86
		{68029A3B-BA1E-49E6-AAD8-D11BD33F439A}.AppStore|x86.Deploy.0 = Release|x86
		{68029A3B-BA1E-49E6-AAD8-D11BD33F439A}.Debug|Any CPU.ActiveCfg = Debug|x86
		{68029A3B-BA1E-49E6-AAD8-D11BD33F439A}.Debug|ARM.ActiveCfg = Debug|ARM
		{68029A3B-BA1E-49E6-AAD8-D11BD33F439A}.Debug|ARM.Build.0 = Debug|ARM
		{68029A3B-BA1E-49E6-AAD8-D11BD33F439A}.Debug|ARM.Deploy.0 = Debug|ARM
		{68029A3B-BA1E-49E6-AAD8-D11BD33F439A}.Debug|ARM64.ActiveCfg = Debug|ARM64
		{68029A3B-BA1E-49E6-AAD8-D11BD33F439A}.Debug|ARM64.Build.0 = Debug|ARM64
		{68029A3B-BA1E-49E6-AAD8-D11BD33F439A}.Debug|ARM64.Deploy.0 = Debug|ARM64
		{68029A3B-BA1E-49E6-AAD8-D11BD33F439A}.Debug|iPhone.ActiveCfg = Debug|x86
		{68029A3B-BA1E-49E6-AAD8-D11BD33F439A}.Debug|iPhoneSimulator.ActiveCfg = Debug|x86
		{68029A3B-BA1E-49E6-AAD8-D11BD33F439A}.Debug|x64.ActiveCfg = Debug|x64
		{68029A3B-BA1E-49E6-AAD8-D11BD33F439A}.Debug|x64.Build.0 = Debug|x64
		{68029A3B-BA1E-49E6-AAD8-D11BD33F439A}.Debug|x64.Deploy.0 = Debug|x64
		{68029A3B-BA1E-49E6-AAD8-D11BD33F439A}.Debug|x86.ActiveCfg = Debug|x86
		{68029A3B-BA1E-49E6-AAD8-D11BD33F439A}.Debug|x86.Build.0 = Debug|x86
		{68029A3B-BA1E-49E6-AAD8-D11BD33F439A}.Debug|x86.Deploy.0 = Debug|x86
		{68029A3B-BA1E-49E6-AAD8-D11BD33F439A}.Release|Any CPU.ActiveCfg = Release|x86
		{68029A3B-BA1E-49E6-AAD8-D11BD33F439A}.Release|ARM.ActiveCfg = Release|ARM
		{68029A3B-BA1E-49E6-AAD8-D11BD33F439A}.Release|ARM.Build.0 = Release|ARM
		{68029A3B-BA1E-49E6-AAD8-D11BD33F439A}.Release|ARM.Deploy.0 = Release|ARM
		{68029A3B-BA1E-49E6-AAD8-D11BD33F439A}.Release|ARM64.ActiveCfg = Release|ARM64
		{68029A3B-BA1E-49E6-AAD8-D11BD33F439A}.Release|ARM64.Build.0 = Release|ARM64
		{68029A3B-BA1E-49E6-AAD8-D11BD33F439A}.Release|ARM64.Deploy.0 = Release|ARM64
		{68029A3B-BA1E-49E6-AAD8-D11BD33F439A}.Release|iPhone.ActiveCfg = Release|x86
		{68029A3B-BA1E-49E6-AAD8-D11BD33F439A}.Release|iPhoneSimulator.ActiveCfg = Release|x86
		{68029A3B-BA1E-49E6-AAD8-D11BD33F439A}.Release|x64.ActiveCfg = Release|x64
		{68029A3B-BA1E-49E6-AAD8-D11BD33F439A}.Release|x64.Build.0 = Release|x64
		{68029A3B-BA1E-49E6-AAD8-D11BD33F439A}.Release|x64.Deploy.0 = Release|x64
		{68029A3B-BA1E-49E6-AAD8-D11BD33F439A}.Release|x86.ActiveCfg = Release|x86
		{68029A3B-BA1E-49E6-AAD8-D11BD33F439A}.Release|x86.Build.0 = Release|x86
		{68029A3B-BA1E-49E6-AAD8-D11BD33F439A}.Release|x86.Deploy.0 = Release|x86
		{3DF9D580-E205-4D1B-B48B-0C1B03E54AE6}.Ad-Hoc|Any CPU.ActiveCfg = Debug|Any CPU
		{3DF9D580-E205-4D1B-B48B-0C1B03E54AE6}.Ad-Hoc|Any CPU.Build.0 = Debug|Any CPU
		{3DF9D580-E205-4D1B-B48B-0C1B03E54AE6}.Ad-Hoc|ARM.ActiveCfg = Debug|Any CPU
		{3DF9D580-E205-4D1B-B48B-0C1B03E54AE6}.Ad-Hoc|ARM.Build.0 = Debug|Any CPU
		{3DF9D580-E205-4D1B-B48B-0C1B03E54AE6}.Ad-Hoc|ARM64.ActiveCfg = Debug|Any CPU
		{3DF9D580-E205-4D1B-B48B-0C1B03E54AE6}.Ad-Hoc|ARM64.Build.0 = Debug|Any CPU
		{3DF9D580-E205-4D1B-B48B-0C1B03E54AE6}.Ad-Hoc|iPhone.ActiveCfg = Debug|Any CPU
		{3DF9D580-E205-4D1B-B48B-0C1B03E54AE6}.Ad-Hoc|iPhone.Build.0 = Debug|Any CPU
		{3DF9D580-E205-4D1B-B48B-0C1B03E54AE6}.Ad-Hoc|iPhoneSimulator.ActiveCfg = Debug|Any CPU
		{3DF9D580-E205-4D1B-B48B-0C1B03E54AE6}.Ad-Hoc|iPhoneSimulator.Build.0 = Debug|Any CPU
		{3DF9D580-E205-4D1B-B48B-0C1B03E54AE6}.Ad-Hoc|x64.ActiveCfg = Debug|Any CPU
		{3DF9D580-E205-4D1B-B48B-0C1B03E54AE6}.Ad-Hoc|x64.Build.0 = Debug|Any CPU
		{3DF9D580-E205-4D1B-B48B-0C1B03E54AE6}.Ad-Hoc|x86.ActiveCfg = Debug|Any CPU
		{3DF9D580-E205-4D1B-B48B-0C1B03E54AE6}.Ad-Hoc|x86.Build.0 = Debug|Any CPU
		{3DF9D580-E205-4D1B-B48B-0C1B03E54AE6}.AppStore|Any CPU.ActiveCfg = Debug|Any CPU
		{3DF9D580-E205-4D1B-B48B-0C1B03E54AE6}.AppStore|Any CPU.Build.0 = Debug|Any CPU
		{3DF9D580-E205-4D1B-B48B-0C1B03E54AE6}.AppStore|ARM.ActiveCfg = Debug|Any CPU
		{3DF9D580-E205-4D1B-B48B-0C1B03E54AE6}.AppStore|ARM.Build.0 = Debug|Any CPU
		{3DF9D580-E205-4D1B-B48B-0C1B03E54AE6}.AppStore|ARM64.ActiveCfg = Debug|Any CPU
		{3DF9D580-E205-4D1B-B48B-0C1B03E54AE6}.AppStore|ARM64.Build.0 = Debug|Any CPU
		{3DF9D580-E205-4D1B-B48B-0C1B03E54AE6}.AppStore|iPhone.ActiveCfg = Debug|Any CPU
		{3DF9D580-E205-4D1B-B48B-0C1B03E54AE6}.AppStore|iPhone.Build.0 = Debug|Any CPU
		{3DF9D580-E205-4D1B-B48B-0C1B03E54AE6}.AppStore|iPhoneSimulator.ActiveCfg = Debug|Any CPU
		{3DF9D580-E205-4D1B-B48B-0C1B03E54AE6}.AppStore|iPhoneSimulator.Build.0 = Debug|Any CPU
		{3DF9D580-E205-4D1B-B48B-0C1B03E54AE6}.AppStore|x64.ActiveCfg = Debug|Any CPU
		{3DF9D580-E205-4D1B-B48B-0C1B03E54AE6}.AppStore|x64.Build.0 = Debug|Any CPU
		{3DF9D580-E205-4D1B-B48B-0C1B03E54AE6}.AppStore|x86.ActiveCfg = Debug|Any CPU
		{3DF9D580-E205-4D1B-B48B-0C1B03E54AE6}.AppStore|x86.Build.0 = Debug|Any CPU
		{3DF9D580-E205-4D1B-B48B-0C1B03E54AE6}.Debug|Any CPU.ActiveCfg = Debug|Any CPU
		{3DF9D580-E205-4D1B-B48B-0C1B03E54AE6}.Debug|Any CPU.Build.0 = Debug|Any CPU
		{3DF9D580-E205-4D1B-B48B-0C1B03E54AE6}.Debug|ARM.ActiveCfg = Debug|Any CPU
		{3DF9D580-E205-4D1B-B48B-0C1B03E54AE6}.Debug|ARM.Build.0 = Debug|Any CPU
		{3DF9D580-E205-4D1B-B48B-0C1B03E54AE6}.Debug|ARM64.ActiveCfg = Debug|Any CPU
		{3DF9D580-E205-4D1B-B48B-0C1B03E54AE6}.Debug|ARM64.Build.0 = Debug|Any CPU
		{3DF9D580-E205-4D1B-B48B-0C1B03E54AE6}.Debug|iPhone.ActiveCfg = Debug|Any CPU
		{3DF9D580-E205-4D1B-B48B-0C1B03E54AE6}.Debug|iPhone.Build.0 = Debug|Any CPU
		{3DF9D580-E205-4D1B-B48B-0C1B03E54AE6}.Debug|iPhoneSimulator.ActiveCfg = Debug|Any CPU
		{3DF9D580-E205-4D1B-B48B-0C1B03E54AE6}.Debug|iPhoneSimulator.Build.0 = Debug|Any CPU
		{3DF9D580-E205-4D1B-B48B-0C1B03E54AE6}.Debug|x64.ActiveCfg = Debug|Any CPU
		{3DF9D580-E205-4D1B-B48B-0C1B03E54AE6}.Debug|x64.Build.0 = Debug|Any CPU
		{3DF9D580-E205-4D1B-B48B-0C1B03E54AE6}.Debug|x86.ActiveCfg = Debug|Any CPU
		{3DF9D580-E205-4D1B-B48B-0C1B03E54AE6}.Debug|x86.Build.0 = Debug|Any CPU
		{3DF9D580-E205-4D1B-B48B-0C1B03E54AE6}.Release|Any CPU.ActiveCfg = Release|Any CPU
		{3DF9D580-E205-4D1B-B48B-0C1B03E54AE6}.Release|Any CPU.Build.0 = Release|Any CPU
		{3DF9D580-E205-4D1B-B48B-0C1B03E54AE6}.Release|ARM.ActiveCfg = Release|Any CPU
		{3DF9D580-E205-4D1B-B48B-0C1B03E54AE6}.Release|ARM.Build.0 = Release|Any CPU
		{3DF9D580-E205-4D1B-B48B-0C1B03E54AE6}.Release|ARM64.ActiveCfg = Release|Any CPU
		{3DF9D580-E205-4D1B-B48B-0C1B03E54AE6}.Release|ARM64.Build.0 = Release|Any CPU
		{3DF9D580-E205-4D1B-B48B-0C1B03E54AE6}.Release|iPhone.ActiveCfg = Release|Any CPU
		{3DF9D580-E205-4D1B-B48B-0C1B03E54AE6}.Release|iPhone.Build.0 = Release|Any CPU
		{3DF9D580-E205-4D1B-B48B-0C1B03E54AE6}.Release|iPhoneSimulator.ActiveCfg = Release|Any CPU
		{3DF9D580-E205-4D1B-B48B-0C1B03E54AE6}.Release|iPhoneSimulator.Build.0 = Release|Any CPU
		{3DF9D580-E205-4D1B-B48B-0C1B03E54AE6}.Release|x64.ActiveCfg = Release|Any CPU
		{3DF9D580-E205-4D1B-B48B-0C1B03E54AE6}.Release|x64.Build.0 = Release|Any CPU
		{3DF9D580-E205-4D1B-B48B-0C1B03E54AE6}.Release|x86.ActiveCfg = Release|Any CPU
		{3DF9D580-E205-4D1B-B48B-0C1B03E54AE6}.Release|x86.Build.0 = Release|Any CPU
		{251FDEAC-D343-4D7A-AF54-CA3BADA151CF}.Ad-Hoc|Any CPU.ActiveCfg = Release|iPhoneSimulator
		{251FDEAC-D343-4D7A-AF54-CA3BADA151CF}.Ad-Hoc|Any CPU.Build.0 = Release|iPhoneSimulator
		{251FDEAC-D343-4D7A-AF54-CA3BADA151CF}.Ad-Hoc|ARM.ActiveCfg = Release|iPhoneSimulator
		{251FDEAC-D343-4D7A-AF54-CA3BADA151CF}.Ad-Hoc|ARM.Build.0 = Release|iPhoneSimulator
		{251FDEAC-D343-4D7A-AF54-CA3BADA151CF}.Ad-Hoc|ARM64.ActiveCfg = Release|iPhoneSimulator
		{251FDEAC-D343-4D7A-AF54-CA3BADA151CF}.Ad-Hoc|ARM64.Build.0 = Release|iPhoneSimulator
		{251FDEAC-D343-4D7A-AF54-CA3BADA151CF}.Ad-Hoc|iPhone.ActiveCfg = Release|iPhoneSimulator
		{251FDEAC-D343-4D7A-AF54-CA3BADA151CF}.Ad-Hoc|iPhone.Build.0 = Release|iPhoneSimulator
		{251FDEAC-D343-4D7A-AF54-CA3BADA151CF}.Ad-Hoc|iPhoneSimulator.ActiveCfg = Release|iPhoneSimulator
		{251FDEAC-D343-4D7A-AF54-CA3BADA151CF}.Ad-Hoc|iPhoneSimulator.Build.0 = Release|iPhoneSimulator
		{251FDEAC-D343-4D7A-AF54-CA3BADA151CF}.Ad-Hoc|x64.ActiveCfg = Release|iPhoneSimulator
		{251FDEAC-D343-4D7A-AF54-CA3BADA151CF}.Ad-Hoc|x64.Build.0 = Release|iPhoneSimulator
		{251FDEAC-D343-4D7A-AF54-CA3BADA151CF}.Ad-Hoc|x86.ActiveCfg = Release|iPhoneSimulator
		{251FDEAC-D343-4D7A-AF54-CA3BADA151CF}.Ad-Hoc|x86.Build.0 = Release|iPhoneSimulator
		{251FDEAC-D343-4D7A-AF54-CA3BADA151CF}.AppStore|Any CPU.ActiveCfg = Release|iPhoneSimulator
		{251FDEAC-D343-4D7A-AF54-CA3BADA151CF}.AppStore|Any CPU.Build.0 = Release|iPhoneSimulator
		{251FDEAC-D343-4D7A-AF54-CA3BADA151CF}.AppStore|ARM.ActiveCfg = Release|iPhoneSimulator
		{251FDEAC-D343-4D7A-AF54-CA3BADA151CF}.AppStore|ARM.Build.0 = Release|iPhoneSimulator
		{251FDEAC-D343-4D7A-AF54-CA3BADA151CF}.AppStore|ARM64.ActiveCfg = Release|iPhoneSimulator
		{251FDEAC-D343-4D7A-AF54-CA3BADA151CF}.AppStore|ARM64.Build.0 = Release|iPhoneSimulator
		{251FDEAC-D343-4D7A-AF54-CA3BADA151CF}.AppStore|iPhone.ActiveCfg = Release|iPhoneSimulator
		{251FDEAC-D343-4D7A-AF54-CA3BADA151CF}.AppStore|iPhone.Build.0 = Release|iPhoneSimulator
		{251FDEAC-D343-4D7A-AF54-CA3BADA151CF}.AppStore|iPhoneSimulator.ActiveCfg = Release|iPhoneSimulator
		{251FDEAC-D343-4D7A-AF54-CA3BADA151CF}.AppStore|iPhoneSimulator.Build.0 = Release|iPhoneSimulator
		{251FDEAC-D343-4D7A-AF54-CA3BADA151CF}.AppStore|x64.ActiveCfg = Release|iPhoneSimulator
		{251FDEAC-D343-4D7A-AF54-CA3BADA151CF}.AppStore|x64.Build.0 = Release|iPhoneSimulator
		{251FDEAC-D343-4D7A-AF54-CA3BADA151CF}.AppStore|x86.ActiveCfg = Release|iPhoneSimulator
		{251FDEAC-D343-4D7A-AF54-CA3BADA151CF}.AppStore|x86.Build.0 = Release|iPhoneSimulator
		{251FDEAC-D343-4D7A-AF54-CA3BADA151CF}.Debug|Any CPU.ActiveCfg = Debug|iPhoneSimulator
		{251FDEAC-D343-4D7A-AF54-CA3BADA151CF}.Debug|ARM.ActiveCfg = Debug|iPhoneSimulator
		{251FDEAC-D343-4D7A-AF54-CA3BADA151CF}.Debug|ARM64.ActiveCfg = Debug|iPhoneSimulator
		{251FDEAC-D343-4D7A-AF54-CA3BADA151CF}.Debug|iPhone.ActiveCfg = Debug|iPhoneSimulator
		{251FDEAC-D343-4D7A-AF54-CA3BADA151CF}.Debug|iPhoneSimulator.ActiveCfg = Debug|iPhoneSimulator
		{251FDEAC-D343-4D7A-AF54-CA3BADA151CF}.Debug|iPhoneSimulator.Build.0 = Debug|iPhoneSimulator
		{251FDEAC-D343-4D7A-AF54-CA3BADA151CF}.Debug|x64.ActiveCfg = Debug|iPhoneSimulator
		{251FDEAC-D343-4D7A-AF54-CA3BADA151CF}.Debug|x86.ActiveCfg = Debug|iPhoneSimulator
		{251FDEAC-D343-4D7A-AF54-CA3BADA151CF}.Release|Any CPU.ActiveCfg = Release|iPhoneSimulator
		{251FDEAC-D343-4D7A-AF54-CA3BADA151CF}.Release|ARM.ActiveCfg = Release|iPhoneSimulator
		{251FDEAC-D343-4D7A-AF54-CA3BADA151CF}.Release|ARM64.ActiveCfg = Release|iPhoneSimulator
		{251FDEAC-D343-4D7A-AF54-CA3BADA151CF}.Release|iPhone.ActiveCfg = Release|iPhoneSimulator
		{251FDEAC-D343-4D7A-AF54-CA3BADA151CF}.Release|iPhoneSimulator.ActiveCfg = Release|iPhoneSimulator
		{251FDEAC-D343-4D7A-AF54-CA3BADA151CF}.Release|iPhoneSimulator.Build.0 = Release|iPhoneSimulator
		{251FDEAC-D343-4D7A-AF54-CA3BADA151CF}.Release|x64.ActiveCfg = Release|iPhoneSimulator
		{251FDEAC-D343-4D7A-AF54-CA3BADA151CF}.Release|x86.ActiveCfg = Release|iPhoneSimulator
	EndGlobalSection
	GlobalSection(SolutionProperties) = preSolution
		HideSolutionNode = FALSE
	EndGlobalSection
	GlobalSection(NestedProjects) = preSolution
		{6279C845-92F8-4333-AB99-3D213163593C} = {BAD0F92A-412A-49FB-99C8-32A9C5DD1CF7}
		{2BBD2480-6ED1-4677-8773-B0C487B49158} = {BAD0F92A-412A-49FB-99C8-32A9C5DD1CF7}
		{233A940C-423A-4017-A908-DDF35507C4B5} = {BAD0F92A-412A-49FB-99C8-32A9C5DD1CF7}
		{68029A3B-BA1E-49E6-AAD8-D11BD33F439A} = {BAD0F92A-412A-49FB-99C8-32A9C5DD1CF7}
		{3DF9D580-E205-4D1B-B48B-0C1B03E54AE6} = {BAD0F92A-412A-49FB-99C8-32A9C5DD1CF7}
		{251FDEAC-D343-4D7A-AF54-CA3BADA151CF} = {BAD0F92A-412A-49FB-99C8-32A9C5DD1CF7}
	EndGlobalSection
	GlobalSection(ExtensibilityGlobals) = postSolution
		SolutionGuid = {AED38DAD-C662-4F06-A6A7-08DB70FBFC85}
	EndGlobalSection
EndGlobal
